PODS:
  - Caprice (0.0.5)
  - Difference (0.4)
  - Differentiator (4.0.1)
  - RxBlocking (5.1.1):
    - RxSwift (~> 5)
  - RxCocoa (5.1.1):
    - RxRelay (~> 5)
    - RxSwift (~> 5)
  - RxComposableArchitecture (2.1.1):
    - RxCocoa (~> 5)
    - RxSwift (~> 5)
    - SwiftSpinner (~> 2.1.0)
  - RxComposableArchitectureTests (2.1.1):
    - Difference (= 0.4)
    - RxCocoa (~> 5)
    - RxComposableArchitecture (= 2.1.1)
    - RxSwift (~> 5)
  - RxDataSources (4.0.1):
    - Differentiator (~> 4.0)
    - RxCocoa (~> 5.0)
    - RxSwift (~> 5.0)
  - RxRelay (5.1.1):
    - RxSwift (~> 5)
  - RxSwift (5.1.1)
  - RxTest (5.1.1):
    - RxSwift (~> 5)
  - SceneBuilder (1.0.0)
  - SnapshotTesting (1.7.2)
  - SwiftSpinner (2.1.0)

DEPENDENCIES:
  - Caprice (= 0.0.5)
  - Difference
  - RxBlocking
  - RxCocoa
  - RxComposableArchitecture (= 2.1.1)
  - RxComposableArchitectureTests (= 2.1.1)
  - RxDataSources (= 4.0.1)
  - RxSwift
  - RxTest
  - SceneBuilder (= 1.0.0)
  - SnapshotTesting (~> 1.7.2)

SPEC REPOS:
  https://github.com/jrBordet/Sources.git:
    - Caprice
    - RxComposableArchitecture
    - RxComposableArchitectureTests
    - SceneBuilder
  trunk:
    - Difference
    - Differentiator
    - RxBlocking
    - RxCocoa
    - RxDataSources
    - RxRelay
    - RxSwift
    - RxTest
    - SnapshotTesting
    - SwiftSpinner

SPEC CHECKSUMS:
  Caprice: 6fc9fc49fcd8a510497a86b005a5aac9415f1df0
  Difference: d647f091010f05267885fdf758b885c6cfbf116e
  Differentiator: 886080237d9f87f322641dedbc5be257061b0602
  RxBlocking: 5f700a78cad61ce253ebd37c9a39b5ccc76477b4
  RxCocoa: 32065309a38d29b5b0db858819b5bf9ef038b601
  RxComposableArchitecture: b00f13f111520ab956adbd2339d2369da165e148
  RxComposableArchitectureTests: 2161dc1f1e940feafcba2e954058aaaf6e161210
  RxDataSources: efee07fa4de48477eca0a4611e6d11e2da9c1114
  RxRelay: d77f7d771495f43c556cbc43eebd1bb54d01e8e9
  RxSwift: 81470a2074fa8780320ea5fe4102807cb7118178
  RxTest: 711632d5644dffbeb62c936a521b5b008a1e1faa
  SceneBuilder: e8beec60660be16524eb651df022f310e7a200aa
  SnapshotTesting: 8caa6661fea7c8019d5b46de77c16bab99c36c5c
  SwiftSpinner: 0f15c006307f8d8bbac075638927ec1361b565d7

PODFILE CHECKSUM: 6ff7150dd2479860a5dc279828f2ffc7c12cea65

COCOAPODS: 1.9.3
