// !$*UTF8*$!
{
	archiveVersion = 1;
	classes = {
	};
	objectVersion = 51;
	objects = {

/* Begin PBXBuildFile section */
		01DA6C1C4BE8DA66370C7C35 /* FileClient.framework in Embed Frameworks */ = {isa = PBXBuildFile; fileRef = B7A215F6162A07FD4AE56453 /* FileClient.framework */; settings = {ATTRIBUTES = (CodeSignOnCopy, RemoveHeadersOnCopy, ); }; };
		03746FEDF402EC0572800DD9 /* Roboto-Bold.ttf in Resources */ = {isa = PBXBuildFile; fileRef = BC8863B05D992ABB5FE47A1B /* Roboto-Bold.ttf */; };
		0409491B210D5E6464CACC7F /* ApplicationAction.swift in Sources */ = {isa = PBXBuildFile; fileRef = 4B6277006C226E5B28C47994 /* ApplicationAction.swift */; };
		0851710126B482E777FE118A /* AppDelegate.swift in Sources */ = {isa = PBXBuildFile; fileRef = 9DC3C2D4FDA38F20A5C9A707 /* AppDelegate.swift */; };
		0989D5A49022952EEE52F99D /* Fileclient.swift in Sources */ = {isa = PBXBuildFile; fileRef = 397EAD687DC8D23B46BC7F1C /* Fileclient.swift */; };
		0BCDEE7590E48782C0FD8A3B /* arrivals_broken.json in Resources */ = {isa = PBXBuildFile; fileRef = 5FC48DCFBF142C777D6299BB /* arrivals_broken.json */; };
		109D08A9AFFDF5884F04F980 /* arrivals.json in Resources */ = {isa = PBXBuildFile; fileRef = C618E6451D6B748F0E55A7CC /* arrivals.json */; };
		1532CFDE9D5F2FF2DD75FE29 /* Networking.framework in Frameworks */ = {isa = PBXBuildFile; fileRef = 18D9DFE700A49CA2ED928D1F /* Networking.framework */; };
		196E343E847F04115978F393 /* Roboto-Medium.ttf in Resources */ = {isa = PBXBuildFile; fileRef = 729B8BB8FAA727ECAD1D9492 /* Roboto-Medium.ttf */; };
		19D38B76465589F5B76900BA /* Button+Style.swift in Sources */ = {isa = PBXBuildFile; fileRef = 3DAB1B414764A989D2A94C13 /* Button+Style.swift */; };
		1C8BDA58AD9AB7D0F82B0338 /* StationsSectionHeader.swift in Sources */ = {isa = PBXBuildFile; fileRef = B885F0D2638AD3AB9C0D42BB /* StationsSectionHeader.swift */; };
		1EA316485EF30DA2D4958A52 /* Image+Style.swift in Sources */ = {isa = PBXBuildFile; fileRef = B45D51113ADDD53C89DD1AC0 /* Image+Style.swift */; };
		1FCFE5EE73AC4D98BC6BC8CB /* Color+Styles.swift in Sources */ = {isa = PBXBuildFile; fileRef = EBC1FDACDA1F055D0CB40D13 /* Color+Styles.swift */; };
		20B671B54F5EBBE95FCF7328 /* DeparturesRequest.swift in Sources */ = {isa = PBXBuildFile; fileRef = 9B5CA27EFA8DD5A07447C117 /* DeparturesRequest.swift */; };
		27C9F45C65304D5455BC2578 /* Styling.framework in Frameworks */ = {isa = PBXBuildFile; fileRef = 83F9E5D5B40E4D2E6CB2DFBA /* Styling.framework */; };
		29FE307CB16F52DC75566C5F /* train_sections_broken.json in Resources */ = {isa = PBXBuildFile; fileRef = C24ECB4CB466AA6A9BF415B1 /* train_sections_broken.json */; };
		2BCBE3972BF4FAC2CDB5150A /* HomeViewController.xib in Resources */ = {isa = PBXBuildFile; fileRef = E397BB7C92753348FECA93F8 /* HomeViewController.xib */; };
		330021AFCBDE1AFE1BCDB3D4 /* departures_broken.json in Resources */ = {isa = PBXBuildFile; fileRef = 3EB664A8CE5FAD0E57E59DB7 /* departures_broken.json */; };
		339BC594E6AECD4065B784C5 /* NetworkingDeparturesTests.swift in Sources */ = {isa = PBXBuildFile; fileRef = 25A4BF9ECB8A5052160280B9 /* NetworkingDeparturesTests.swift */; };
		356644C6FAD49B8DC539E1F2 /* stations_broken.txt in Resources */ = {isa = PBXBuildFile; fileRef = 03F4C220B473D3390C46155F /* stations_broken.txt */; };
		3722EED1F2BD94C802B11EDB /* Mock+resources.swift in Sources */ = {isa = PBXBuildFile; fileRef = 120821F03407363AE4E0B177 /* Mock+resources.swift */; };
		3C46A08FA01BEB65D5DCF922 /* test_stations_favourites_and_result.1.png in Resources */ = {isa = PBXBuildFile; fileRef = 7EB6883DA38A699914BEC852 /* test_stations_favourites_and_result.1.png */; };
		41585FB45F8B56B051DD3E92 /* Roboto-BlackItalic.ttf in Resources */ = {isa = PBXBuildFile; fileRef = 21AF2D8D54888A7763914651 /* Roboto-BlackItalic.ttf */; };
		420E34D94EBBBEE6821BF1C0 /* Pods_Styling.framework in Frameworks */ = {isa = PBXBuildFile; fileRef = 32B69769141FA957DA047219 /* Pods_Styling.framework */; };
		425C108D91A1EFE5D3CD8BF4 /* LICENSE.txt in Resources */ = {isa = PBXBuildFile; fileRef = 73E89DA2A8612DA4C85BCC31 /* LICENSE.txt */; };
		4470D29D6570126C93756543 /* AppTheme+Basic.swift in Sources */ = {isa = PBXBuildFile; fileRef = 4BA26A7FABFD394F3786D495 /* AppTheme+Basic.swift */; };
		454895E5B71396355C9081E9 /* Pods_ViaggioTrenoTests.framework in Frameworks */ = {isa = PBXBuildFile; fileRef = E6681FCF34DE0E2ECF6C4514 /* Pods_ViaggioTrenoTests.framework */; };
		46BBAD399109D852C78A6495 /* Roboto-Black.ttf in Resources */ = {isa = PBXBuildFile; fileRef = FF8CC5C78C58A757FA756519 /* Roboto-Black.ttf */; };
		4EB573FE40AE4C6682E3DFCB /* Pods_ViaggioTreno.framework in Frameworks */ = {isa = PBXBuildFile; fileRef = DAC4F6331B67B6E2C07D23A7 /* Pods_ViaggioTreno.framework */; };
		4FFAE1C65CD9C815C04C46B6 /* AppThemeMaterial.swift in Sources */ = {isa = PBXBuildFile; fileRef = 1B4F48FD0BFD27BE407FF629 /* AppThemeMaterial.swift */; };
		5292BACA9A1A9A6FC84C7638 /* Localizable.strings in Resources */ = {isa = PBXBuildFile; fileRef = 17D2440C78BF41FDC99C4421 /* Localizable.strings */; };
		564DC8F3F2584EE8BE0F4D94 /* StationCell.swift in Sources */ = {isa = PBXBuildFile; fileRef = D0BBAF1A6307E144445B3CC4 /* StationCell.swift */; };
		56512152F48FCA968B2269DB /* StationsRequest.swift in Sources */ = {isa = PBXBuildFile; fileRef = B017F938131C1E1BBD09C85C /* StationsRequest.swift */; };
		57DABBD1DC705E5F36A99267 /* CustomColor.swift in Sources */ = {isa = PBXBuildFile; fileRef = 4E92143A7ECE604E1E351EC9 /* CustomColor.swift */; };
		585238B3639C6F188F8177F8 /* ApplicationStore.swift in Sources */ = {isa = PBXBuildFile; fileRef = D477DF9A4C2721A9EFC5E97D /* ApplicationStore.swift */; };
		5D95099B6684F6E88ED2C66D /* Networking.framework in Embed Frameworks */ = {isa = PBXBuildFile; fileRef = 18D9DFE700A49CA2ED928D1F /* Networking.framework */; settings = {ATTRIBUTES = (CodeSignOnCopy, RemoveHeadersOnCopy, ); }; };
		5FA7D43FFAC90A97A8DFA812 /* HomeViewController.swift in Sources */ = {isa = PBXBuildFile; fileRef = A767DF0F4804A39EC7DBBA7C /* HomeViewController.swift */; };
		60A25BCBF908D3EFA0400631 /* StationsSectionHeader.xib in Resources */ = {isa = PBXBuildFile; fileRef = 6459ED5BCCE0338E6F6B2B4F /* StationsSectionHeader.xib */; };
		630A71C60AAEC22FFAE68107 /* User.swift in Sources */ = {isa = PBXBuildFile; fileRef = 6F57DDFDDC82196347536AA9 /* User.swift */; };
		649CFB07468CEC4E6316ECA5 /* Environment.swift in Sources */ = {isa = PBXBuildFile; fileRef = 173739E84B3B5BBEB3DE88A4 /* Environment.swift */; };
		6673AD6E9B035330256800BA /* NetworkingStationsTests.swift in Sources */ = {isa = PBXBuildFile; fileRef = E32B34D3A2D593AB85925F71 /* NetworkingStationsTests.swift */; };
		6C1B7857397066D0F12C777F /* FileClient.framework in Frameworks */ = {isa = PBXBuildFile; fileRef = B7A215F6162A07FD4AE56453 /* FileClient.framework */; };
		6F0468C416C611A81AA36E43 /* StationsViewController.xib in Resources */ = {isa = PBXBuildFile; fileRef = 18CEF1F85B78CDE910A98D88 /* StationsViewController.xib */; };
		73231880B7986F0E581EE52E /* APIRequest.swift in Sources */ = {isa = PBXBuildFile; fileRef = F86439F3C61B379D392CB409 /* APIRequest.swift */; };
		74C3104C3B5772C682C0C7F8 /* Fonts.swift in Sources */ = {isa = PBXBuildFile; fileRef = 4BD4F926E4F167E5DC35BA38 /* Fonts.swift */; };
		7B1E9FDC5802C7BED7A8FD32 /* ApplicationReducer.swift in Sources */ = {isa = PBXBuildFile; fileRef = 0E48659D4F2221079A6283F3 /* ApplicationReducer.swift */; };
		808A869BC05BA88BA5AA4146 /* train_sections.json in Resources */ = {isa = PBXBuildFile; fileRef = FD9A20DFE4DED2C5F1A10229 /* train_sections.json */; };
		86AA50A89221A2F80F1417F4 /* Assets.xcassets in Resources */ = {isa = PBXBuildFile; fileRef = C3806BACB5A9B6D16275B013 /* Assets.xcassets */; };
		87D3237F0B1092173AE294ED /* Roboto-MediumItalic.ttf in Resources */ = {isa = PBXBuildFile; fileRef = A5A3B650FCAAC965D4310938 /* Roboto-MediumItalic.ttf */; };
		8B53C22F4A783404BACF69BC /* NetworkingTrainSectionsTests.swift in Sources */ = {isa = PBXBuildFile; fileRef = 4F64068A9377581783DB72F1 /* NetworkingTrainSectionsTests.swift */; };
		8D1CE804D37A730F4E04A092 /* UIStationsTests.swift in Sources */ = {isa = PBXBuildFile; fileRef = 3AFD940ACEAA1ACF683C2A23 /* UIStationsTests.swift */; };
		9A3408FCD3CC761B5B737E52 /* ApplicationState.swift in Sources */ = {isa = PBXBuildFile; fileRef = 1885A07A2C5C344D38CCD462 /* ApplicationState.swift */; };
		A19DCC75B9FAD544B42A0741 /* MockUrlProtocol.swift in Sources */ = {isa = PBXBuildFile; fileRef = DBDEB0D1896E19D19A03E98D /* MockUrlProtocol.swift */; };
		A1CFEAD9BE9D9C8EE7D8D0A7 /* ArrivalsRequest.swift in Sources */ = {isa = PBXBuildFile; fileRef = 089A3377BB316F8C2F6CD42C /* ArrivalsRequest.swift */; };
		A9235934E6DEC9C8703E1880 /* URLRequests+HTTPStatusCodes.swift in Sources */ = {isa = PBXBuildFile; fileRef = 034C4C9E0162E5793211AC82 /* URLRequests+HTTPStatusCodes.swift */; };
		AB44C0487505C20204466B64 /* Localizable.swift in Sources */ = {isa = PBXBuildFile; fileRef = DD0254D3A7A9C597946AF6CA /* Localizable.swift */; };
		ADA5DDE072E4090198BC22A7 /* TextField+Styles.swift in Sources */ = {isa = PBXBuildFile; fileRef = 8D0B8BD435C3F0DAB9681C7A /* TextField+Styles.swift */; };
		AE2C14471D41669C835B91C3 /* Roboto-BoldItalic.ttf in Resources */ = {isa = PBXBuildFile; fileRef = 1A1F5D3B9279B1C707C24CDC /* Roboto-BoldItalic.ttf */; };
		B4BAB4167C40A01103E8A99C /* Favourites+FileClient.swift in Sources */ = {isa = PBXBuildFile; fileRef = 4817CCCC3016429DEA1850AA /* Favourites+FileClient.swift */; };
		B8002DEA8FDB47781908C5FC /* View+Style.swift in Sources */ = {isa = PBXBuildFile; fileRef = C1DC0D051232A7DCEB9F83DF /* View+Style.swift */; };
		B9690F38B669FD49C3B16B2E /* StationsTests.swift in Sources */ = {isa = PBXBuildFile; fileRef = AE2DBBFA997BC9B3316D15B3 /* StationsTests.swift */; };
		BA1F072E7BB830974D36A059 /* Roboto-ThinItalic.ttf in Resources */ = {isa = PBXBuildFile; fileRef = 5135CCD960214E97837E8040 /* Roboto-ThinItalic.ttf */; };
		BAD5A3C65BC90E8424B7FBF8 /* Networking.swift in Sources */ = {isa = PBXBuildFile; fileRef = 0ABA60574F6C0B313B45FA3D /* Networking.swift */; };
		BED48CA6F9393C877744F1BB /* Localizable.strings in Resources */ = {isa = PBXBuildFile; fileRef = F8B19A3E6404FEA5D08323A5 /* Localizable.strings */; };
		C467BC4C01DB15D1A6CE6E96 /* Pods_Networking.framework in Frameworks */ = {isa = PBXBuildFile; fileRef = 542129E4FE969E5999DCE334 /* Pods_Networking.framework */; };
		C4747CD146317DBBDC6F07FC /* StationsViewController.swift in Sources */ = {isa = PBXBuildFile; fileRef = C4CB7C3BED7EDF31B1D48414 /* StationsViewController.swift */; };
		C69DEA0108C99A4F8C7C59E1 /* Roboto-Regular.ttf in Resources */ = {isa = PBXBuildFile; fileRef = 57D37FC3BDC6254EBBC24D82 /* Roboto-Regular.ttf */; };
		C74BFA133C7AAA2D80D30D75 /* StationCell.xib in Resources */ = {isa = PBXBuildFile; fileRef = ED0D5FB8F8E4E90E1A52991D /* StationCell.xib */; };
		C7A02AF73CDF50CAF371B287 /* Colors.swift in Sources */ = {isa = PBXBuildFile; fileRef = F8ECD865B0CD3EC91C4D74D2 /* Colors.swift */; };
		CA9146881FBDB796794315AD /* TrainSectionsRequest.swift in Sources */ = {isa = PBXBuildFile; fileRef = 288E9F08658CE805368EEB21 /* TrainSectionsRequest.swift */; };
		CBA5F4A919DF2484EF54AC81 /* NetworkingArrivalsTests.swift in Sources */ = {isa = PBXBuildFile; fileRef = 4EEE723229DFF212DDC3A120 /* NetworkingArrivalsTests.swift */; };
		D44F33CC7564894694F30CD4 /* Label+Styles.swift in Sources */ = {isa = PBXBuildFile; fileRef = AAB43F563A0CB529B7EBC2F1 /* Label+Styles.swift */; };
		D887481AB8BCD949970C9B9F /* stations.txt in Resources */ = {isa = PBXBuildFile; fileRef = 0FC04795D09056F5B4F16A17 /* stations.txt */; };
		DB760463E09671AAF325EAB8 /* BaseViewController.swift in Sources */ = {isa = PBXBuildFile; fileRef = E3F0638C57C372FF25025688 /* BaseViewController.swift */; };
		E1673879194EAFE60C0FC6CA /* Roboto-Light.ttf in Resources */ = {isa = PBXBuildFile; fileRef = FCA9EA6614503E208567B732 /* Roboto-Light.ttf */; };
		E381E1C26F75B6A77DCE35AF /* test_stations_favourites_and_result.2.png in Resources */ = {isa = PBXBuildFile; fileRef = 410940849981DCD37885BE43 /* test_stations_favourites_and_result.2.png */; };
		E55EE88DF0C9AAF1DF5B23AC /* Colors.json in Resources */ = {isa = PBXBuildFile; fileRef = 92B2A7E6547088F632AD67E6 /* Colors.json */; };
		EBF66476ED7B180E2CEEE6E0 /* Styling.framework in Embed Frameworks */ = {isa = PBXBuildFile; fileRef = 83F9E5D5B40E4D2E6CB2DFBA /* Styling.framework */; settings = {ATTRIBUTES = (CodeSignOnCopy, RemoveHeadersOnCopy, ); }; };
		EE031476B3A91A663855DDB7 /* Roboto-Italic.ttf in Resources */ = {isa = PBXBuildFile; fileRef = 19928D22A78D32EFC4B611A3 /* Roboto-Italic.ttf */; };
		F43E8096F1E9DDD353B2E2F5 /* Difference+.swift in Sources */ = {isa = PBXBuildFile; fileRef = 611F18186D403AE4CC0272F3 /* Difference+.swift */; };
		F4BB7CF86D4FC81363B08E88 /* Networking.framework in Frameworks */ = {isa = PBXBuildFile; fileRef = 18D9DFE700A49CA2ED928D1F /* Networking.framework */; };
		F7EEAA286804B6A9AA95BD86 /* StationsState.swift in Sources */ = {isa = PBXBuildFile; fileRef = A172DBCCCFEE0CC9F236D315 /* StationsState.swift */; };
		F89A10E8258D0DB900363072 /* FavouritesStationsCell.swift in Sources */ = {isa = PBXBuildFile; fileRef = F89A10E6258D0DB900363072 /* FavouritesStationsCell.swift */; };
		F89A10E9258D0DB900363072 /* FavouritesStationsCell.xib in Resources */ = {isa = PBXBuildFile; fileRef = F89A10E7258D0DB900363072 /* FavouritesStationsCell.xib */; };
		F8AD626E2591D791007249F2 /* ArrivalsDeparturesContainerViewController.swift in Sources */ = {isa = PBXBuildFile; fileRef = F8AD626C2591D791007249F2 /* ArrivalsDeparturesContainerViewController.swift */; };
		F8AD626F2591D791007249F2 /* ArrivalsDeparturesContainerViewController.xib in Resources */ = {isa = PBXBuildFile; fileRef = F8AD626D2591D791007249F2 /* ArrivalsDeparturesContainerViewController.xib */; };
		F8AD62842591DF35007249F2 /* DeparturesViewController.swift in Sources */ = {isa = PBXBuildFile; fileRef = F8AD62822591DF35007249F2 /* DeparturesViewController.swift */; };
		F8AD62852591DF35007249F2 /* DeparturesViewController.xib in Resources */ = {isa = PBXBuildFile; fileRef = F8AD62832591DF35007249F2 /* DeparturesViewController.xib */; };
		F8AD62C32591EDB5007249F2 /* Utils+Rx.swift in Sources */ = {isa = PBXBuildFile; fileRef = F8AD62C22591EDB5007249F2 /* Utils+Rx.swift */; };
		F8AD639A25926978007249F2 /* TrainSectionViewController.swift in Sources */ = {isa = PBXBuildFile; fileRef = F8AD639825926977007249F2 /* TrainSectionViewController.swift */; };
		F8AD639B25926978007249F2 /* TrainSectionViewController.xib in Resources */ = {isa = PBXBuildFile; fileRef = F8AD639925926977007249F2 /* TrainSectionViewController.xib */; };
		F8AD63A5259269C5007249F2 /* TrainSection+Store.swift in Sources */ = {isa = PBXBuildFile; fileRef = F8AD63A4259269C5007249F2 /* TrainSection+Store.swift */; };
		F8B2C4982590856A002419E8 /* Home+Store.swift in Sources */ = {isa = PBXBuildFile; fileRef = F8B2C4972590856A002419E8 /* Home+Store.swift */; };
		F8B2C4A325908C18002419E8 /* HomeTests.swift in Sources */ = {isa = PBXBuildFile; fileRef = F8B2C4A225908C18002419E8 /* HomeTests.swift */; };
		F8B2C5722590D9DC002419E8 /* ArrivalsViewController.swift in Sources */ = {isa = PBXBuildFile; fileRef = F8B2C5702590D9DC002419E8 /* ArrivalsViewController.swift */; };
		F8B2C5732590D9DC002419E8 /* ArrivalsViewController.xib in Resources */ = {isa = PBXBuildFile; fileRef = F8B2C5712590D9DC002419E8 /* ArrivalsViewController.xib */; };
		F8B2C57B2590DAF6002419E8 /* ArrivalsDeparturesCell.swift in Sources */ = {isa = PBXBuildFile; fileRef = F8B2C5792590DAF6002419E8 /* ArrivalsDeparturesCell.swift */; };
		F8B2C57C2590DAF6002419E8 /* ArrivalsDeparturesCell.xib in Resources */ = {isa = PBXBuildFile; fileRef = F8B2C57A2590DAF6002419E8 /* ArrivalsDeparturesCell.xib */; };
		F8B2C5862590E9CB002419E8 /* ArrivalsDepartures+Store.swift in Sources */ = {isa = PBXBuildFile; fileRef = F8B2C5852590E9CB002419E8 /* ArrivalsDepartures+Store.swift */; };
		F8C2ADFC259323B500CC88FB /* TrainSectionsTests.swift in Sources */ = {isa = PBXBuildFile; fileRef = F8C2ADFB259323B500CC88FB /* TrainSectionsTests.swift */; };
		F8C2AE042593329A00CC88FB /* TrainSectionCell.swift in Sources */ = {isa = PBXBuildFile; fileRef = F8C2AE022593329A00CC88FB /* TrainSectionCell.swift */; };
		F8C2AE052593329A00CC88FB /* TrainSectionCell.xib in Resources */ = {isa = PBXBuildFile; fileRef = F8C2AE032593329A00CC88FB /* TrainSectionCell.xib */; };
		F8C2AE182593372500CC88FB /* Mock+.swift in Sources */ = {isa = PBXBuildFile; fileRef = F8C2AE172593372500CC88FB /* Mock+.swift */; };
		F9EEE7A3D6FEF820FDCE0D75 /* departures.json in Resources */ = {isa = PBXBuildFile; fileRef = ADF23D1258755B3F63E0EB27 /* departures.json */; };
		FAE68B41CD056D77DBC41AE2 /* Roboto-LightItalic.ttf in Resources */ = {isa = PBXBuildFile; fileRef = 7BF02743C77A6447841A6399 /* Roboto-LightItalic.ttf */; };
		FDD6896D34798BFDEA02E7D9 /* Localizable.swift in Sources */ = {isa = PBXBuildFile; fileRef = EA4B01E786EA0FF0B5145C4A /* Localizable.swift */; };
		FF171A4F92788552887E5C5E /* Roboto-Thin.ttf in Resources */ = {isa = PBXBuildFile; fileRef = 5AB5F2A3B76B7E742F055D7F /* Roboto-Thin.ttf */; };
/* End PBXBuildFile section */

/* Begin PBXContainerItemProxy section */
		3BBA98D461F81120FBDD3C20 /* PBXContainerItemProxy */ = {
			isa = PBXContainerItemProxy;
			containerPortal = 2969355FE5D7686A5B4926CA /* Project object */;
			proxyType = 1;
			remoteGlobalIDString = 6B0F06BC7A9BDAB737301463;
			remoteInfo = Styling;
		};
		CCD195B211ACB7C0ADDA6BA7 /* PBXContainerItemProxy */ = {
			isa = PBXContainerItemProxy;
			containerPortal = 2969355FE5D7686A5B4926CA /* Project object */;
			proxyType = 1;
			remoteGlobalIDString = 01B30C36CDD646207ECAB7F3;
			remoteInfo = Networking;
		};
		D98160B060CF1C7AFADF6A6E /* PBXContainerItemProxy */ = {
			isa = PBXContainerItemProxy;
			containerPortal = 2969355FE5D7686A5B4926CA /* Project object */;
			proxyType = 1;
			remoteGlobalIDString = AA4ED8DD1AE5A90CEFEC18ED;
			remoteInfo = FileClient;
		};
		DC0DB073F788D72823ADEF6B /* PBXContainerItemProxy */ = {
			isa = PBXContainerItemProxy;
			containerPortal = 2969355FE5D7686A5B4926CA /* Project object */;
			proxyType = 1;
			remoteGlobalIDString = 01B30C36CDD646207ECAB7F3;
			remoteInfo = Networking;
		};
		FDFF1B87AD2F2225F8E3C586 /* PBXContainerItemProxy */ = {
			isa = PBXContainerItemProxy;
			containerPortal = 2969355FE5D7686A5B4926CA /* Project object */;
			proxyType = 1;
			remoteGlobalIDString = 62E1CB155C6FFB751C7EF184;
			remoteInfo = ViaggioTreno;
		};
/* End PBXContainerItemProxy section */

/* Begin PBXCopyFilesBuildPhase section */
		6D314FD45AD2E2E3BB1C1A84 /* Embed Frameworks */ = {
			isa = PBXCopyFilesBuildPhase;
			buildActionMask = 2147483647;
			dstPath = "";
			dstSubfolderSpec = 10;
			files = (
				EBF66476ED7B180E2CEEE6E0 /* Styling.framework in Embed Frameworks */,
				5D95099B6684F6E88ED2C66D /* Networking.framework in Embed Frameworks */,
				01DA6C1C4BE8DA66370C7C35 /* FileClient.framework in Embed Frameworks */,
			);
			name = "Embed Frameworks";
			runOnlyForDeploymentPostprocessing = 0;
		};
/* End PBXCopyFilesBuildPhase section */

/* Begin PBXFileReference section */
		034C4C9E0162E5793211AC82 /* URLRequests+HTTPStatusCodes.swift */ = {isa = PBXFileReference; lastKnownFileType = sourcecode.swift; path = "URLRequests+HTTPStatusCodes.swift"; sourceTree = "<group>"; };
		03F4C220B473D3390C46155F /* stations_broken.txt */ = {isa = PBXFileReference; lastKnownFileType = text; path = stations_broken.txt; sourceTree = "<group>"; };
		089A3377BB316F8C2F6CD42C /* ArrivalsRequest.swift */ = {isa = PBXFileReference; lastKnownFileType = sourcecode.swift; path = ArrivalsRequest.swift; sourceTree = "<group>"; };
		0ABA60574F6C0B313B45FA3D /* Networking.swift */ = {isa = PBXFileReference; lastKnownFileType = sourcecode.swift; path = Networking.swift; sourceTree = "<group>"; };
		0E48659D4F2221079A6283F3 /* ApplicationReducer.swift */ = {isa = PBXFileReference; lastKnownFileType = sourcecode.swift; path = ApplicationReducer.swift; sourceTree = "<group>"; };
		0FC04795D09056F5B4F16A17 /* stations.txt */ = {isa = PBXFileReference; lastKnownFileType = text; path = stations.txt; sourceTree = "<group>"; };
		120821F03407363AE4E0B177 /* Mock+resources.swift */ = {isa = PBXFileReference; lastKnownFileType = sourcecode.swift; path = "Mock+resources.swift"; sourceTree = "<group>"; };
		173739E84B3B5BBEB3DE88A4 /* Environment.swift */ = {isa = PBXFileReference; lastKnownFileType = sourcecode.swift; path = Environment.swift; sourceTree = "<group>"; };
		1885A07A2C5C344D38CCD462 /* ApplicationState.swift */ = {isa = PBXFileReference; lastKnownFileType = sourcecode.swift; path = ApplicationState.swift; sourceTree = "<group>"; };
		18CEF1F85B78CDE910A98D88 /* StationsViewController.xib */ = {isa = PBXFileReference; lastKnownFileType = file.xib; path = StationsViewController.xib; sourceTree = "<group>"; };
		18D9DFE700A49CA2ED928D1F /* Networking.framework */ = {isa = PBXFileReference; explicitFileType = wrapper.framework; includeInIndex = 0; path = Networking.framework; sourceTree = BUILT_PRODUCTS_DIR; };
		19928D22A78D32EFC4B611A3 /* Roboto-Italic.ttf */ = {isa = PBXFileReference; lastKnownFileType = file; path = "Roboto-Italic.ttf"; sourceTree = "<group>"; };
		1A1F5D3B9279B1C707C24CDC /* Roboto-BoldItalic.ttf */ = {isa = PBXFileReference; lastKnownFileType = file; path = "Roboto-BoldItalic.ttf"; sourceTree = "<group>"; };
		1B4F48FD0BFD27BE407FF629 /* AppThemeMaterial.swift */ = {isa = PBXFileReference; lastKnownFileType = sourcecode.swift; path = AppThemeMaterial.swift; sourceTree = "<group>"; };
		1F9A694E60D9BBC10EC94112 /* it */ = {isa = PBXFileReference; lastKnownFileType = text.plist.strings; name = it; path = it.lproj/Localizable.strings; sourceTree = "<group>"; };
		21AF2D8D54888A7763914651 /* Roboto-BlackItalic.ttf */ = {isa = PBXFileReference; lastKnownFileType = file; path = "Roboto-BlackItalic.ttf"; sourceTree = "<group>"; };
		25A4BF9ECB8A5052160280B9 /* NetworkingDeparturesTests.swift */ = {isa = PBXFileReference; lastKnownFileType = sourcecode.swift; path = NetworkingDeparturesTests.swift; sourceTree = "<group>"; };
		288E9F08658CE805368EEB21 /* TrainSectionsRequest.swift */ = {isa = PBXFileReference; lastKnownFileType = sourcecode.swift; path = TrainSectionsRequest.swift; sourceTree = "<group>"; };
		2F5A98EA3987D48324D20C48 /* Info.plist */ = {isa = PBXFileReference; lastKnownFileType = text.plist; path = Info.plist; sourceTree = "<group>"; };
		32B69769141FA957DA047219 /* Pods_Styling.framework */ = {isa = PBXFileReference; explicitFileType = wrapper.framework; includeInIndex = 0; path = Pods_Styling.framework; sourceTree = BUILT_PRODUCTS_DIR; };
		37F5A9027A13A23D9B27C179 /* Pods-Styling.release.xcconfig */ = {isa = PBXFileReference; includeInIndex = 1; lastKnownFileType = text.xcconfig; name = "Pods-Styling.release.xcconfig"; path = "Target Support Files/Pods-Styling/Pods-Styling.release.xcconfig"; sourceTree = "<group>"; };
		397EAD687DC8D23B46BC7F1C /* Fileclient.swift */ = {isa = PBXFileReference; lastKnownFileType = sourcecode.swift; path = Fileclient.swift; sourceTree = "<group>"; };
		3AFD940ACEAA1ACF683C2A23 /* UIStationsTests.swift */ = {isa = PBXFileReference; lastKnownFileType = sourcecode.swift; path = UIStationsTests.swift; sourceTree = "<group>"; };
		3DAB1B414764A989D2A94C13 /* Button+Style.swift */ = {isa = PBXFileReference; lastKnownFileType = sourcecode.swift; path = "Button+Style.swift"; sourceTree = "<group>"; };
		3EB664A8CE5FAD0E57E59DB7 /* departures_broken.json */ = {isa = PBXFileReference; lastKnownFileType = text.json; path = departures_broken.json; sourceTree = "<group>"; };
		4028CB338F8EEB0389BDC675 /* ViaggioTreno.app */ = {isa = PBXFileReference; explicitFileType = wrapper.application; includeInIndex = 0; path = ViaggioTreno.app; sourceTree = BUILT_PRODUCTS_DIR; };
		410940849981DCD37885BE43 /* test_stations_favourites_and_result.2.png */ = {isa = PBXFileReference; lastKnownFileType = image.png; path = test_stations_favourites_and_result.2.png; sourceTree = "<group>"; };
		4817CCCC3016429DEA1850AA /* Favourites+FileClient.swift */ = {isa = PBXFileReference; lastKnownFileType = sourcecode.swift; path = "Favourites+FileClient.swift"; sourceTree = "<group>"; };
		4B6277006C226E5B28C47994 /* ApplicationAction.swift */ = {isa = PBXFileReference; lastKnownFileType = sourcecode.swift; path = ApplicationAction.swift; sourceTree = "<group>"; };
		4BA26A7FABFD394F3786D495 /* AppTheme+Basic.swift */ = {isa = PBXFileReference; lastKnownFileType = sourcecode.swift; path = "AppTheme+Basic.swift"; sourceTree = "<group>"; };
		4BD4F926E4F167E5DC35BA38 /* Fonts.swift */ = {isa = PBXFileReference; lastKnownFileType = sourcecode.swift; path = Fonts.swift; sourceTree = "<group>"; };
		4E92143A7ECE604E1E351EC9 /* CustomColor.swift */ = {isa = PBXFileReference; lastKnownFileType = sourcecode.swift; path = CustomColor.swift; sourceTree = "<group>"; };
		4EEE723229DFF212DDC3A120 /* NetworkingArrivalsTests.swift */ = {isa = PBXFileReference; lastKnownFileType = sourcecode.swift; path = NetworkingArrivalsTests.swift; sourceTree = "<group>"; };
		4F64068A9377581783DB72F1 /* NetworkingTrainSectionsTests.swift */ = {isa = PBXFileReference; lastKnownFileType = sourcecode.swift; path = NetworkingTrainSectionsTests.swift; sourceTree = "<group>"; };
		5135CCD960214E97837E8040 /* Roboto-ThinItalic.ttf */ = {isa = PBXFileReference; lastKnownFileType = file; path = "Roboto-ThinItalic.ttf"; sourceTree = "<group>"; };
		527E315A7A04A4F375ABEA5F /* Pods-ViaggioTreno.release.xcconfig */ = {isa = PBXFileReference; includeInIndex = 1; lastKnownFileType = text.xcconfig; name = "Pods-ViaggioTreno.release.xcconfig"; path = "Target Support Files/Pods-ViaggioTreno/Pods-ViaggioTreno.release.xcconfig"; sourceTree = "<group>"; };
		542129E4FE969E5999DCE334 /* Pods_Networking.framework */ = {isa = PBXFileReference; explicitFileType = wrapper.framework; includeInIndex = 0; path = Pods_Networking.framework; sourceTree = BUILT_PRODUCTS_DIR; };
		57D37FC3BDC6254EBBC24D82 /* Roboto-Regular.ttf */ = {isa = PBXFileReference; lastKnownFileType = file; path = "Roboto-Regular.ttf"; sourceTree = "<group>"; };
		5AB5F2A3B76B7E742F055D7F /* Roboto-Thin.ttf */ = {isa = PBXFileReference; lastKnownFileType = file; path = "Roboto-Thin.ttf"; sourceTree = "<group>"; };
		5FC48DCFBF142C777D6299BB /* arrivals_broken.json */ = {isa = PBXFileReference; lastKnownFileType = text.json; path = arrivals_broken.json; sourceTree = "<group>"; };
		611F18186D403AE4CC0272F3 /* Difference+.swift */ = {isa = PBXFileReference; lastKnownFileType = sourcecode.swift; path = "Difference+.swift"; sourceTree = "<group>"; };
		6459ED5BCCE0338E6F6B2B4F /* StationsSectionHeader.xib */ = {isa = PBXFileReference; lastKnownFileType = file.xib; path = StationsSectionHeader.xib; sourceTree = "<group>"; };
		6F57DDFDDC82196347536AA9 /* User.swift */ = {isa = PBXFileReference; lastKnownFileType = sourcecode.swift; path = User.swift; sourceTree = "<group>"; };
		7106436481C2B1CAA9329A21 /* it */ = {isa = PBXFileReference; lastKnownFileType = text.plist.strings; name = it; path = it.lproj/Localizable.strings; sourceTree = "<group>"; };
		729B8BB8FAA727ECAD1D9492 /* Roboto-Medium.ttf */ = {isa = PBXFileReference; lastKnownFileType = file; path = "Roboto-Medium.ttf"; sourceTree = "<group>"; };
		73E89DA2A8612DA4C85BCC31 /* LICENSE.txt */ = {isa = PBXFileReference; lastKnownFileType = text; path = LICENSE.txt; sourceTree = "<group>"; };
		761E17AF496E9EE7F2C0E049 /* Pods-ViaggioTrenoTests.debug.xcconfig */ = {isa = PBXFileReference; includeInIndex = 1; lastKnownFileType = text.xcconfig; name = "Pods-ViaggioTrenoTests.debug.xcconfig"; path = "Target Support Files/Pods-ViaggioTrenoTests/Pods-ViaggioTrenoTests.debug.xcconfig"; sourceTree = "<group>"; };
		7BF02743C77A6447841A6399 /* Roboto-LightItalic.ttf */ = {isa = PBXFileReference; lastKnownFileType = file; path = "Roboto-LightItalic.ttf"; sourceTree = "<group>"; };
		7EB6883DA38A699914BEC852 /* test_stations_favourites_and_result.1.png */ = {isa = PBXFileReference; lastKnownFileType = image.png; path = test_stations_favourites_and_result.1.png; sourceTree = "<group>"; };
		83F9E5D5B40E4D2E6CB2DFBA /* Styling.framework */ = {isa = PBXFileReference; explicitFileType = wrapper.framework; includeInIndex = 0; path = Styling.framework; sourceTree = BUILT_PRODUCTS_DIR; };
		86569F02F95CE2B6F16D557C /* Pods-Styling.debug.xcconfig */ = {isa = PBXFileReference; includeInIndex = 1; lastKnownFileType = text.xcconfig; name = "Pods-Styling.debug.xcconfig"; path = "Target Support Files/Pods-Styling/Pods-Styling.debug.xcconfig"; sourceTree = "<group>"; };
		8D0B8BD435C3F0DAB9681C7A /* TextField+Styles.swift */ = {isa = PBXFileReference; lastKnownFileType = sourcecode.swift; path = "TextField+Styles.swift"; sourceTree = "<group>"; };
		92B2A7E6547088F632AD67E6 /* Colors.json */ = {isa = PBXFileReference; lastKnownFileType = text.json; path = Colors.json; sourceTree = "<group>"; };
		9B5CA27EFA8DD5A07447C117 /* DeparturesRequest.swift */ = {isa = PBXFileReference; lastKnownFileType = sourcecode.swift; path = DeparturesRequest.swift; sourceTree = "<group>"; };
		9DC3C2D4FDA38F20A5C9A707 /* AppDelegate.swift */ = {isa = PBXFileReference; lastKnownFileType = sourcecode.swift; path = AppDelegate.swift; sourceTree = "<group>"; };
		9E7E30B43E05B0B344B5210F /* Pods-Networking.debug.xcconfig */ = {isa = PBXFileReference; includeInIndex = 1; lastKnownFileType = text.xcconfig; name = "Pods-Networking.debug.xcconfig"; path = "Target Support Files/Pods-Networking/Pods-Networking.debug.xcconfig"; sourceTree = "<group>"; };
		A172DBCCCFEE0CC9F236D315 /* StationsState.swift */ = {isa = PBXFileReference; lastKnownFileType = sourcecode.swift; path = StationsState.swift; sourceTree = "<group>"; };
		A5A3B650FCAAC965D4310938 /* Roboto-MediumItalic.ttf */ = {isa = PBXFileReference; lastKnownFileType = file; path = "Roboto-MediumItalic.ttf"; sourceTree = "<group>"; };
		A767DF0F4804A39EC7DBBA7C /* HomeViewController.swift */ = {isa = PBXFileReference; lastKnownFileType = sourcecode.swift; path = HomeViewController.swift; sourceTree = "<group>"; };
		AAB43F563A0CB529B7EBC2F1 /* Label+Styles.swift */ = {isa = PBXFileReference; lastKnownFileType = sourcecode.swift; path = "Label+Styles.swift"; sourceTree = "<group>"; };
		ADF23D1258755B3F63E0EB27 /* departures.json */ = {isa = PBXFileReference; lastKnownFileType = text.json; path = departures.json; sourceTree = "<group>"; };
		AE2DBBFA997BC9B3316D15B3 /* StationsTests.swift */ = {isa = PBXFileReference; lastKnownFileType = sourcecode.swift; path = StationsTests.swift; sourceTree = "<group>"; };
		AF5A6A7E3EC335A7B21D55C7 /* Info.plist */ = {isa = PBXFileReference; lastKnownFileType = text.plist; path = Info.plist; sourceTree = "<group>"; };
		B017F938131C1E1BBD09C85C /* StationsRequest.swift */ = {isa = PBXFileReference; lastKnownFileType = sourcecode.swift; path = StationsRequest.swift; sourceTree = "<group>"; };
		B1ADA4B56369155BCAC07029 /* en */ = {isa = PBXFileReference; lastKnownFileType = text.plist.strings; name = en; path = en.lproj/Localizable.strings; sourceTree = "<group>"; };
		B45D51113ADDD53C89DD1AC0 /* Image+Style.swift */ = {isa = PBXFileReference; lastKnownFileType = sourcecode.swift; path = "Image+Style.swift"; sourceTree = "<group>"; };
		B79BABE1AECFB16B4B858CCA /* Pods-ViaggioTrenoTests.release.xcconfig */ = {isa = PBXFileReference; includeInIndex = 1; lastKnownFileType = text.xcconfig; name = "Pods-ViaggioTrenoTests.release.xcconfig"; path = "Target Support Files/Pods-ViaggioTrenoTests/Pods-ViaggioTrenoTests.release.xcconfig"; sourceTree = "<group>"; };
		B7A215F6162A07FD4AE56453 /* FileClient.framework */ = {isa = PBXFileReference; explicitFileType = wrapper.framework; includeInIndex = 0; path = FileClient.framework; sourceTree = BUILT_PRODUCTS_DIR; };
		B885F0D2638AD3AB9C0D42BB /* StationsSectionHeader.swift */ = {isa = PBXFileReference; lastKnownFileType = sourcecode.swift; path = StationsSectionHeader.swift; sourceTree = "<group>"; };
		BC286CE0F1F4486E4E170167 /* en */ = {isa = PBXFileReference; lastKnownFileType = text.plist.strings; name = en; path = en.lproj/Localizable.strings; sourceTree = "<group>"; };
		BC8863B05D992ABB5FE47A1B /* Roboto-Bold.ttf */ = {isa = PBXFileReference; lastKnownFileType = file; path = "Roboto-Bold.ttf"; sourceTree = "<group>"; };
		BFA1411EE0EDF5AC2328E754 /* ViaggioTrenoTests.xctest */ = {isa = PBXFileReference; includeInIndex = 0; lastKnownFileType = wrapper.cfbundle; path = ViaggioTrenoTests.xctest; sourceTree = BUILT_PRODUCTS_DIR; };
		C1DC0D051232A7DCEB9F83DF /* View+Style.swift */ = {isa = PBXFileReference; lastKnownFileType = sourcecode.swift; path = "View+Style.swift"; sourceTree = "<group>"; };
		C24ECB4CB466AA6A9BF415B1 /* train_sections_broken.json */ = {isa = PBXFileReference; lastKnownFileType = text.json; path = train_sections_broken.json; sourceTree = "<group>"; };
		C3806BACB5A9B6D16275B013 /* Assets.xcassets */ = {isa = PBXFileReference; lastKnownFileType = folder.assetcatalog; path = Assets.xcassets; sourceTree = "<group>"; };
		C4CB7C3BED7EDF31B1D48414 /* StationsViewController.swift */ = {isa = PBXFileReference; lastKnownFileType = sourcecode.swift; path = StationsViewController.swift; sourceTree = "<group>"; };
		C618E6451D6B748F0E55A7CC /* arrivals.json */ = {isa = PBXFileReference; lastKnownFileType = text.json; path = arrivals.json; sourceTree = "<group>"; };
		CF3E32329FA68593BA3C5B61 /* Info.plist */ = {isa = PBXFileReference; lastKnownFileType = text.plist; path = Info.plist; sourceTree = "<group>"; };
		D0BBAF1A6307E144445B3CC4 /* StationCell.swift */ = {isa = PBXFileReference; lastKnownFileType = sourcecode.swift; path = StationCell.swift; sourceTree = "<group>"; };
		D477DF9A4C2721A9EFC5E97D /* ApplicationStore.swift */ = {isa = PBXFileReference; lastKnownFileType = sourcecode.swift; path = ApplicationStore.swift; sourceTree = "<group>"; };
		DA880ADD771B128E05AB9894 /* Info.plist */ = {isa = PBXFileReference; lastKnownFileType = text.plist; path = Info.plist; sourceTree = "<group>"; };
		DAC4F6331B67B6E2C07D23A7 /* Pods_ViaggioTreno.framework */ = {isa = PBXFileReference; explicitFileType = wrapper.framework; includeInIndex = 0; path = Pods_ViaggioTreno.framework; sourceTree = BUILT_PRODUCTS_DIR; };
		DBDEB0D1896E19D19A03E98D /* MockUrlProtocol.swift */ = {isa = PBXFileReference; lastKnownFileType = sourcecode.swift; path = MockUrlProtocol.swift; sourceTree = "<group>"; };
		DD0254D3A7A9C597946AF6CA /* Localizable.swift */ = {isa = PBXFileReference; lastKnownFileType = sourcecode.swift; path = Localizable.swift; sourceTree = "<group>"; };
		E32B34D3A2D593AB85925F71 /* NetworkingStationsTests.swift */ = {isa = PBXFileReference; lastKnownFileType = sourcecode.swift; path = NetworkingStationsTests.swift; sourceTree = "<group>"; };
		E397BB7C92753348FECA93F8 /* HomeViewController.xib */ = {isa = PBXFileReference; lastKnownFileType = file.xib; path = HomeViewController.xib; sourceTree = "<group>"; };
		E3F0638C57C372FF25025688 /* BaseViewController.swift */ = {isa = PBXFileReference; lastKnownFileType = sourcecode.swift; path = BaseViewController.swift; sourceTree = "<group>"; };
		E606D1F5AC7EFEB0A43616D1 /* Pods-ViaggioTreno.debug.xcconfig */ = {isa = PBXFileReference; includeInIndex = 1; lastKnownFileType = text.xcconfig; name = "Pods-ViaggioTreno.debug.xcconfig"; path = "Target Support Files/Pods-ViaggioTreno/Pods-ViaggioTreno.debug.xcconfig"; sourceTree = "<group>"; };
		E6681FCF34DE0E2ECF6C4514 /* Pods_ViaggioTrenoTests.framework */ = {isa = PBXFileReference; explicitFileType = wrapper.framework; includeInIndex = 0; path = Pods_ViaggioTrenoTests.framework; sourceTree = BUILT_PRODUCTS_DIR; };
		EA4B01E786EA0FF0B5145C4A /* Localizable.swift */ = {isa = PBXFileReference; lastKnownFileType = sourcecode.swift; path = Localizable.swift; sourceTree = "<group>"; };
		EBC1FDACDA1F055D0CB40D13 /* Color+Styles.swift */ = {isa = PBXFileReference; lastKnownFileType = sourcecode.swift; path = "Color+Styles.swift"; sourceTree = "<group>"; };
		ED0D5FB8F8E4E90E1A52991D /* StationCell.xib */ = {isa = PBXFileReference; lastKnownFileType = file.xib; path = StationCell.xib; sourceTree = "<group>"; };
		F1A0F1D61F0C66F6B04337AB /* Info.plist */ = {isa = PBXFileReference; lastKnownFileType = text.plist; path = Info.plist; sourceTree = "<group>"; };
		F2C32FD03306297CE406E07E /* Pods-Networking.release.xcconfig */ = {isa = PBXFileReference; includeInIndex = 1; lastKnownFileType = text.xcconfig; name = "Pods-Networking.release.xcconfig"; path = "Target Support Files/Pods-Networking/Pods-Networking.release.xcconfig"; sourceTree = "<group>"; };
		F86439F3C61B379D392CB409 /* APIRequest.swift */ = {isa = PBXFileReference; lastKnownFileType = sourcecode.swift; path = APIRequest.swift; sourceTree = "<group>"; };
		F89A10E6258D0DB900363072 /* FavouritesStationsCell.swift */ = {isa = PBXFileReference; lastKnownFileType = sourcecode.swift; path = FavouritesStationsCell.swift; sourceTree = "<group>"; };
		F89A10E7258D0DB900363072 /* FavouritesStationsCell.xib */ = {isa = PBXFileReference; lastKnownFileType = file.xib; path = FavouritesStationsCell.xib; sourceTree = "<group>"; };
		F8AD626C2591D791007249F2 /* ArrivalsDeparturesContainerViewController.swift */ = {isa = PBXFileReference; lastKnownFileType = sourcecode.swift; path = ArrivalsDeparturesContainerViewController.swift; sourceTree = "<group>"; };
		F8AD626D2591D791007249F2 /* ArrivalsDeparturesContainerViewController.xib */ = {isa = PBXFileReference; lastKnownFileType = file.xib; path = ArrivalsDeparturesContainerViewController.xib; sourceTree = "<group>"; };
		F8AD62822591DF35007249F2 /* DeparturesViewController.swift */ = {isa = PBXFileReference; lastKnownFileType = sourcecode.swift; path = DeparturesViewController.swift; sourceTree = "<group>"; };
		F8AD62832591DF35007249F2 /* DeparturesViewController.xib */ = {isa = PBXFileReference; lastKnownFileType = file.xib; path = DeparturesViewController.xib; sourceTree = "<group>"; };
		F8AD62C22591EDB5007249F2 /* Utils+Rx.swift */ = {isa = PBXFileReference; lastKnownFileType = sourcecode.swift; path = "Utils+Rx.swift"; sourceTree = "<group>"; };
		F8AD639825926977007249F2 /* TrainSectionViewController.swift */ = {isa = PBXFileReference; lastKnownFileType = sourcecode.swift; path = TrainSectionViewController.swift; sourceTree = "<group>"; };
		F8AD639925926977007249F2 /* TrainSectionViewController.xib */ = {isa = PBXFileReference; lastKnownFileType = file.xib; path = TrainSectionViewController.xib; sourceTree = "<group>"; };
		F8AD63A4259269C5007249F2 /* TrainSection+Store.swift */ = {isa = PBXFileReference; lastKnownFileType = sourcecode.swift; path = "TrainSection+Store.swift"; sourceTree = "<group>"; };
		F8B2C4972590856A002419E8 /* Home+Store.swift */ = {isa = PBXFileReference; lastKnownFileType = sourcecode.swift; path = "Home+Store.swift"; sourceTree = "<group>"; };
		F8B2C4A225908C18002419E8 /* HomeTests.swift */ = {isa = PBXFileReference; lastKnownFileType = sourcecode.swift; path = HomeTests.swift; sourceTree = "<group>"; };
		F8B2C5702590D9DC002419E8 /* ArrivalsViewController.swift */ = {isa = PBXFileReference; lastKnownFileType = sourcecode.swift; path = ArrivalsViewController.swift; sourceTree = "<group>"; };
		F8B2C5712590D9DC002419E8 /* ArrivalsViewController.xib */ = {isa = PBXFileReference; lastKnownFileType = file.xib; path = ArrivalsViewController.xib; sourceTree = "<group>"; };
		F8B2C5792590DAF6002419E8 /* ArrivalsDeparturesCell.swift */ = {isa = PBXFileReference; lastKnownFileType = sourcecode.swift; path = ArrivalsDeparturesCell.swift; sourceTree = "<group>"; };
		F8B2C57A2590DAF6002419E8 /* ArrivalsDeparturesCell.xib */ = {isa = PBXFileReference; lastKnownFileType = file.xib; path = ArrivalsDeparturesCell.xib; sourceTree = "<group>"; };
		F8B2C5852590E9CB002419E8 /* ArrivalsDepartures+Store.swift */ = {isa = PBXFileReference; lastKnownFileType = sourcecode.swift; path = "ArrivalsDepartures+Store.swift"; sourceTree = "<group>"; };
		F8C2ADFB259323B500CC88FB /* TrainSectionsTests.swift */ = {isa = PBXFileReference; lastKnownFileType = sourcecode.swift; path = TrainSectionsTests.swift; sourceTree = "<group>"; };
		F8C2AE022593329A00CC88FB /* TrainSectionCell.swift */ = {isa = PBXFileReference; lastKnownFileType = sourcecode.swift; path = TrainSectionCell.swift; sourceTree = "<group>"; };
		F8C2AE032593329A00CC88FB /* TrainSectionCell.xib */ = {isa = PBXFileReference; lastKnownFileType = file.xib; path = TrainSectionCell.xib; sourceTree = "<group>"; };
		F8C2AE172593372500CC88FB /* Mock+.swift */ = {isa = PBXFileReference; lastKnownFileType = sourcecode.swift; path = "Mock+.swift"; sourceTree = "<group>"; };
		F8ECD865B0CD3EC91C4D74D2 /* Colors.swift */ = {isa = PBXFileReference; lastKnownFileType = sourcecode.swift; path = Colors.swift; sourceTree = "<group>"; };
		FCA9EA6614503E208567B732 /* Roboto-Light.ttf */ = {isa = PBXFileReference; lastKnownFileType = file; path = "Roboto-Light.ttf"; sourceTree = "<group>"; };
		FD9A20DFE4DED2C5F1A10229 /* train_sections.json */ = {isa = PBXFileReference; lastKnownFileType = text.json; path = train_sections.json; sourceTree = "<group>"; };
		FF8CC5C78C58A757FA756519 /* Roboto-Black.ttf */ = {isa = PBXFileReference; lastKnownFileType = file; path = "Roboto-Black.ttf"; sourceTree = "<group>"; };
/* End PBXFileReference section */

/* Begin PBXFrameworksBuildPhase section */
		2BD9F042B80940AA3471624B /* Frameworks */ = {
			isa = PBXFrameworksBuildPhase;
			buildActionMask = 2147483647;
			files = (
				420E34D94EBBBEE6821BF1C0 /* Pods_Styling.framework in Frameworks */,
			);
			runOnlyForDeploymentPostprocessing = 0;
		};
		36CF7EBDDD0CA56A644261CA /* Frameworks */ = {
			isa = PBXFrameworksBuildPhase;
			buildActionMask = 2147483647;
			files = (
				F4BB7CF86D4FC81363B08E88 /* Networking.framework in Frameworks */,
			);
			runOnlyForDeploymentPostprocessing = 0;
		};
		5D98643D12908114F5172B88 /* Frameworks */ = {
			isa = PBXFrameworksBuildPhase;
			buildActionMask = 2147483647;
			files = (
				27C9F45C65304D5455BC2578 /* Styling.framework in Frameworks */,
				1532CFDE9D5F2FF2DD75FE29 /* Networking.framework in Frameworks */,
				6C1B7857397066D0F12C777F /* FileClient.framework in Frameworks */,
				4EB573FE40AE4C6682E3DFCB /* Pods_ViaggioTreno.framework in Frameworks */,
			);
			runOnlyForDeploymentPostprocessing = 0;
		};
		975B1A2DC3CD801B1B0EC8B7 /* Frameworks */ = {
			isa = PBXFrameworksBuildPhase;
			buildActionMask = 2147483647;
			files = (
				454895E5B71396355C9081E9 /* Pods_ViaggioTrenoTests.framework in Frameworks */,
			);
			runOnlyForDeploymentPostprocessing = 0;
		};
		F9A4A5D84E162F5A583464A9 /* Frameworks */ = {
			isa = PBXFrameworksBuildPhase;
			buildActionMask = 2147483647;
			files = (
				C467BC4C01DB15D1A6CE6E96 /* Pods_Networking.framework in Frameworks */,
			);
			runOnlyForDeploymentPostprocessing = 0;
		};
/* End PBXFrameworksBuildPhase section */

/* Begin PBXGroup section */
		16B9E9B2F7E4997C10B4E285 /* ViaggioTreno */ = {
			isa = PBXGroup;
			children = (
				9DC3C2D4FDA38F20A5C9A707 /* AppDelegate.swift */,
				F8AD63822592483C007249F2 /* Application+Store */,
				B357E5B710664829144B7C2A /* Features */,
				B82F09634285886586985BDA /* Resources */,
				311C76BEFFE9BCB448C60395 /* Supporting Files */,
				F8AD62C22591EDB5007249F2 /* Utils+Rx.swift */,
				E3F0638C57C372FF25025688 /* BaseViewController.swift */,
				F8C2AE172593372500CC88FB /* Mock+.swift */,
			);
			path = ViaggioTreno;
			sourceTree = "<group>";
		};
		16F0531BA9BE9F2E365554E3 /* AppTheme */ = {
			isa = PBXGroup;
			children = (
				249BB0881EAEC050E8D6DCAB /* Styling */,
			);
			path = AppTheme;
			sourceTree = "<group>";
		};
		1EF682B83E552010338D5987 /* Networking */ = {
			isa = PBXGroup;
			children = (
				DA880ADD771B128E05AB9894 /* Info.plist */,
				F86439F3C61B379D392CB409 /* APIRequest.swift */,
				0ABA60574F6C0B313B45FA3D /* Networking.swift */,
				034C4C9E0162E5793211AC82 /* URLRequests+HTTPStatusCodes.swift */,
				95F40FD0286129D12DA963FC /* Requests */,
			);
			path = Networking;
			sourceTree = "<group>";
		};
		20C66CFF3B6B960D1857F1FD /* Styles */ = {
			isa = PBXGroup;
			children = (
				3DAB1B414764A989D2A94C13 /* Button+Style.swift */,
				EBC1FDACDA1F055D0CB40D13 /* Color+Styles.swift */,
				B45D51113ADDD53C89DD1AC0 /* Image+Style.swift */,
				AAB43F563A0CB529B7EBC2F1 /* Label+Styles.swift */,
				8D0B8BD435C3F0DAB9681C7A /* TextField+Styles.swift */,
				C1DC0D051232A7DCEB9F83DF /* View+Style.swift */,
			);
			path = Styles;
			sourceTree = "<group>";
		};
		21EE21B895C8023478610F66 /* Stations */ = {
			isa = PBXGroup;
			children = (
				03F4C220B473D3390C46155F /* stations_broken.txt */,
				0FC04795D09056F5B4F16A17 /* stations.txt */,
			);
			path = Stations;
			sourceTree = "<group>";
		};
		2283DCD79696ECAB5F69305D /* Models */ = {
			isa = PBXGroup;
			children = (
				6F57DDFDDC82196347536AA9 /* User.swift */,
			);
			path = Models;
			sourceTree = "<group>";
		};
		23239C3622C034A87A1B8766 = {
			isa = PBXGroup;
			children = (
				16B9E9B2F7E4997C10B4E285 /* ViaggioTreno */,
				1EF682B83E552010338D5987 /* Networking */,
				932BE5600EC396F97D6541D4 /* FileClient */,
				16F0531BA9BE9F2E365554E3 /* AppTheme */,
				F328D411822F60ED3BDA5471 /* ViaggioTrenoTests */,
				9C1CDB66B4F684D2EEA4B0AE /* Products */,
				657433EBD362BC3A35020490 /* Pods */,
				5DCB749F81403A910DE2F5FF /* Frameworks */,
			);
			indentWidth = 4;
			sourceTree = "<group>";
			tabWidth = 4;
		};
		249BB0881EAEC050E8D6DCAB /* Styling */ = {
			isa = PBXGroup;
			children = (
				4BA26A7FABFD394F3786D495 /* AppTheme+Basic.swift */,
				1B4F48FD0BFD27BE407FF629 /* AppThemeMaterial.swift */,
				4E92143A7ECE604E1E351EC9 /* CustomColor.swift */,
				F1A0F1D61F0C66F6B04337AB /* Info.plist */,
				3562EE6B07425D6713EAE198 /* Resources */,
				20C66CFF3B6B960D1857F1FD /* Styles */,
			);
			path = Styling;
			sourceTree = "<group>";
		};
		311C76BEFFE9BCB448C60395 /* Supporting Files */ = {
			isa = PBXGroup;
			children = (
				C3806BACB5A9B6D16275B013 /* Assets.xcassets */,
				AF5A6A7E3EC335A7B21D55C7 /* Info.plist */,
				8A7E1C93E9AF42B697B359FD /* Mock */,
			);
			path = "Supporting Files";
			sourceTree = "<group>";
		};
		3562EE6B07425D6713EAE198 /* Resources */ = {
			isa = PBXGroup;
			children = (
				92B2A7E6547088F632AD67E6 /* Colors.json */,
				F8ECD865B0CD3EC91C4D74D2 /* Colors.swift */,
				4BD4F926E4F167E5DC35BA38 /* Fonts.swift */,
				F8B19A3E6404FEA5D08323A5 /* Localizable.strings */,
				EA4B01E786EA0FF0B5145C4A /* Localizable.swift */,
				B6A2B35D2CA59E14967BE8F4 /* Roboto */,
			);
			path = Resources;
			sourceTree = "<group>";
		};
		45F0101EF85EB47FCA195485 /* Header */ = {
			isa = PBXGroup;
			children = (
				B885F0D2638AD3AB9C0D42BB /* StationsSectionHeader.swift */,
				6459ED5BCCE0338E6F6B2B4F /* StationsSectionHeader.xib */,
			);
			path = Header;
			sourceTree = "<group>";
		};
		5DCB749F81403A910DE2F5FF /* Frameworks */ = {
			isa = PBXGroup;
			children = (
				542129E4FE969E5999DCE334 /* Pods_Networking.framework */,
				32B69769141FA957DA047219 /* Pods_Styling.framework */,
				DAC4F6331B67B6E2C07D23A7 /* Pods_ViaggioTreno.framework */,
				E6681FCF34DE0E2ECF6C4514 /* Pods_ViaggioTrenoTests.framework */,
			);
			name = Frameworks;
			sourceTree = "<group>";
		};
		6338D144AEA36724E00882D0 /* Stations */ = {
			isa = PBXGroup;
			children = (
				C4CB7C3BED7EDF31B1D48414 /* StationsViewController.swift */,
				18CEF1F85B78CDE910A98D88 /* StationsViewController.xib */,
				938012325729CBE485778293 /* Cell */,
				45F0101EF85EB47FCA195485 /* Header */,
				AC0250DF1AB9495AB0926989 /* Stations+Store */,
			);
			path = Stations;
			sourceTree = "<group>";
		};
		657433EBD362BC3A35020490 /* Pods */ = {
			isa = PBXGroup;
			children = (
				9E7E30B43E05B0B344B5210F /* Pods-Networking.debug.xcconfig */,
				F2C32FD03306297CE406E07E /* Pods-Networking.release.xcconfig */,
				86569F02F95CE2B6F16D557C /* Pods-Styling.debug.xcconfig */,
				37F5A9027A13A23D9B27C179 /* Pods-Styling.release.xcconfig */,
				E606D1F5AC7EFEB0A43616D1 /* Pods-ViaggioTreno.debug.xcconfig */,
				527E315A7A04A4F375ABEA5F /* Pods-ViaggioTreno.release.xcconfig */,
				761E17AF496E9EE7F2C0E049 /* Pods-ViaggioTrenoTests.debug.xcconfig */,
				B79BABE1AECFB16B4B858CCA /* Pods-ViaggioTrenoTests.release.xcconfig */,
			);
			path = Pods;
			sourceTree = "<group>";
		};
		658FDCA7E0C7D3B159464BC8 /* Departures */ = {
			isa = PBXGroup;
			children = (
				3EB664A8CE5FAD0E57E59DB7 /* departures_broken.json */,
				ADF23D1258755B3F63E0EB27 /* departures.json */,
			);
			path = Departures;
			sourceTree = "<group>";
		};
		6930662C1C5A5B4C594A135C /* Arrivals */ = {
			isa = PBXGroup;
			children = (
				5FC48DCFBF142C777D6299BB /* arrivals_broken.json */,
				C618E6451D6B748F0E55A7CC /* arrivals.json */,
			);
			path = Arrivals;
			sourceTree = "<group>";
		};
		6A467DC81FA37CD7388EDFD9 /* Stations */ = {
			isa = PBXGroup;
			children = (
				3AFD940ACEAA1ACF683C2A23 /* UIStationsTests.swift */,
				81C33707CC8241190FB4A877 /* __Snapshots__ */,
			);
			path = Stations;
			sourceTree = "<group>";
		};
		74091DA6B0C78045EF627E68 /* Home */ = {
			isa = PBXGroup;
			children = (
				F8B2C49625908553002419E8 /* Home+Store */,
				F89A10E5258D0D7F00363072 /* StationsCell */,
				A767DF0F4804A39EC7DBBA7C /* HomeViewController.swift */,
				E397BB7C92753348FECA93F8 /* HomeViewController.xib */,
			);
			path = Home;
			sourceTree = "<group>";
		};
		81C33707CC8241190FB4A877 /* __Snapshots__ */ = {
			isa = PBXGroup;
			children = (
				E8E1CD0A64439634DC8D78B8 /* UIStationsTests */,
			);
			path = __Snapshots__;
			sourceTree = "<group>";
		};
		8A7E1C93E9AF42B697B359FD /* Mock */ = {
			isa = PBXGroup;
			children = (
				6930662C1C5A5B4C594A135C /* Arrivals */,
				658FDCA7E0C7D3B159464BC8 /* Departures */,
				8B2209E7C049D76E95B93C9D /* Sections */,
				21EE21B895C8023478610F66 /* Stations */,
			);
			path = Mock;
			sourceTree = "<group>";
		};
		8B2209E7C049D76E95B93C9D /* Sections */ = {
			isa = PBXGroup;
			children = (
				C24ECB4CB466AA6A9BF415B1 /* train_sections_broken.json */,
				FD9A20DFE4DED2C5F1A10229 /* train_sections.json */,
			);
			path = Sections;
			sourceTree = "<group>";
		};
		8D029142DB8D2F5A5ED7A70F /* SnapshotTests */ = {
			isa = PBXGroup;
			children = (
				6A467DC81FA37CD7388EDFD9 /* Stations */,
			);
			path = SnapshotTests;
			sourceTree = "<group>";
		};
		932BE5600EC396F97D6541D4 /* FileClient */ = {
			isa = PBXGroup;
			children = (
				4817CCCC3016429DEA1850AA /* Favourites+FileClient.swift */,
				397EAD687DC8D23B46BC7F1C /* Fileclient.swift */,
				CF3E32329FA68593BA3C5B61 /* Info.plist */,
				2283DCD79696ECAB5F69305D /* Models */,
			);
			path = FileClient;
			sourceTree = "<group>";
		};
		938012325729CBE485778293 /* Cell */ = {
			isa = PBXGroup;
			children = (
				D0BBAF1A6307E144445B3CC4 /* StationCell.swift */,
				ED0D5FB8F8E4E90E1A52991D /* StationCell.xib */,
			);
			path = Cell;
			sourceTree = "<group>";
		};
		95F40FD0286129D12DA963FC /* Requests */ = {
			isa = PBXGroup;
			children = (
				089A3377BB316F8C2F6CD42C /* ArrivalsRequest.swift */,
				9B5CA27EFA8DD5A07447C117 /* DeparturesRequest.swift */,
				B017F938131C1E1BBD09C85C /* StationsRequest.swift */,
				288E9F08658CE805368EEB21 /* TrainSectionsRequest.swift */,
			);
			path = Requests;
			sourceTree = "<group>";
		};
		9C1CDB66B4F684D2EEA4B0AE /* Products */ = {
			isa = PBXGroup;
			children = (
				B7A215F6162A07FD4AE56453 /* FileClient.framework */,
				18D9DFE700A49CA2ED928D1F /* Networking.framework */,
				83F9E5D5B40E4D2E6CB2DFBA /* Styling.framework */,
				4028CB338F8EEB0389BDC675 /* ViaggioTreno.app */,
				BFA1411EE0EDF5AC2328E754 /* ViaggioTrenoTests.xctest */,
			);
			name = Products;
			sourceTree = "<group>";
		};
		AC0250DF1AB9495AB0926989 /* Stations+Store */ = {
			isa = PBXGroup;
			children = (
				A172DBCCCFEE0CC9F236D315 /* StationsState.swift */,
			);
			path = "Stations+Store";
			sourceTree = "<group>";
		};
		B357E5B710664829144B7C2A /* Features */ = {
			isa = PBXGroup;
			children = (
				74091DA6B0C78045EF627E68 /* Home */,
				6338D144AEA36724E00882D0 /* Stations */,
				F8B2C5512590D966002419E8 /* Arrivals-Departures */,
				F8AD639725926930007249F2 /* TrainSection */,
			);
			path = Features;
			sourceTree = "<group>";
		};
		B6A2B35D2CA59E14967BE8F4 /* Roboto */ = {
			isa = PBXGroup;
			children = (
				73E89DA2A8612DA4C85BCC31 /* LICENSE.txt */,
				FF8CC5C78C58A757FA756519 /* Roboto-Black.ttf */,
				21AF2D8D54888A7763914651 /* Roboto-BlackItalic.ttf */,
				BC8863B05D992ABB5FE47A1B /* Roboto-Bold.ttf */,
				1A1F5D3B9279B1C707C24CDC /* Roboto-BoldItalic.ttf */,
				19928D22A78D32EFC4B611A3 /* Roboto-Italic.ttf */,
				FCA9EA6614503E208567B732 /* Roboto-Light.ttf */,
				7BF02743C77A6447841A6399 /* Roboto-LightItalic.ttf */,
				729B8BB8FAA727ECAD1D9492 /* Roboto-Medium.ttf */,
				A5A3B650FCAAC965D4310938 /* Roboto-MediumItalic.ttf */,
				57D37FC3BDC6254EBBC24D82 /* Roboto-Regular.ttf */,
				5AB5F2A3B76B7E742F055D7F /* Roboto-Thin.ttf */,
				5135CCD960214E97837E8040 /* Roboto-ThinItalic.ttf */,
			);
			path = Roboto;
			sourceTree = "<group>";
		};
		B82F09634285886586985BDA /* Resources */ = {
			isa = PBXGroup;
			children = (
				17D2440C78BF41FDC99C4421 /* Localizable.strings */,
				DD0254D3A7A9C597946AF6CA /* Localizable.swift */,
			);
			path = Resources;
			sourceTree = "<group>";
		};
		C5569130BE92EE996575E9CC /* NetworkingTests */ = {
			isa = PBXGroup;
			children = (
				DBDEB0D1896E19D19A03E98D /* MockUrlProtocol.swift */,
				4EEE723229DFF212DDC3A120 /* NetworkingArrivalsTests.swift */,
				25A4BF9ECB8A5052160280B9 /* NetworkingDeparturesTests.swift */,
				E32B34D3A2D593AB85925F71 /* NetworkingStationsTests.swift */,
				4F64068A9377581783DB72F1 /* NetworkingTrainSectionsTests.swift */,
			);
			path = NetworkingTests;
			sourceTree = "<group>";
		};
		DE2290072BD45E18A91C2151 /* StationsTests */ = {
			isa = PBXGroup;
			children = (
				AE2DBBFA997BC9B3316D15B3 /* StationsTests.swift */,
			);
			path = StationsTests;
			sourceTree = "<group>";
		};
		E8E1CD0A64439634DC8D78B8 /* UIStationsTests */ = {
			isa = PBXGroup;
			children = (
				7EB6883DA38A699914BEC852 /* test_stations_favourites_and_result.1.png */,
				410940849981DCD37885BE43 /* test_stations_favourites_and_result.2.png */,
			);
			path = UIStationsTests;
			sourceTree = "<group>";
		};
		F328D411822F60ED3BDA5471 /* ViaggioTrenoTests */ = {
			isa = PBXGroup;
			children = (
				2F5A98EA3987D48324D20C48 /* Info.plist */,
				611F18186D403AE4CC0272F3 /* Difference+.swift */,
				120821F03407363AE4E0B177 /* Mock+resources.swift */,
				8D029142DB8D2F5A5ED7A70F /* SnapshotTests */,
				DE2290072BD45E18A91C2151 /* StationsTests */,
				F8B2C4A125908BEA002419E8 /* HomeTests */,
				F8AD63AA25926CDF007249F2 /* TrainSections */,
				C5569130BE92EE996575E9CC /* NetworkingTests */,
			);
			path = ViaggioTrenoTests;
			sourceTree = "<group>";
		};
		F89A10E5258D0D7F00363072 /* StationsCell */ = {
			isa = PBXGroup;
			children = (
				F89A10E6258D0DB900363072 /* FavouritesStationsCell.swift */,
				F89A10E7258D0DB900363072 /* FavouritesStationsCell.xib */,
			);
			path = StationsCell;
			sourceTree = "<group>";
		};
		F8AD627C2591DF0E007249F2 /* Arrivals */ = {
			isa = PBXGroup;
			children = (
				F8B2C5702590D9DC002419E8 /* ArrivalsViewController.swift */,
				F8B2C5712590D9DC002419E8 /* ArrivalsViewController.xib */,
			);
			path = Arrivals;
			sourceTree = "<group>";
		};
		F8AD62812591DF1D007249F2 /* Departures */ = {
			isa = PBXGroup;
			children = (
				F8AD62822591DF35007249F2 /* DeparturesViewController.swift */,
				F8AD62832591DF35007249F2 /* DeparturesViewController.xib */,
			);
			path = Departures;
			sourceTree = "<group>";
		};
		F8AD63822592483C007249F2 /* Application+Store */ = {
			isa = PBXGroup;
			children = (
				4B6277006C226E5B28C47994 /* ApplicationAction.swift */,
				0E48659D4F2221079A6283F3 /* ApplicationReducer.swift */,
				1885A07A2C5C344D38CCD462 /* ApplicationState.swift */,
				D477DF9A4C2721A9EFC5E97D /* ApplicationStore.swift */,
				173739E84B3B5BBEB3DE88A4 /* Environment.swift */,
			);
			path = "Application+Store";
			sourceTree = "<group>";
		};
		F8AD639725926930007249F2 /* TrainSection */ = {
			isa = PBXGroup;
			children = (
				F8AD63A4259269C5007249F2 /* TrainSection+Store.swift */,
				F8AD639825926977007249F2 /* TrainSectionViewController.swift */,
				F8AD639925926977007249F2 /* TrainSectionViewController.xib */,
				F8C2AE012593327A00CC88FB /* Cell */,
			);
			path = TrainSection;
			sourceTree = "<group>";
		};
		F8AD63AA25926CDF007249F2 /* TrainSections */ = {
			isa = PBXGroup;
			children = (
				F8C2ADFB259323B500CC88FB /* TrainSectionsTests.swift */,
			);
			path = TrainSections;
			sourceTree = "<group>";
		};
		F8B2C49625908553002419E8 /* Home+Store */ = {
			isa = PBXGroup;
			children = (
				F8B2C4972590856A002419E8 /* Home+Store.swift */,
			);
			path = "Home+Store";
			sourceTree = "<group>";
		};
		F8B2C4A125908BEA002419E8 /* HomeTests */ = {
			isa = PBXGroup;
			children = (
				F8B2C4A225908C18002419E8 /* HomeTests.swift */,
			);
			path = HomeTests;
			sourceTree = "<group>";
		};
		F8B2C5512590D966002419E8 /* Arrivals-Departures */ = {
			isa = PBXGroup;
			children = (
				F8B2C5852590E9CB002419E8 /* ArrivalsDepartures+Store.swift */,
				F8AD626C2591D791007249F2 /* ArrivalsDeparturesContainerViewController.swift */,
				F8AD626D2591D791007249F2 /* ArrivalsDeparturesContainerViewController.xib */,
				F8AD62812591DF1D007249F2 /* Departures */,
				F8AD627C2591DF0E007249F2 /* Arrivals */,
				F8B2C5782590DAD1002419E8 /* Cell */,
			);
			path = "Arrivals-Departures";
			sourceTree = "<group>";
		};
		F8B2C5782590DAD1002419E8 /* Cell */ = {
			isa = PBXGroup;
			children = (
				F8B2C5792590DAF6002419E8 /* ArrivalsDeparturesCell.swift */,
				F8B2C57A2590DAF6002419E8 /* ArrivalsDeparturesCell.xib */,
			);
			path = Cell;
			sourceTree = "<group>";
		};
		F8C2AE012593327A00CC88FB /* Cell */ = {
			isa = PBXGroup;
			children = (
				F8C2AE022593329A00CC88FB /* TrainSectionCell.swift */,
				F8C2AE032593329A00CC88FB /* TrainSectionCell.xib */,
			);
			path = Cell;
			sourceTree = "<group>";
		};
/* End PBXGroup section */

/* Begin PBXNativeTarget section */
		01B30C36CDD646207ECAB7F3 /* Networking */ = {
			isa = PBXNativeTarget;
			buildConfigurationList = C63D97D9C57C0467786C632B /* Build configuration list for PBXNativeTarget "Networking" */;
			buildPhases = (
				C742E2BF47284208311B43D8 /* [CP] Check Pods Manifest.lock */,
				36E8C80D04CF9A26344D9E7D /* Sources */,
				F9A4A5D84E162F5A583464A9 /* Frameworks */,
			);
			buildRules = (
			);
			dependencies = (
			);
			name = Networking;
			productName = Networking;
			productReference = 18D9DFE700A49CA2ED928D1F /* Networking.framework */;
			productType = "com.apple.product-type.framework";
		};
		4E2573C6EF332B80F017E7EB /* ViaggioTrenoTests */ = {
			isa = PBXNativeTarget;
			buildConfigurationList = 29A4F016A601B756CBA054F1 /* Build configuration list for PBXNativeTarget "ViaggioTrenoTests" */;
			buildPhases = (
				2DA59FC5AC7A5C81D21F17EC /* [CP] Check Pods Manifest.lock */,
				336E1A46A0FEEA369B6A6613 /* Sources */,
				0613139ACB597CDF78386C6A /* Resources */,
				975B1A2DC3CD801B1B0EC8B7 /* Frameworks */,
				71F4F8C91ABC39C0E16F4195 /* [CP] Embed Pods Frameworks */,
			);
			buildRules = (
			);
			dependencies = (
				F25FEC94A2BA35AC9A5E80F0 /* PBXTargetDependency */,
			);
			name = ViaggioTrenoTests;
			productName = ViaggioTrenoTests;
			productReference = BFA1411EE0EDF5AC2328E754 /* ViaggioTrenoTests.xctest */;
			productType = "com.apple.product-type.bundle.unit-test";
		};
		62E1CB155C6FFB751C7EF184 /* ViaggioTreno */ = {
			isa = PBXNativeTarget;
			buildConfigurationList = BFE105A9F18BBAC0B63B74A3 /* Build configuration list for PBXNativeTarget "ViaggioTreno" */;
			buildPhases = (
				9E418D1EF607A66EB886EB23 /* [CP] Check Pods Manifest.lock */,
				71C1C0BD9B08E1E04AA2E9DB /* Sources */,
				2674F49FB7430E810F650CE4 /* Resources */,
				5D98643D12908114F5172B88 /* Frameworks */,
				6D314FD45AD2E2E3BB1C1A84 /* Embed Frameworks */,
				3C7BDEA2B05B2981800E37F5 /* [CP] Embed Pods Frameworks */,
			);
			buildRules = (
			);
			dependencies = (
				DDABDA344A022D9CDB4CA18E /* PBXTargetDependency */,
				1960F9FB29C8C01C4BFC3790 /* PBXTargetDependency */,
				863CC691C9EB6DF3641BCA42 /* PBXTargetDependency */,
			);
			name = ViaggioTreno;
			productName = ViaggioTreno;
			productReference = 4028CB338F8EEB0389BDC675 /* ViaggioTreno.app */;
			productType = "com.apple.product-type.application";
		};
		6B0F06BC7A9BDAB737301463 /* Styling */ = {
			isa = PBXNativeTarget;
			buildConfigurationList = 4FD4A3B0CA4A7EBEFF48CE2F /* Build configuration list for PBXNativeTarget "Styling" */;
			buildPhases = (
				1C75338BD59BA5E6063F85BB /* [CP] Check Pods Manifest.lock */,
				FDF088C8894077BDA492EDCC /* Sources */,
				EF1070E60EFCF4D032F4A287 /* Resources */,
				2BD9F042B80940AA3471624B /* Frameworks */,
			);
			buildRules = (
			);
			dependencies = (
			);
			name = Styling;
			productName = Styling;
			productReference = 83F9E5D5B40E4D2E6CB2DFBA /* Styling.framework */;
			productType = "com.apple.product-type.framework";
		};
		AA4ED8DD1AE5A90CEFEC18ED /* FileClient */ = {
			isa = PBXNativeTarget;
			buildConfigurationList = 56174F93E798F1020C9905F0 /* Build configuration list for PBXNativeTarget "FileClient" */;
			buildPhases = (
				B06669CFAB82EDD95893AA29 /* Sources */,
				36CF7EBDDD0CA56A644261CA /* Frameworks */,
			);
			buildRules = (
			);
			dependencies = (
				4627DA22BB59CA80730432C1 /* PBXTargetDependency */,
			);
			name = FileClient;
			productName = FileClient;
			productReference = B7A215F6162A07FD4AE56453 /* FileClient.framework */;
			productType = "com.apple.product-type.framework";
		};
/* End PBXNativeTarget section */

/* Begin PBXProject section */
		2969355FE5D7686A5B4926CA /* Project object */ = {
			isa = PBXProject;
			attributes = {
				LastUpgradeCheck = 1020;
				TargetAttributes = {
					01B30C36CDD646207ECAB7F3 = {
						DevelopmentTeam = None;
					};
					4E2573C6EF332B80F017E7EB = {
						DevelopmentTeam = None;
					};
					6B0F06BC7A9BDAB737301463 = {
						DevelopmentTeam = None;
					};
					AA4ED8DD1AE5A90CEFEC18ED = {
						DevelopmentTeam = None;
					};
				};
			};
			buildConfigurationList = 87ED69163BFE5FABA5968BC5 /* Build configuration list for PBXProject "ViaggioTreno" */;
			compatibilityVersion = "Xcode 10.0";
			developmentRegion = en;
			hasScannedForEncodings = 0;
			knownRegions = (
				en,
				it,
			);
			mainGroup = 23239C3622C034A87A1B8766;
			productRefGroup = 9C1CDB66B4F684D2EEA4B0AE /* Products */;
			projectDirPath = "";
			projectRoot = "";
			targets = (
				AA4ED8DD1AE5A90CEFEC18ED /* FileClient */,
				01B30C36CDD646207ECAB7F3 /* Networking */,
				6B0F06BC7A9BDAB737301463 /* Styling */,
				62E1CB155C6FFB751C7EF184 /* ViaggioTreno */,
				4E2573C6EF332B80F017E7EB /* ViaggioTrenoTests */,
			);
		};
/* End PBXProject section */

/* Begin PBXResourcesBuildPhase section */
		0613139ACB597CDF78386C6A /* Resources */ = {
			isa = PBXResourcesBuildPhase;
			buildActionMask = 2147483647;
			files = (
				3C46A08FA01BEB65D5DCF922 /* test_stations_favourites_and_result.1.png in Resources */,
				E381E1C26F75B6A77DCE35AF /* test_stations_favourites_and_result.2.png in Resources */,
			);
			runOnlyForDeploymentPostprocessing = 0;
		};
		2674F49FB7430E810F650CE4 /* Resources */ = {
			isa = PBXResourcesBuildPhase;
			buildActionMask = 2147483647;
			files = (
				86AA50A89221A2F80F1417F4 /* Assets.xcassets in Resources */,
				2BCBE3972BF4FAC2CDB5150A /* HomeViewController.xib in Resources */,
				F89A10E9258D0DB900363072 /* FavouritesStationsCell.xib in Resources */,
				5292BACA9A1A9A6FC84C7638 /* Localizable.strings in Resources */,
				C74BFA133C7AAA2D80D30D75 /* StationCell.xib in Resources */,
				60A25BCBF908D3EFA0400631 /* StationsSectionHeader.xib in Resources */,
				6F0468C416C611A81AA36E43 /* StationsViewController.xib in Resources */,
				F8C2AE052593329A00CC88FB /* TrainSectionCell.xib in Resources */,
				F8B2C57C2590DAF6002419E8 /* ArrivalsDeparturesCell.xib in Resources */,
				F8B2C5732590D9DC002419E8 /* ArrivalsViewController.xib in Resources */,
				109D08A9AFFDF5884F04F980 /* arrivals.json in Resources */,
				0BCDEE7590E48782C0FD8A3B /* arrivals_broken.json in Resources */,
				F9EEE7A3D6FEF820FDCE0D75 /* departures.json in Resources */,
				330021AFCBDE1AFE1BCDB3D4 /* departures_broken.json in Resources */,
				F8AD639B25926978007249F2 /* TrainSectionViewController.xib in Resources */,
				F8AD626F2591D791007249F2 /* ArrivalsDeparturesContainerViewController.xib in Resources */,
				D887481AB8BCD949970C9B9F /* stations.txt in Resources */,
				356644C6FAD49B8DC539E1F2 /* stations_broken.txt in Resources */,
				808A869BC05BA88BA5AA4146 /* train_sections.json in Resources */,
				29FE307CB16F52DC75566C5F /* train_sections_broken.json in Resources */,
				F8AD62852591DF35007249F2 /* DeparturesViewController.xib in Resources */,
			);
			runOnlyForDeploymentPostprocessing = 0;
		};
		EF1070E60EFCF4D032F4A287 /* Resources */ = {
			isa = PBXResourcesBuildPhase;
			buildActionMask = 2147483647;
			files = (
				E55EE88DF0C9AAF1DF5B23AC /* Colors.json in Resources */,
				425C108D91A1EFE5D3CD8BF4 /* LICENSE.txt in Resources */,
				BED48CA6F9393C877744F1BB /* Localizable.strings in Resources */,
				46BBAD399109D852C78A6495 /* Roboto-Black.ttf in Resources */,
				41585FB45F8B56B051DD3E92 /* Roboto-BlackItalic.ttf in Resources */,
				03746FEDF402EC0572800DD9 /* Roboto-Bold.ttf in Resources */,
				AE2C14471D41669C835B91C3 /* Roboto-BoldItalic.ttf in Resources */,
				EE031476B3A91A663855DDB7 /* Roboto-Italic.ttf in Resources */,
				E1673879194EAFE60C0FC6CA /* Roboto-Light.ttf in Resources */,
				FAE68B41CD056D77DBC41AE2 /* Roboto-LightItalic.ttf in Resources */,
				196E343E847F04115978F393 /* Roboto-Medium.ttf in Resources */,
				87D3237F0B1092173AE294ED /* Roboto-MediumItalic.ttf in Resources */,
				C69DEA0108C99A4F8C7C59E1 /* Roboto-Regular.ttf in Resources */,
				FF171A4F92788552887E5C5E /* Roboto-Thin.ttf in Resources */,
				BA1F072E7BB830974D36A059 /* Roboto-ThinItalic.ttf in Resources */,
			);
			runOnlyForDeploymentPostprocessing = 0;
		};
/* End PBXResourcesBuildPhase section */

/* Begin PBXShellScriptBuildPhase section */
		1C75338BD59BA5E6063F85BB /* [CP] Check Pods Manifest.lock */ = {
			isa = PBXShellScriptBuildPhase;
			buildActionMask = 2147483647;
			files = (
			);
			inputFileListPaths = (
			);
			inputPaths = (
				"${PODS_PODFILE_DIR_PATH}/Podfile.lock",
				"${PODS_ROOT}/Manifest.lock",
			);
			name = "[CP] Check Pods Manifest.lock";
			outputFileListPaths = (
			);
			outputPaths = (
				"$(DERIVED_FILE_DIR)/Pods-Styling-checkManifestLockResult.txt",
			);
			runOnlyForDeploymentPostprocessing = 0;
			shellPath = /bin/sh;
			shellScript = "diff \"${PODS_PODFILE_DIR_PATH}/Podfile.lock\" \"${PODS_ROOT}/Manifest.lock\" > /dev/null\nif [ $? != 0 ] ; then\n    # print error to STDERR\n    echo \"error: The sandbox is not in sync with the Podfile.lock. Run 'pod install' or update your CocoaPods installation.\" >&2\n    exit 1\nfi\n# This output is used by Xcode 'outputs' to avoid re-running this script phase.\necho \"SUCCESS\" > \"${SCRIPT_OUTPUT_FILE_0}\"\n";
			showEnvVarsInLog = 0;
		};
		2DA59FC5AC7A5C81D21F17EC /* [CP] Check Pods Manifest.lock */ = {
			isa = PBXShellScriptBuildPhase;
			buildActionMask = 2147483647;
			files = (
			);
			inputFileListPaths = (
			);
			inputPaths = (
				"${PODS_PODFILE_DIR_PATH}/Podfile.lock",
				"${PODS_ROOT}/Manifest.lock",
			);
			name = "[CP] Check Pods Manifest.lock";
			outputFileListPaths = (
			);
			outputPaths = (
				"$(DERIVED_FILE_DIR)/Pods-ViaggioTrenoTests-checkManifestLockResult.txt",
			);
			runOnlyForDeploymentPostprocessing = 0;
			shellPath = /bin/sh;
			shellScript = "diff \"${PODS_PODFILE_DIR_PATH}/Podfile.lock\" \"${PODS_ROOT}/Manifest.lock\" > /dev/null\nif [ $? != 0 ] ; then\n    # print error to STDERR\n    echo \"error: The sandbox is not in sync with the Podfile.lock. Run 'pod install' or update your CocoaPods installation.\" >&2\n    exit 1\nfi\n# This output is used by Xcode 'outputs' to avoid re-running this script phase.\necho \"SUCCESS\" > \"${SCRIPT_OUTPUT_FILE_0}\"\n";
			showEnvVarsInLog = 0;
		};
		3C7BDEA2B05B2981800E37F5 /* [CP] Embed Pods Frameworks */ = {
			isa = PBXShellScriptBuildPhase;
			buildActionMask = 2147483647;
			files = (
			);
			inputFileListPaths = (
				"${PODS_ROOT}/Target Support Files/Pods-ViaggioTreno/Pods-ViaggioTreno-frameworks-${CONFIGURATION}-input-files.xcfilelist",
			);
			name = "[CP] Embed Pods Frameworks";
			outputFileListPaths = (
				"${PODS_ROOT}/Target Support Files/Pods-ViaggioTreno/Pods-ViaggioTreno-frameworks-${CONFIGURATION}-output-files.xcfilelist",
			);
			runOnlyForDeploymentPostprocessing = 0;
			shellPath = /bin/sh;
			shellScript = "\"${PODS_ROOT}/Target Support Files/Pods-ViaggioTreno/Pods-ViaggioTreno-frameworks.sh\"\n";
			showEnvVarsInLog = 0;
		};
		71F4F8C91ABC39C0E16F4195 /* [CP] Embed Pods Frameworks */ = {
			isa = PBXShellScriptBuildPhase;
			buildActionMask = 2147483647;
			files = (
			);
			inputFileListPaths = (
				"${PODS_ROOT}/Target Support Files/Pods-ViaggioTrenoTests/Pods-ViaggioTrenoTests-frameworks-${CONFIGURATION}-input-files.xcfilelist",
			);
			name = "[CP] Embed Pods Frameworks";
			outputFileListPaths = (
				"${PODS_ROOT}/Target Support Files/Pods-ViaggioTrenoTests/Pods-ViaggioTrenoTests-frameworks-${CONFIGURATION}-output-files.xcfilelist",
			);
			runOnlyForDeploymentPostprocessing = 0;
			shellPath = /bin/sh;
			shellScript = "\"${PODS_ROOT}/Target Support Files/Pods-ViaggioTrenoTests/Pods-ViaggioTrenoTests-frameworks.sh\"\n";
			showEnvVarsInLog = 0;
		};
		9E418D1EF607A66EB886EB23 /* [CP] Check Pods Manifest.lock */ = {
			isa = PBXShellScriptBuildPhase;
			buildActionMask = 2147483647;
			files = (
			);
			inputFileListPaths = (
			);
			inputPaths = (
				"${PODS_PODFILE_DIR_PATH}/Podfile.lock",
				"${PODS_ROOT}/Manifest.lock",
			);
			name = "[CP] Check Pods Manifest.lock";
			outputFileListPaths = (
			);
			outputPaths = (
				"$(DERIVED_FILE_DIR)/Pods-ViaggioTreno-checkManifestLockResult.txt",
			);
			runOnlyForDeploymentPostprocessing = 0;
			shellPath = /bin/sh;
			shellScript = "diff \"${PODS_PODFILE_DIR_PATH}/Podfile.lock\" \"${PODS_ROOT}/Manifest.lock\" > /dev/null\nif [ $? != 0 ] ; then\n    # print error to STDERR\n    echo \"error: The sandbox is not in sync with the Podfile.lock. Run 'pod install' or update your CocoaPods installation.\" >&2\n    exit 1\nfi\n# This output is used by Xcode 'outputs' to avoid re-running this script phase.\necho \"SUCCESS\" > \"${SCRIPT_OUTPUT_FILE_0}\"\n";
			showEnvVarsInLog = 0;
		};
		C742E2BF47284208311B43D8 /* [CP] Check Pods Manifest.lock */ = {
			isa = PBXShellScriptBuildPhase;
			buildActionMask = 2147483647;
			files = (
			);
			inputFileListPaths = (
			);
			inputPaths = (
				"${PODS_PODFILE_DIR_PATH}/Podfile.lock",
				"${PODS_ROOT}/Manifest.lock",
			);
			name = "[CP] Check Pods Manifest.lock";
			outputFileListPaths = (
			);
			outputPaths = (
				"$(DERIVED_FILE_DIR)/Pods-Networking-checkManifestLockResult.txt",
			);
			runOnlyForDeploymentPostprocessing = 0;
			shellPath = /bin/sh;
			shellScript = "diff \"${PODS_PODFILE_DIR_PATH}/Podfile.lock\" \"${PODS_ROOT}/Manifest.lock\" > /dev/null\nif [ $? != 0 ] ; then\n    # print error to STDERR\n    echo \"error: The sandbox is not in sync with the Podfile.lock. Run 'pod install' or update your CocoaPods installation.\" >&2\n    exit 1\nfi\n# This output is used by Xcode 'outputs' to avoid re-running this script phase.\necho \"SUCCESS\" > \"${SCRIPT_OUTPUT_FILE_0}\"\n";
			showEnvVarsInLog = 0;
		};
/* End PBXShellScriptBuildPhase section */

/* Begin PBXSourcesBuildPhase section */
		336E1A46A0FEEA369B6A6613 /* Sources */ = {
			isa = PBXSourcesBuildPhase;
			buildActionMask = 2147483647;
			files = (
				F43E8096F1E9DDD353B2E2F5 /* Difference+.swift in Sources */,
				3722EED1F2BD94C802B11EDB /* Mock+resources.swift in Sources */,
				F8B2C4A325908C18002419E8 /* HomeTests.swift in Sources */,
				A19DCC75B9FAD544B42A0741 /* MockUrlProtocol.swift in Sources */,
				CBA5F4A919DF2484EF54AC81 /* NetworkingArrivalsTests.swift in Sources */,
				339BC594E6AECD4065B784C5 /* NetworkingDeparturesTests.swift in Sources */,
				6673AD6E9B035330256800BA /* NetworkingStationsTests.swift in Sources */,
				8B53C22F4A783404BACF69BC /* NetworkingTrainSectionsTests.swift in Sources */,
				B9690F38B669FD49C3B16B2E /* StationsTests.swift in Sources */,
				8D1CE804D37A730F4E04A092 /* UIStationsTests.swift in Sources */,
				F8C2ADFC259323B500CC88FB /* TrainSectionsTests.swift in Sources */,
			);
			runOnlyForDeploymentPostprocessing = 0;
		};
		36E8C80D04CF9A26344D9E7D /* Sources */ = {
			isa = PBXSourcesBuildPhase;
			buildActionMask = 2147483647;
			files = (
				73231880B7986F0E581EE52E /* APIRequest.swift in Sources */,
				A1CFEAD9BE9D9C8EE7D8D0A7 /* ArrivalsRequest.swift in Sources */,
				20B671B54F5EBBE95FCF7328 /* DeparturesRequest.swift in Sources */,
				BAD5A3C65BC90E8424B7FBF8 /* Networking.swift in Sources */,
				56512152F48FCA968B2269DB /* StationsRequest.swift in Sources */,
				CA9146881FBDB796794315AD /* TrainSectionsRequest.swift in Sources */,
				A9235934E6DEC9C8703E1880 /* URLRequests+HTTPStatusCodes.swift in Sources */,
			);
			runOnlyForDeploymentPostprocessing = 0;
		};
		71C1C0BD9B08E1E04AA2E9DB /* Sources */ = {
			isa = PBXSourcesBuildPhase;
			buildActionMask = 2147483647;
			files = (
				0409491B210D5E6464CACC7F /* ApplicationAction.swift in Sources */,
				0851710126B482E777FE118A /* AppDelegate.swift in Sources */,
				F8B2C57B2590DAF6002419E8 /* ArrivalsDeparturesCell.swift in Sources */,
				7B1E9FDC5802C7BED7A8FD32 /* ApplicationReducer.swift in Sources */,
				F8C2AE182593372500CC88FB /* Mock+.swift in Sources */,
				F8B2C5862590E9CB002419E8 /* ArrivalsDepartures+Store.swift in Sources */,
				F8B2C5722590D9DC002419E8 /* ArrivalsViewController.swift in Sources */,
				F8AD626E2591D791007249F2 /* ArrivalsDeparturesContainerViewController.swift in Sources */,
				9A3408FCD3CC761B5B737E52 /* ApplicationState.swift in Sources */,
				F89A10E8258D0DB900363072 /* FavouritesStationsCell.swift in Sources */,
				F8AD63A5259269C5007249F2 /* TrainSection+Store.swift in Sources */,
				585238B3639C6F188F8177F8 /* ApplicationStore.swift in Sources */,
				DB760463E09671AAF325EAB8 /* BaseViewController.swift in Sources */,
				F8C2AE042593329A00CC88FB /* TrainSectionCell.swift in Sources */,
				F8AD62842591DF35007249F2 /* DeparturesViewController.swift in Sources */,
				649CFB07468CEC4E6316ECA5 /* Environment.swift in Sources */,
				F8B2C4982590856A002419E8 /* Home+Store.swift in Sources */,
				5FA7D43FFAC90A97A8DFA812 /* HomeViewController.swift in Sources */,
				AB44C0487505C20204466B64 /* Localizable.swift in Sources */,
				564DC8F3F2584EE8BE0F4D94 /* StationCell.swift in Sources */,
				1C8BDA58AD9AB7D0F82B0338 /* StationsSectionHeader.swift in Sources */,
				F8AD639A25926978007249F2 /* TrainSectionViewController.swift in Sources */,
				F7EEAA286804B6A9AA95BD86 /* StationsState.swift in Sources */,
				C4747CD146317DBBDC6F07FC /* StationsViewController.swift in Sources */,
				F8AD62C32591EDB5007249F2 /* Utils+Rx.swift in Sources */,
			);
			runOnlyForDeploymentPostprocessing = 0;
		};
		B06669CFAB82EDD95893AA29 /* Sources */ = {
			isa = PBXSourcesBuildPhase;
			buildActionMask = 2147483647;
			files = (
				B4BAB4167C40A01103E8A99C /* Favourites+FileClient.swift in Sources */,
				0989D5A49022952EEE52F99D /* Fileclient.swift in Sources */,
				630A71C60AAEC22FFAE68107 /* User.swift in Sources */,
			);
			runOnlyForDeploymentPostprocessing = 0;
		};
		FDF088C8894077BDA492EDCC /* Sources */ = {
			isa = PBXSourcesBuildPhase;
			buildActionMask = 2147483647;
			files = (
				4470D29D6570126C93756543 /* AppTheme+Basic.swift in Sources */,
				4FFAE1C65CD9C815C04C46B6 /* AppThemeMaterial.swift in Sources */,
				19D38B76465589F5B76900BA /* Button+Style.swift in Sources */,
				1FCFE5EE73AC4D98BC6BC8CB /* Color+Styles.swift in Sources */,
				C7A02AF73CDF50CAF371B287 /* Colors.swift in Sources */,
				57DABBD1DC705E5F36A99267 /* CustomColor.swift in Sources */,
				74C3104C3B5772C682C0C7F8 /* Fonts.swift in Sources */,
				1EA316485EF30DA2D4958A52 /* Image+Style.swift in Sources */,
				D44F33CC7564894694F30CD4 /* Label+Styles.swift in Sources */,
				FDD6896D34798BFDEA02E7D9 /* Localizable.swift in Sources */,
				ADA5DDE072E4090198BC22A7 /* TextField+Styles.swift in Sources */,
				B8002DEA8FDB47781908C5FC /* View+Style.swift in Sources */,
			);
			runOnlyForDeploymentPostprocessing = 0;
		};
/* End PBXSourcesBuildPhase section */

/* Begin PBXTargetDependency section */
		1960F9FB29C8C01C4BFC3790 /* PBXTargetDependency */ = {
			isa = PBXTargetDependency;
			target = 01B30C36CDD646207ECAB7F3 /* Networking */;
			targetProxy = CCD195B211ACB7C0ADDA6BA7 /* PBXContainerItemProxy */;
		};
		4627DA22BB59CA80730432C1 /* PBXTargetDependency */ = {
			isa = PBXTargetDependency;
			target = 01B30C36CDD646207ECAB7F3 /* Networking */;
			targetProxy = DC0DB073F788D72823ADEF6B /* PBXContainerItemProxy */;
		};
		863CC691C9EB6DF3641BCA42 /* PBXTargetDependency */ = {
			isa = PBXTargetDependency;
			target = AA4ED8DD1AE5A90CEFEC18ED /* FileClient */;
			targetProxy = D98160B060CF1C7AFADF6A6E /* PBXContainerItemProxy */;
		};
		DDABDA344A022D9CDB4CA18E /* PBXTargetDependency */ = {
			isa = PBXTargetDependency;
			target = 6B0F06BC7A9BDAB737301463 /* Styling */;
			targetProxy = 3BBA98D461F81120FBDD3C20 /* PBXContainerItemProxy */;
		};
		F25FEC94A2BA35AC9A5E80F0 /* PBXTargetDependency */ = {
			isa = PBXTargetDependency;
			target = 62E1CB155C6FFB751C7EF184 /* ViaggioTreno */;
			targetProxy = FDFF1B87AD2F2225F8E3C586 /* PBXContainerItemProxy */;
		};
/* End PBXTargetDependency section */

/* Begin PBXVariantGroup section */
		17D2440C78BF41FDC99C4421 /* Localizable.strings */ = {
			isa = PBXVariantGroup;
			children = (
				B1ADA4B56369155BCAC07029 /* en */,
				1F9A694E60D9BBC10EC94112 /* it */,
			);
			name = Localizable.strings;
			sourceTree = "<group>";
		};
		F8B19A3E6404FEA5D08323A5 /* Localizable.strings */ = {
			isa = PBXVariantGroup;
			children = (
				BC286CE0F1F4486E4E170167 /* en */,
				7106436481C2B1CAA9329A21 /* it */,
			);
			name = Localizable.strings;
			sourceTree = "<group>";
		};
/* End PBXVariantGroup section */

/* Begin XCBuildConfiguration section */
		49AE216C2813C762C56AE9E3 /* Debug */ = {
			isa = XCBuildConfiguration;
			baseConfigurationReference = 86569F02F95CE2B6F16D557C /* Pods-Styling.debug.xcconfig */;
			buildSettings = {
				CODE_SIGN_IDENTITY = "";
				CURRENT_PROJECT_VERSION = 1;
				DEFINES_MODULE = YES;
				DYLIB_COMPATIBILITY_VERSION = 1;
				DYLIB_CURRENT_VERSION = 1;
				DYLIB_INSTALL_NAME_BASE = "@rpath";
				INFOPLIST_FILE = AppTheme/Styling/Info.plist;
				INSTALL_PATH = "$(LOCAL_LIBRARY_DIR)/Frameworks";
				IPHONEOS_DEPLOYMENT_TARGET = 10.0;
				LD_RUNPATH_SEARCH_PATHS = (
					"$(inherited)",
					"@executable_path/Frameworks",
				);
				PRODUCT_BUNDLE_IDENTIFIER = com.viaggiotreno.Styling;
				SDKROOT = iphoneos;
				SKIP_INSTALL = YES;
				TARGETED_DEVICE_FAMILY = "1,2";
				VERSIONING_SYSTEM = "apple-generic";
			};
			name = Debug;
		};
		540E7FB5364682ECBD58C7EF /* Debug */ = {
			isa = XCBuildConfiguration;
			buildSettings = {
				CODE_SIGN_IDENTITY = "";
				CURRENT_PROJECT_VERSION = 1;
				DEFINES_MODULE = YES;
				DYLIB_COMPATIBILITY_VERSION = 1;
				DYLIB_CURRENT_VERSION = 1;
				DYLIB_INSTALL_NAME_BASE = "@rpath";
				INFOPLIST_FILE = FileClient/Info.plist;
				INSTALL_PATH = "$(LOCAL_LIBRARY_DIR)/Frameworks";
				IPHONEOS_DEPLOYMENT_TARGET = 10.0;
				LD_RUNPATH_SEARCH_PATHS = (
					"$(inherited)",
					"@executable_path/Frameworks",
				);
				PRODUCT_BUNDLE_IDENTIFIER = com.viaggiotreno.FileClient;
				SDKROOT = iphoneos;
				SKIP_INSTALL = YES;
				TARGETED_DEVICE_FAMILY = "1,2";
				VERSIONING_SYSTEM = "apple-generic";
			};
			name = Debug;
		};
		6797B7BB7F79FB8D46415FB3 /* Release */ = {
			isa = XCBuildConfiguration;
			buildSettings = {
				ALWAYS_SEARCH_USER_PATHS = NO;
				CLANG_ANALYZER_NONNULL = YES;
				CLANG_ANALYZER_NUMBER_OBJECT_CONVERSION = YES_AGGRESSIVE;
				CLANG_CXX_LANGUAGE_STANDARD = "gnu++14";
				CLANG_CXX_LIBRARY = "libc++";
				CLANG_ENABLE_MODULES = YES;
				CLANG_ENABLE_OBJC_ARC = YES;
				CLANG_WARN_BLOCK_CAPTURE_AUTORELEASING = YES;
				CLANG_WARN_BOOL_CONVERSION = YES;
				CLANG_WARN_COMMA = YES;
				CLANG_WARN_CONSTANT_CONVERSION = YES;
				CLANG_WARN_DEPRECATED_OBJC_IMPLEMENTATIONS = YES;
				CLANG_WARN_DIRECT_OBJC_ISA_USAGE = YES_ERROR;
				CLANG_WARN_DOCUMENTATION_COMMENTS = YES;
				CLANG_WARN_EMPTY_BODY = YES;
				CLANG_WARN_ENUM_CONVERSION = YES;
				CLANG_WARN_INFINITE_RECURSION = YES;
				CLANG_WARN_INT_CONVERSION = YES;
				CLANG_WARN_NON_LITERAL_NULL_CONVERSION = YES;
				CLANG_WARN_OBJC_IMPLICIT_RETAIN_SELF = YES;
				CLANG_WARN_OBJC_LITERAL_CONVERSION = YES;
				CLANG_WARN_OBJC_ROOT_CLASS = YES_ERROR;
				CLANG_WARN_RANGE_LOOP_ANALYSIS = YES;
				CLANG_WARN_STRICT_PROTOTYPES = YES;
				CLANG_WARN_SUSPICIOUS_MOVE = YES;
				CLANG_WARN_UNGUARDED_AVAILABILITY = YES_AGGRESSIVE;
				CLANG_WARN_UNREACHABLE_CODE = YES;
				CLANG_WARN__DUPLICATE_METHOD_MATCH = YES;
				COPY_PHASE_STRIP = NO;
				DEBUG_INFORMATION_FORMAT = "dwarf-with-dsym";
				DEVELOPMENT_TEAM = None;
				ENABLE_NS_ASSERTIONS = NO;
				ENABLE_STRICT_OBJC_MSGSEND = YES;
				GCC_C_LANGUAGE_STANDARD = gnu11;
				GCC_NO_COMMON_BLOCKS = YES;
				GCC_WARN_64_TO_32_BIT_CONVERSION = YES;
				GCC_WARN_ABOUT_RETURN_TYPE = YES_ERROR;
				GCC_WARN_UNDECLARED_SELECTOR = YES;
				GCC_WARN_UNINITIALIZED_AUTOS = YES_AGGRESSIVE;
				GCC_WARN_UNUSED_FUNCTION = YES;
				GCC_WARN_UNUSED_VARIABLE = YES;
				PRODUCT_NAME = "$(TARGET_NAME)";
				SDKROOT = iphoneos;
				SWIFT_COMPILATION_MODE = wholemodule;
				SWIFT_VERSION = 5.0;
				VALIDATE_PRODUCT = YES;
			};
			name = Release;
		};
		87F89443CE04CC33A5319C06 /* Debug */ = {
			isa = XCBuildConfiguration;
			baseConfigurationReference = 761E17AF496E9EE7F2C0E049 /* Pods-ViaggioTrenoTests.debug.xcconfig */;
			buildSettings = {
				BUNDLE_LOADER = "$(TEST_HOST)";
				INFOPLIST_FILE = ViaggioTrenoTests/Info.plist;
				IPHONEOS_DEPLOYMENT_TARGET = 10.0;
				LD_RUNPATH_SEARCH_PATHS = (
					"$(inherited)",
					"@executable_path/Frameworks",
					"@loader_path/Frameworks",
				);
				PRODUCT_BUNDLE_IDENTIFIER = com.viaggiotreno.ViaggioTrenoTests;
				SDKROOT = iphoneos;
				TARGETED_DEVICE_FAMILY = "1,2";
				TEST_HOST = "$(BUILT_PRODUCTS_DIR)/ViaggioTreno.app/ViaggioTreno";
			};
			name = Debug;
		};
		967E635F03964A21686933CE /* Debug */ = {
			isa = XCBuildConfiguration;
			buildSettings = {
				ALWAYS_SEARCH_USER_PATHS = NO;
				CLANG_ANALYZER_NONNULL = YES;
				CLANG_ANALYZER_NUMBER_OBJECT_CONVERSION = YES_AGGRESSIVE;
				CLANG_CXX_LANGUAGE_STANDARD = "gnu++14";
				CLANG_CXX_LIBRARY = "libc++";
				CLANG_ENABLE_MODULES = YES;
				CLANG_ENABLE_OBJC_ARC = YES;
				CLANG_WARN_BLOCK_CAPTURE_AUTORELEASING = YES;
				CLANG_WARN_BOOL_CONVERSION = YES;
				CLANG_WARN_COMMA = YES;
				CLANG_WARN_CONSTANT_CONVERSION = YES;
				CLANG_WARN_DEPRECATED_OBJC_IMPLEMENTATIONS = YES;
				CLANG_WARN_DIRECT_OBJC_ISA_USAGE = YES_ERROR;
				CLANG_WARN_DOCUMENTATION_COMMENTS = YES;
				CLANG_WARN_EMPTY_BODY = YES;
				CLANG_WARN_ENUM_CONVERSION = YES;
				CLANG_WARN_INFINITE_RECURSION = YES;
				CLANG_WARN_INT_CONVERSION = YES;
				CLANG_WARN_NON_LITERAL_NULL_CONVERSION = YES;
				CLANG_WARN_OBJC_IMPLICIT_RETAIN_SELF = YES;
				CLANG_WARN_OBJC_LITERAL_CONVERSION = YES;
				CLANG_WARN_OBJC_ROOT_CLASS = YES_ERROR;
				CLANG_WARN_RANGE_LOOP_ANALYSIS = YES;
				CLANG_WARN_STRICT_PROTOTYPES = YES;
				CLANG_WARN_SUSPICIOUS_MOVE = YES;
				CLANG_WARN_UNGUARDED_AVAILABILITY = YES_AGGRESSIVE;
				CLANG_WARN_UNREACHABLE_CODE = YES;
				CLANG_WARN__DUPLICATE_METHOD_MATCH = YES;
				COPY_PHASE_STRIP = NO;
				DEBUG_INFORMATION_FORMAT = dwarf;
				DEVELOPMENT_TEAM = None;
				ENABLE_STRICT_OBJC_MSGSEND = YES;
				ENABLE_TESTABILITY = YES;
				GCC_C_LANGUAGE_STANDARD = gnu11;
				GCC_DYNAMIC_NO_PIC = NO;
				GCC_NO_COMMON_BLOCKS = YES;
				GCC_OPTIMIZATION_LEVEL = 0;
				GCC_PREPROCESSOR_DEFINITIONS = (
					"$(inherited)",
					"DEBUG=1",
				);
				GCC_WARN_64_TO_32_BIT_CONVERSION = YES;
				GCC_WARN_ABOUT_RETURN_TYPE = YES_ERROR;
				GCC_WARN_UNDECLARED_SELECTOR = YES;
				GCC_WARN_UNINITIALIZED_AUTOS = YES_AGGRESSIVE;
				GCC_WARN_UNUSED_FUNCTION = YES;
				GCC_WARN_UNUSED_VARIABLE = YES;
				MTL_ENABLE_DEBUG_INFO = YES;
				ONLY_ACTIVE_ARCH = YES;
				PRODUCT_NAME = "$(TARGET_NAME)";
				SDKROOT = iphoneos;
				SWIFT_ACTIVE_COMPILATION_CONDITIONS = DEBUG;
				SWIFT_OPTIMIZATION_LEVEL = "-Onone";
				SWIFT_VERSION = 5.0;
			};
			name = Debug;
		};
		B619A7DA23496394181C2A97 /* Release */ = {
			isa = XCBuildConfiguration;
			buildSettings = {
				CODE_SIGN_IDENTITY = "";
				CURRENT_PROJECT_VERSION = 1;
				DEFINES_MODULE = YES;
				DYLIB_COMPATIBILITY_VERSION = 1;
				DYLIB_CURRENT_VERSION = 1;
				DYLIB_INSTALL_NAME_BASE = "@rpath";
				INFOPLIST_FILE = FileClient/Info.plist;
				INSTALL_PATH = "$(LOCAL_LIBRARY_DIR)/Frameworks";
				IPHONEOS_DEPLOYMENT_TARGET = 10.0;
				LD_RUNPATH_SEARCH_PATHS = (
					"$(inherited)",
					"@executable_path/Frameworks",
				);
				PRODUCT_BUNDLE_IDENTIFIER = com.viaggiotreno.FileClient;
				SDKROOT = iphoneos;
				SKIP_INSTALL = YES;
				TARGETED_DEVICE_FAMILY = "1,2";
				VERSIONING_SYSTEM = "apple-generic";
			};
			name = Release;
		};
		B8AE6BD7A736D44AF2F27E49 /* Debug */ = {
			isa = XCBuildConfiguration;
			baseConfigurationReference = 9E7E30B43E05B0B344B5210F /* Pods-Networking.debug.xcconfig */;
			buildSettings = {
				CODE_SIGN_IDENTITY = "";
				CURRENT_PROJECT_VERSION = 1;
				DEFINES_MODULE = YES;
				DYLIB_COMPATIBILITY_VERSION = 1;
				DYLIB_CURRENT_VERSION = 1;
				DYLIB_INSTALL_NAME_BASE = "@rpath";
				INFOPLIST_FILE = Networking/Info.plist;
				INSTALL_PATH = "$(LOCAL_LIBRARY_DIR)/Frameworks";
				IPHONEOS_DEPLOYMENT_TARGET = 10.0;
				LD_RUNPATH_SEARCH_PATHS = (
					"$(inherited)",
					"@executable_path/Frameworks",
				);
				PRODUCT_BUNDLE_IDENTIFIER = com.viaggiotreno.Networking;
				SDKROOT = iphoneos;
				SKIP_INSTALL = YES;
				TARGETED_DEVICE_FAMILY = "1,2";
				VERSIONING_SYSTEM = "apple-generic";
			};
			name = Debug;
		};
		C1A2548C8547639DDE0073E6 /* Release */ = {
			isa = XCBuildConfiguration;
			baseConfigurationReference = F2C32FD03306297CE406E07E /* Pods-Networking.release.xcconfig */;
			buildSettings = {
				CODE_SIGN_IDENTITY = "";
				CURRENT_PROJECT_VERSION = 1;
				DEFINES_MODULE = YES;
				DYLIB_COMPATIBILITY_VERSION = 1;
				DYLIB_CURRENT_VERSION = 1;
				DYLIB_INSTALL_NAME_BASE = "@rpath";
				INFOPLIST_FILE = Networking/Info.plist;
				INSTALL_PATH = "$(LOCAL_LIBRARY_DIR)/Frameworks";
				IPHONEOS_DEPLOYMENT_TARGET = 10.0;
				LD_RUNPATH_SEARCH_PATHS = (
					"$(inherited)",
					"@executable_path/Frameworks",
				);
				PRODUCT_BUNDLE_IDENTIFIER = com.viaggiotreno.Networking;
				SDKROOT = iphoneos;
				SKIP_INSTALL = YES;
				TARGETED_DEVICE_FAMILY = "1,2";
				VERSIONING_SYSTEM = "apple-generic";
			};
			name = Release;
		};
		CD47B59FE29CFD76FBEC5C5B /* Debug */ = {
			isa = XCBuildConfiguration;
			baseConfigurationReference = E606D1F5AC7EFEB0A43616D1 /* Pods-ViaggioTreno.debug.xcconfig */;
			buildSettings = {
				ASSETCATALOG_COMPILER_APPICON_NAME = AppIcon;
				CODE_SIGN_IDENTITY = "iPhone Developer";
				DEVELOPMENT_TEAM = XP6P798NUV;
				INFOPLIST_FILE = "ViaggioTreno/Supporting Files/Info.plist";
				IPHONEOS_DEPLOYMENT_TARGET = 10.0;
				LD_RUNPATH_SEARCH_PATHS = (
					"$(inherited)",
					"@executable_path/Frameworks",
				);
				PRODUCT_BUNDLE_IDENTIFIER = com.viaggiotreno.ViaggioTreno;
				SDKROOT = iphoneos;
				TARGETED_DEVICE_FAMILY = "1,2";
			};
			name = Debug;
		};
		CDBE561AD56EB5782038B095 /* Release */ = {
			isa = XCBuildConfiguration;
			baseConfigurationReference = 527E315A7A04A4F375ABEA5F /* Pods-ViaggioTreno.release.xcconfig */;
			buildSettings = {
				ASSETCATALOG_COMPILER_APPICON_NAME = AppIcon;
				CODE_SIGN_IDENTITY = "iPhone Developer";
				DEVELOPMENT_TEAM = XP6P798NUV;
				INFOPLIST_FILE = "ViaggioTreno/Supporting Files/Info.plist";
				IPHONEOS_DEPLOYMENT_TARGET = 10.0;
				LD_RUNPATH_SEARCH_PATHS = (
					"$(inherited)",
					"@executable_path/Frameworks",
				);
				PRODUCT_BUNDLE_IDENTIFIER = com.viaggiotreno.ViaggioTreno;
				SDKROOT = iphoneos;
				TARGETED_DEVICE_FAMILY = "1,2";
			};
			name = Release;
		};
		D0BFBC625A631AFAD5BEEB35 /* Release */ = {
			isa = XCBuildConfiguration;
			baseConfigurationReference = 37F5A9027A13A23D9B27C179 /* Pods-Styling.release.xcconfig */;
			buildSettings = {
				CODE_SIGN_IDENTITY = "";
				CURRENT_PROJECT_VERSION = 1;
				DEFINES_MODULE = YES;
				DYLIB_COMPATIBILITY_VERSION = 1;
				DYLIB_CURRENT_VERSION = 1;
				DYLIB_INSTALL_NAME_BASE = "@rpath";
				INFOPLIST_FILE = AppTheme/Styling/Info.plist;
				INSTALL_PATH = "$(LOCAL_LIBRARY_DIR)/Frameworks";
				IPHONEOS_DEPLOYMENT_TARGET = 10.0;
				LD_RUNPATH_SEARCH_PATHS = (
					"$(inherited)",
					"@executable_path/Frameworks",
				);
				PRODUCT_BUNDLE_IDENTIFIER = com.viaggiotreno.Styling;
				SDKROOT = iphoneos;
				SKIP_INSTALL = YES;
				TARGETED_DEVICE_FAMILY = "1,2";
				VERSIONING_SYSTEM = "apple-generic";
			};
			name = Release;
		};
		DAD9062B781C507632A51B9F /* Release */ = {
			isa = XCBuildConfiguration;
			baseConfigurationReference = B79BABE1AECFB16B4B858CCA /* Pods-ViaggioTrenoTests.release.xcconfig */;
			buildSettings = {
				BUNDLE_LOADER = "$(TEST_HOST)";
				INFOPLIST_FILE = ViaggioTrenoTests/Info.plist;
				IPHONEOS_DEPLOYMENT_TARGET = 10.0;
				LD_RUNPATH_SEARCH_PATHS = (
					"$(inherited)",
					"@executable_path/Frameworks",
					"@loader_path/Frameworks",
				);
				PRODUCT_BUNDLE_IDENTIFIER = com.viaggiotreno.ViaggioTrenoTests;
				SDKROOT = iphoneos;
				TARGETED_DEVICE_FAMILY = "1,2";
				TEST_HOST = "$(BUILT_PRODUCTS_DIR)/ViaggioTreno.app/ViaggioTreno";
			};
			name = Release;
		};
/* End XCBuildConfiguration section */

/* Begin XCConfigurationList section */
		29A4F016A601B756CBA054F1 /* Build configuration list for PBXNativeTarget "ViaggioTrenoTests" */ = {
			isa = XCConfigurationList;
			buildConfigurations = (
				87F89443CE04CC33A5319C06 /* Debug */,
				DAD9062B781C507632A51B9F /* Release */,
			);
			defaultConfigurationIsVisible = 0;
			defaultConfigurationName = Debug;
		};
		4FD4A3B0CA4A7EBEFF48CE2F /* Build configuration list for PBXNativeTarget "Styling" */ = {
			isa = XCConfigurationList;
			buildConfigurations = (
				49AE216C2813C762C56AE9E3 /* Debug */,
				D0BFBC625A631AFAD5BEEB35 /* Release */,
			);
			defaultConfigurationIsVisible = 0;
			defaultConfigurationName = Debug;
		};
		56174F93E798F1020C9905F0 /* Build configuration list for PBXNativeTarget "FileClient" */ = {
			isa = XCConfigurationList;
			buildConfigurations = (
				540E7FB5364682ECBD58C7EF /* Debug */,
				B619A7DA23496394181C2A97 /* Release */,
			);
			defaultConfigurationIsVisible = 0;
			defaultConfigurationName = Debug;
		};
		87ED69163BFE5FABA5968BC5 /* Build configuration list for PBXProject "ViaggioTreno" */ = {
			isa = XCConfigurationList;
			buildConfigurations = (
				967E635F03964A21686933CE /* Debug */,
				6797B7BB7F79FB8D46415FB3 /* Release */,
			);
			defaultConfigurationIsVisible = 0;
			defaultConfigurationName = Debug;
		};
		BFE105A9F18BBAC0B63B74A3 /* Build configuration list for PBXNativeTarget "ViaggioTreno" */ = {
			isa = XCConfigurationList;
			buildConfigurations = (
				CD47B59FE29CFD76FBEC5C5B /* Debug */,
				CDBE561AD56EB5782038B095 /* Release */,
			);
			defaultConfigurationIsVisible = 0;
			defaultConfigurationName = Debug;
		};
		C63D97D9C57C0467786C632B /* Build configuration list for PBXNativeTarget "Networking" */ = {
			isa = XCConfigurationList;
			buildConfigurations = (
				B8AE6BD7A736D44AF2F27E49 /* Debug */,
				C1A2548C8547639DDE0073E6 /* Release */,
			);
			defaultConfigurationIsVisible = 0;
			defaultConfigurationName = Debug;
		};
/* End XCConfigurationList section */
	};
	rootObject = 2969355FE5D7686A5B4926CA /* Project object */;
}
