// !$*UTF8*$!
{
	archiveVersion = 1;
	classes = {
	};
	objectVersion = 51;
	objects = {

/* Begin PBXBuildFile section */
		03746FEDF402EC0572800DD9 /* Roboto-Bold.ttf in Resources */ = {isa = PBXBuildFile; fileRef = BC8863B05D992ABB5FE47A1B /* Roboto-Bold.ttf */; };
		0409491B210D5E6464CACC7F /* AppAction.swift in Sources */ = {isa = PBXBuildFile; fileRef = 4B6277006C226E5B28C47994 /* AppAction.swift */; };
		04E3C5E1149D1F2040D965BD /* Features.framework in Frameworks */ = {isa = PBXBuildFile; fileRef = F43EAC77C72E5047D489179B /* Features.framework */; };
		0573E657BBF5AD686A5AC46E /* Pods_Features.framework in Frameworks */ = {isa = PBXBuildFile; fileRef = 356A92A54FA89C981A4F8143 /* Pods_Features.framework */; };
		0851710126B482E777FE118A /* AppDelegate.swift in Sources */ = {isa = PBXBuildFile; fileRef = 9DC3C2D4FDA38F20A5C9A707 /* AppDelegate.swift */; };
		0980CDDD6758064C55E584BC /* Pods_Networking.framework in Frameworks */ = {isa = PBXBuildFile; fileRef = 38638D2B2E672F097FB31A23 /* Pods_Networking.framework */; };
		1532CFDE9D5F2FF2DD75FE29 /* Networking.framework in Frameworks */ = {isa = PBXBuildFile; fileRef = 18D9DFE700A49CA2ED928D1F /* Networking.framework */; };
		196E343E847F04115978F393 /* Roboto-Medium.ttf in Resources */ = {isa = PBXBuildFile; fileRef = 729B8BB8FAA727ECAD1D9492 /* Roboto-Medium.ttf */; };
		19D38B76465589F5B76900BA /* Button+Style.swift in Sources */ = {isa = PBXBuildFile; fileRef = 3DAB1B414764A989D2A94C13 /* Button+Style.swift */; };
		1EA316485EF30DA2D4958A52 /* Image+Style.swift in Sources */ = {isa = PBXBuildFile; fileRef = B45D51113ADDD53C89DD1AC0 /* Image+Style.swift */; };
		1FCFE5EE73AC4D98BC6BC8CB /* Color+Styles.swift in Sources */ = {isa = PBXBuildFile; fileRef = EBC1FDACDA1F055D0CB40D13 /* Color+Styles.swift */; };
		27C9F45C65304D5455BC2578 /* Styling.framework in Frameworks */ = {isa = PBXBuildFile; fileRef = 83F9E5D5B40E4D2E6CB2DFBA /* Styling.framework */; };
		3116EE094FAE9E3B8B50FF41 /* Styling.framework in Frameworks */ = {isa = PBXBuildFile; fileRef = 83F9E5D5B40E4D2E6CB2DFBA /* Styling.framework */; };
		38E0CDE29FB7611909D0C3E2 /* mock_stations.txt in Resources */ = {isa = PBXBuildFile; fileRef = A11CEA81F605B1952E6F34BE /* mock_stations.txt */; };
		41585FB45F8B56B051DD3E92 /* Roboto-BlackItalic.ttf in Resources */ = {isa = PBXBuildFile; fileRef = 21AF2D8D54888A7763914651 /* Roboto-BlackItalic.ttf */; };
		425C108D91A1EFE5D3CD8BF4 /* LICENSE.txt in Resources */ = {isa = PBXBuildFile; fileRef = 73E89DA2A8612DA4C85BCC31 /* LICENSE.txt */; };
		4470D29D6570126C93756543 /* AppTheme+Basic.swift in Sources */ = {isa = PBXBuildFile; fileRef = 4BA26A7FABFD394F3786D495 /* AppTheme+Basic.swift */; };
		46BBAD399109D852C78A6495 /* Roboto-Black.ttf in Resources */ = {isa = PBXBuildFile; fileRef = FF8CC5C78C58A757FA756519 /* Roboto-Black.ttf */; };
		493CDDC0941B03D708BBB26C /* RxComposableArchitectureDemoTests.swift in Sources */ = {isa = PBXBuildFile; fileRef = C8A3125D4B64CA6FD7BB03F9 /* RxComposableArchitectureDemoTests.swift */; };
		4FFAE1C65CD9C815C04C46B6 /* AppThemeMaterial.swift in Sources */ = {isa = PBXBuildFile; fileRef = 1B4F48FD0BFD27BE407FF629 /* AppThemeMaterial.swift */; };
		57DABBD1DC705E5F36A99267 /* CustomColor.swift in Sources */ = {isa = PBXBuildFile; fileRef = 4E92143A7ECE604E1E351EC9 /* CustomColor.swift */; };
		585238B3639C6F188F8177F8 /* AppStore.swift in Sources */ = {isa = PBXBuildFile; fileRef = D477DF9A4C2721A9EFC5E97D /* AppStore.swift */; };
		5D95099B6684F6E88ED2C66D /* Networking.framework in Embed Frameworks */ = {isa = PBXBuildFile; fileRef = 18D9DFE700A49CA2ED928D1F /* Networking.framework */; settings = {ATTRIBUTES = (CodeSignOnCopy, RemoveHeadersOnCopy, ); }; };
		5EE00514F08757B5078F3A52 /* Pods_Styling.framework in Frameworks */ = {isa = PBXBuildFile; fileRef = 3E03744929384467B81A86BD /* Pods_Styling.framework */; };
		61A59109D2AE2D2992F565E3 /* ViewController.swift in Sources */ = {isa = PBXBuildFile; fileRef = DA8991712A33DA4ECB9F9BC4 /* ViewController.swift */; };
		649CFB07468CEC4E6316ECA5 /* Environment.swift in Sources */ = {isa = PBXBuildFile; fileRef = 173739E84B3B5BBEB3DE88A4 /* Environment.swift */; };
		6D903FAB6894D579BE301944 /* Login+View.swift in Sources */ = {isa = PBXBuildFile; fileRef = 8FB36E2F0C03131112DF0DA7 /* Login+View.swift */; };
		73231880B7986F0E581EE52E /* APIRequest.swift in Sources */ = {isa = PBXBuildFile; fileRef = F86439F3C61B379D392CB409 /* APIRequest.swift */; };
		74C3104C3B5772C682C0C7F8 /* Fonts.swift in Sources */ = {isa = PBXBuildFile; fileRef = 4BD4F926E4F167E5DC35BA38 /* Fonts.swift */; };
		7B1E9FDC5802C7BED7A8FD32 /* AppReducer.swift in Sources */ = {isa = PBXBuildFile; fileRef = 0E48659D4F2221079A6283F3 /* AppReducer.swift */; };
		86AA50A89221A2F80F1417F4 /* Assets.xcassets in Resources */ = {isa = PBXBuildFile; fileRef = C3806BACB5A9B6D16275B013 /* Assets.xcassets */; };
		87D3237F0B1092173AE294ED /* Roboto-MediumItalic.ttf in Resources */ = {isa = PBXBuildFile; fileRef = A5A3B650FCAAC965D4310938 /* Roboto-MediumItalic.ttf */; };
		984BD602AAF89065E68F3EC0 /* Features.framework in Embed Frameworks */ = {isa = PBXBuildFile; fileRef = F43EAC77C72E5047D489179B /* Features.framework */; settings = {ATTRIBUTES = (CodeSignOnCopy, RemoveHeadersOnCopy, ); }; };
		9A3408FCD3CC761B5B737E52 /* AppState.swift in Sources */ = {isa = PBXBuildFile; fileRef = 1885A07A2C5C344D38CCD462 /* AppState.swift */; };
		9A9A84AB61F1555F4C0BB800 /* StationsTests.swift in Sources */ = {isa = PBXBuildFile; fileRef = 2AFDE7BC669853ED378919B5 /* StationsTests.swift */; };
		9B200FA16866371ABF6A1D05 /* Login.swift in Sources */ = {isa = PBXBuildFile; fileRef = A6F45B8F6BE53E18D5EBD817 /* Login.swift */; };
		A19DCC75B9FAD544B42A0741 /* MockUrlProtocol.swift in Sources */ = {isa = PBXBuildFile; fileRef = DBDEB0D1896E19D19A03E98D /* MockUrlProtocol.swift */; };
		A9235934E6DEC9C8703E1880 /* URLRequests+.swift in Sources */ = {isa = PBXBuildFile; fileRef = 034C4C9E0162E5793211AC82 /* URLRequests+.swift */; };
		ADA5DDE072E4090198BC22A7 /* TextField+Styles.swift in Sources */ = {isa = PBXBuildFile; fileRef = 8D0B8BD435C3F0DAB9681C7A /* TextField+Styles.swift */; };
		AE2C14471D41669C835B91C3 /* Roboto-BoldItalic.ttf in Resources */ = {isa = PBXBuildFile; fileRef = 1A1F5D3B9279B1C707C24CDC /* Roboto-BoldItalic.ttf */; };
		B36B59E75597C8B1EE4F0F67 /* ViewController.xib in Resources */ = {isa = PBXBuildFile; fileRef = BEE5BFE36037BA056191B200 /* ViewController.xib */; };
		B8002DEA8FDB47781908C5FC /* View+Style.swift in Sources */ = {isa = PBXBuildFile; fileRef = C1DC0D051232A7DCEB9F83DF /* View+Style.swift */; };
		BA1F072E7BB830974D36A059 /* Roboto-ThinItalic.ttf in Resources */ = {isa = PBXBuildFile; fileRef = 5135CCD960214E97837E8040 /* Roboto-ThinItalic.ttf */; };
		BAD5A3C65BC90E8424B7FBF8 /* Networking.swift in Sources */ = {isa = PBXBuildFile; fileRef = 0ABA60574F6C0B313B45FA3D /* Networking.swift */; };
		BE561DB2C2E709B7FB655761 /* Counter.swift in Sources */ = {isa = PBXBuildFile; fileRef = C111CE7EDEFD274C5A790C84 /* Counter.swift */; };
		BED48CA6F9393C877744F1BB /* Localizable.strings in Resources */ = {isa = PBXBuildFile; fileRef = F8B19A3E6404FEA5D08323A5 /* Localizable.strings */; };
		C03A0AF529D150935F5C3896 /* Pods_ViaggioTrenoTests.framework in Frameworks */ = {isa = PBXBuildFile; fileRef = 5B8D8D36D2B88E24869604B6 /* Pods_ViaggioTrenoTests.framework */; };
		C69DEA0108C99A4F8C7C59E1 /* Roboto-Regular.ttf in Resources */ = {isa = PBXBuildFile; fileRef = 57D37FC3BDC6254EBBC24D82 /* Roboto-Regular.ttf */; };
		C7A02AF73CDF50CAF371B287 /* Colors.swift in Sources */ = {isa = PBXBuildFile; fileRef = F8ECD865B0CD3EC91C4D74D2 /* Colors.swift */; };
		CDD2D77EC323FCD849E0CC27 /* mock_stations_broken.txt in Resources */ = {isa = PBXBuildFile; fileRef = 69162551783B1D1282CD0435 /* mock_stations_broken.txt */; };
		D44F33CC7564894694F30CD4 /* Label+Styles.swift in Sources */ = {isa = PBXBuildFile; fileRef = AAB43F563A0CB529B7EBC2F1 /* Label+Styles.swift */; };
		D576715E34B543C6A65E9024 /* ViaggioTrenoTests.swift in Sources */ = {isa = PBXBuildFile; fileRef = 80D96C29BC90B7DF3DA5AF84 /* ViaggioTrenoTests.swift */; };
		E1673879194EAFE60C0FC6CA /* Roboto-Light.ttf in Resources */ = {isa = PBXBuildFile; fileRef = FCA9EA6614503E208567B732 /* Roboto-Light.ttf */; };
		E55EE88DF0C9AAF1DF5B23AC /* Colors.json in Resources */ = {isa = PBXBuildFile; fileRef = 92B2A7E6547088F632AD67E6 /* Colors.json */; };
		E6370FADC3354A035E287163 /* Pods_ViaggioTreno.framework in Frameworks */ = {isa = PBXBuildFile; fileRef = 279964715A0B4C177893E6D9 /* Pods_ViaggioTreno.framework */; };
		EBF66476ED7B180E2CEEE6E0 /* Styling.framework in Embed Frameworks */ = {isa = PBXBuildFile; fileRef = 83F9E5D5B40E4D2E6CB2DFBA /* Styling.framework */; settings = {ATTRIBUTES = (CodeSignOnCopy, RemoveHeadersOnCopy, ); }; };
		EE031476B3A91A663855DDB7 /* Roboto-Italic.ttf in Resources */ = {isa = PBXBuildFile; fileRef = 19928D22A78D32EFC4B611A3 /* Roboto-Italic.ttf */; };
		F78E4174D8ED105A9D6CCD69 /* HTTPStatusCodes.swift in Sources */ = {isa = PBXBuildFile; fileRef = 83FD67AD886DC8AB599CDBE9 /* HTTPStatusCodes.swift */; };
		F836DB0F77288026D55F9D68 /* StationsRequest.swift in Sources */ = {isa = PBXBuildFile; fileRef = D060E7AD0085D7E59097495C /* StationsRequest.swift */; };
		F8D8D69125814F2C0070DFDC /* TravelsRequest.swift in Sources */ = {isa = PBXBuildFile; fileRef = F8D8D69025814F2C0070DFDC /* TravelsRequest.swift */; };
		FAE68B41CD056D77DBC41AE2 /* Roboto-LightItalic.ttf in Resources */ = {isa = PBXBuildFile; fileRef = 7BF02743C77A6447841A6399 /* Roboto-LightItalic.ttf */; };
		FDD6896D34798BFDEA02E7D9 /* Localizable.swift in Sources */ = {isa = PBXBuildFile; fileRef = EA4B01E786EA0FF0B5145C4A /* Localizable.swift */; };
		FF171A4F92788552887E5C5E /* Roboto-Thin.ttf in Resources */ = {isa = PBXBuildFile; fileRef = 5AB5F2A3B76B7E742F055D7F /* Roboto-Thin.ttf */; };
/* End PBXBuildFile section */

/* Begin PBXContainerItemProxy section */
		01AE5F8BCA7DA4496348B9E2 /* PBXContainerItemProxy */ = {
			isa = PBXContainerItemProxy;
			containerPortal = 2969355FE5D7686A5B4926CA /* Project object */;
			proxyType = 1;
			remoteGlobalIDString = 6B0F06BC7A9BDAB737301463;
			remoteInfo = Styling;
		};
		3BBA98D461F81120FBDD3C20 /* PBXContainerItemProxy */ = {
			isa = PBXContainerItemProxy;
			containerPortal = 2969355FE5D7686A5B4926CA /* Project object */;
			proxyType = 1;
			remoteGlobalIDString = 6B0F06BC7A9BDAB737301463;
			remoteInfo = Styling;
		};
		544444329B5472F191E60746 /* PBXContainerItemProxy */ = {
			isa = PBXContainerItemProxy;
			containerPortal = 2969355FE5D7686A5B4926CA /* Project object */;
			proxyType = 1;
			remoteGlobalIDString = 708CA2D5095AD1DA003EAFBC;
			remoteInfo = Features;
		};
		CCD195B211ACB7C0ADDA6BA7 /* PBXContainerItemProxy */ = {
			isa = PBXContainerItemProxy;
			containerPortal = 2969355FE5D7686A5B4926CA /* Project object */;
			proxyType = 1;
			remoteGlobalIDString = 01B30C36CDD646207ECAB7F3;
			remoteInfo = Networking;
		};
		FDFF1B87AD2F2225F8E3C586 /* PBXContainerItemProxy */ = {
			isa = PBXContainerItemProxy;
			containerPortal = 2969355FE5D7686A5B4926CA /* Project object */;
			proxyType = 1;
			remoteGlobalIDString = 62E1CB155C6FFB751C7EF184;
			remoteInfo = ViaggioTreno;
		};
/* End PBXContainerItemProxy section */

/* Begin PBXCopyFilesBuildPhase section */
		6D314FD45AD2E2E3BB1C1A84 /* Embed Frameworks */ = {
			isa = PBXCopyFilesBuildPhase;
			buildActionMask = 2147483647;
			dstPath = "";
			dstSubfolderSpec = 10;
			files = (
				984BD602AAF89065E68F3EC0 /* Features.framework in Embed Frameworks */,
				EBF66476ED7B180E2CEEE6E0 /* Styling.framework in Embed Frameworks */,
				5D95099B6684F6E88ED2C66D /* Networking.framework in Embed Frameworks */,
			);
			name = "Embed Frameworks";
			runOnlyForDeploymentPostprocessing = 0;
		};
/* End PBXCopyFilesBuildPhase section */

/* Begin PBXFileReference section */
		034C4C9E0162E5793211AC82 /* URLRequests+.swift */ = {isa = PBXFileReference; lastKnownFileType = sourcecode.swift; path = "URLRequests+.swift"; sourceTree = "<group>"; };
		0ABA60574F6C0B313B45FA3D /* Networking.swift */ = {isa = PBXFileReference; lastKnownFileType = sourcecode.swift; path = Networking.swift; sourceTree = "<group>"; };
		0E48659D4F2221079A6283F3 /* AppReducer.swift */ = {isa = PBXFileReference; lastKnownFileType = sourcecode.swift; path = AppReducer.swift; sourceTree = "<group>"; };
		173739E84B3B5BBEB3DE88A4 /* Environment.swift */ = {isa = PBXFileReference; lastKnownFileType = sourcecode.swift; path = Environment.swift; sourceTree = "<group>"; };
		1885A07A2C5C344D38CCD462 /* AppState.swift */ = {isa = PBXFileReference; lastKnownFileType = sourcecode.swift; path = AppState.swift; sourceTree = "<group>"; };
		18D9DFE700A49CA2ED928D1F /* Networking.framework */ = {isa = PBXFileReference; explicitFileType = wrapper.framework; includeInIndex = 0; path = Networking.framework; sourceTree = BUILT_PRODUCTS_DIR; };
		19928D22A78D32EFC4B611A3 /* Roboto-Italic.ttf */ = {isa = PBXFileReference; lastKnownFileType = file; path = "Roboto-Italic.ttf"; sourceTree = "<group>"; };
		1A1F5D3B9279B1C707C24CDC /* Roboto-BoldItalic.ttf */ = {isa = PBXFileReference; lastKnownFileType = file; path = "Roboto-BoldItalic.ttf"; sourceTree = "<group>"; };
		1B4F48FD0BFD27BE407FF629 /* AppThemeMaterial.swift */ = {isa = PBXFileReference; lastKnownFileType = sourcecode.swift; path = AppThemeMaterial.swift; sourceTree = "<group>"; };
		202963CF83D27C170C007AEF /* Pods-Styling.debug.xcconfig */ = {isa = PBXFileReference; includeInIndex = 1; lastKnownFileType = text.xcconfig; name = "Pods-Styling.debug.xcconfig"; path = "Target Support Files/Pods-Styling/Pods-Styling.debug.xcconfig"; sourceTree = "<group>"; };
		21AF2D8D54888A7763914651 /* Roboto-BlackItalic.ttf */ = {isa = PBXFileReference; lastKnownFileType = file; path = "Roboto-BlackItalic.ttf"; sourceTree = "<group>"; };
		22EEF71E4287FAA8032840A3 /* Pods-ViaggioTrenoTests.debug.xcconfig */ = {isa = PBXFileReference; includeInIndex = 1; lastKnownFileType = text.xcconfig; name = "Pods-ViaggioTrenoTests.debug.xcconfig"; path = "Target Support Files/Pods-ViaggioTrenoTests/Pods-ViaggioTrenoTests.debug.xcconfig"; sourceTree = "<group>"; };
		279964715A0B4C177893E6D9 /* Pods_ViaggioTreno.framework */ = {isa = PBXFileReference; explicitFileType = wrapper.framework; includeInIndex = 0; path = Pods_ViaggioTreno.framework; sourceTree = BUILT_PRODUCTS_DIR; };
		2AFDE7BC669853ED378919B5 /* StationsTests.swift */ = {isa = PBXFileReference; lastKnownFileType = sourcecode.swift; path = StationsTests.swift; sourceTree = "<group>"; };
		2F5A98EA3987D48324D20C48 /* Info.plist */ = {isa = PBXFileReference; lastKnownFileType = text.plist; path = Info.plist; sourceTree = "<group>"; };
		354017621DDA0170FF69DCE1 /* Pods-ViaggioTreno.release.xcconfig */ = {isa = PBXFileReference; includeInIndex = 1; lastKnownFileType = text.xcconfig; name = "Pods-ViaggioTreno.release.xcconfig"; path = "Target Support Files/Pods-ViaggioTreno/Pods-ViaggioTreno.release.xcconfig"; sourceTree = "<group>"; };
		356A92A54FA89C981A4F8143 /* Pods_Features.framework */ = {isa = PBXFileReference; explicitFileType = wrapper.framework; includeInIndex = 0; path = Pods_Features.framework; sourceTree = BUILT_PRODUCTS_DIR; };
		38638D2B2E672F097FB31A23 /* Pods_Networking.framework */ = {isa = PBXFileReference; explicitFileType = wrapper.framework; includeInIndex = 0; path = Pods_Networking.framework; sourceTree = BUILT_PRODUCTS_DIR; };
		3DAB1B414764A989D2A94C13 /* Button+Style.swift */ = {isa = PBXFileReference; lastKnownFileType = sourcecode.swift; path = "Button+Style.swift"; sourceTree = "<group>"; };
		3E03744929384467B81A86BD /* Pods_Styling.framework */ = {isa = PBXFileReference; explicitFileType = wrapper.framework; includeInIndex = 0; path = Pods_Styling.framework; sourceTree = BUILT_PRODUCTS_DIR; };
		4028CB338F8EEB0389BDC675 /* ViaggioTreno.app */ = {isa = PBXFileReference; includeInIndex = 0; lastKnownFileType = wrapper.application; path = ViaggioTreno.app; sourceTree = BUILT_PRODUCTS_DIR; };
		4B6277006C226E5B28C47994 /* AppAction.swift */ = {isa = PBXFileReference; lastKnownFileType = sourcecode.swift; path = AppAction.swift; sourceTree = "<group>"; };
		4BA26A7FABFD394F3786D495 /* AppTheme+Basic.swift */ = {isa = PBXFileReference; lastKnownFileType = sourcecode.swift; path = "AppTheme+Basic.swift"; sourceTree = "<group>"; };
		4BD4F926E4F167E5DC35BA38 /* Fonts.swift */ = {isa = PBXFileReference; lastKnownFileType = sourcecode.swift; path = Fonts.swift; sourceTree = "<group>"; };
		4E92143A7ECE604E1E351EC9 /* CustomColor.swift */ = {isa = PBXFileReference; lastKnownFileType = sourcecode.swift; path = CustomColor.swift; sourceTree = "<group>"; };
		5135CCD960214E97837E8040 /* Roboto-ThinItalic.ttf */ = {isa = PBXFileReference; lastKnownFileType = file; path = "Roboto-ThinItalic.ttf"; sourceTree = "<group>"; };
		559619176D6F4D7508C96613 /* Pods-Features.release.xcconfig */ = {isa = PBXFileReference; includeInIndex = 1; lastKnownFileType = text.xcconfig; name = "Pods-Features.release.xcconfig"; path = "Target Support Files/Pods-Features/Pods-Features.release.xcconfig"; sourceTree = "<group>"; };
		57D37FC3BDC6254EBBC24D82 /* Roboto-Regular.ttf */ = {isa = PBXFileReference; lastKnownFileType = file; path = "Roboto-Regular.ttf"; sourceTree = "<group>"; };
		5AB5F2A3B76B7E742F055D7F /* Roboto-Thin.ttf */ = {isa = PBXFileReference; lastKnownFileType = file; path = "Roboto-Thin.ttf"; sourceTree = "<group>"; };
		5B8D8D36D2B88E24869604B6 /* Pods_ViaggioTrenoTests.framework */ = {isa = PBXFileReference; explicitFileType = wrapper.framework; includeInIndex = 0; path = Pods_ViaggioTrenoTests.framework; sourceTree = BUILT_PRODUCTS_DIR; };
		646C526774AEC51D94CE42BE /* Pods-ViaggioTrenoTests.release.xcconfig */ = {isa = PBXFileReference; includeInIndex = 1; lastKnownFileType = text.xcconfig; name = "Pods-ViaggioTrenoTests.release.xcconfig"; path = "Target Support Files/Pods-ViaggioTrenoTests/Pods-ViaggioTrenoTests.release.xcconfig"; sourceTree = "<group>"; };
		69162551783B1D1282CD0435 /* mock_stations_broken.txt */ = {isa = PBXFileReference; lastKnownFileType = text; path = mock_stations_broken.txt; sourceTree = "<group>"; };
		7106436481C2B1CAA9329A21 /* it */ = {isa = PBXFileReference; lastKnownFileType = text.plist.strings; name = it; path = it.lproj/Localizable.strings; sourceTree = "<group>"; };
		729B8BB8FAA727ECAD1D9492 /* Roboto-Medium.ttf */ = {isa = PBXFileReference; lastKnownFileType = file; path = "Roboto-Medium.ttf"; sourceTree = "<group>"; };
		73E89DA2A8612DA4C85BCC31 /* LICENSE.txt */ = {isa = PBXFileReference; lastKnownFileType = text; path = LICENSE.txt; sourceTree = "<group>"; };
		77969DA5BE550C2FBD39AAD8 /* Pods-Styling.release.xcconfig */ = {isa = PBXFileReference; includeInIndex = 1; lastKnownFileType = text.xcconfig; name = "Pods-Styling.release.xcconfig"; path = "Target Support Files/Pods-Styling/Pods-Styling.release.xcconfig"; sourceTree = "<group>"; };
		7BF02743C77A6447841A6399 /* Roboto-LightItalic.ttf */ = {isa = PBXFileReference; lastKnownFileType = file; path = "Roboto-LightItalic.ttf"; sourceTree = "<group>"; };
		80D96C29BC90B7DF3DA5AF84 /* ViaggioTrenoTests.swift */ = {isa = PBXFileReference; lastKnownFileType = sourcecode.swift; path = ViaggioTrenoTests.swift; sourceTree = "<group>"; };
		83F9E5D5B40E4D2E6CB2DFBA /* Styling.framework */ = {isa = PBXFileReference; explicitFileType = wrapper.framework; includeInIndex = 0; path = Styling.framework; sourceTree = BUILT_PRODUCTS_DIR; };
		83FD67AD886DC8AB599CDBE9 /* HTTPStatusCodes.swift */ = {isa = PBXFileReference; lastKnownFileType = sourcecode.swift; path = HTTPStatusCodes.swift; sourceTree = "<group>"; };
		8D0B8BD435C3F0DAB9681C7A /* TextField+Styles.swift */ = {isa = PBXFileReference; lastKnownFileType = sourcecode.swift; path = "TextField+Styles.swift"; sourceTree = "<group>"; };
		8FB36E2F0C03131112DF0DA7 /* Login+View.swift */ = {isa = PBXFileReference; lastKnownFileType = sourcecode.swift; path = "Login+View.swift"; sourceTree = "<group>"; };
		92B2A7E6547088F632AD67E6 /* Colors.json */ = {isa = PBXFileReference; lastKnownFileType = text.json; path = Colors.json; sourceTree = "<group>"; };
		99E9491BA6D8484D3B83ACEC /* Pods-Networking.debug.xcconfig */ = {isa = PBXFileReference; includeInIndex = 1; lastKnownFileType = text.xcconfig; name = "Pods-Networking.debug.xcconfig"; path = "Target Support Files/Pods-Networking/Pods-Networking.debug.xcconfig"; sourceTree = "<group>"; };
		9DC3C2D4FDA38F20A5C9A707 /* AppDelegate.swift */ = {isa = PBXFileReference; lastKnownFileType = sourcecode.swift; path = AppDelegate.swift; sourceTree = "<group>"; };
		A11CEA81F605B1952E6F34BE /* mock_stations.txt */ = {isa = PBXFileReference; lastKnownFileType = text; path = mock_stations.txt; sourceTree = "<group>"; };
		A5A3B650FCAAC965D4310938 /* Roboto-MediumItalic.ttf */ = {isa = PBXFileReference; lastKnownFileType = file; path = "Roboto-MediumItalic.ttf"; sourceTree = "<group>"; };
		A6F45B8F6BE53E18D5EBD817 /* Login.swift */ = {isa = PBXFileReference; lastKnownFileType = sourcecode.swift; path = Login.swift; sourceTree = "<group>"; };
		AAB43F563A0CB529B7EBC2F1 /* Label+Styles.swift */ = {isa = PBXFileReference; lastKnownFileType = sourcecode.swift; path = "Label+Styles.swift"; sourceTree = "<group>"; };
		AF5A6A7E3EC335A7B21D55C7 /* Info.plist */ = {isa = PBXFileReference; lastKnownFileType = text.plist; path = Info.plist; sourceTree = "<group>"; };
		B45D51113ADDD53C89DD1AC0 /* Image+Style.swift */ = {isa = PBXFileReference; lastKnownFileType = sourcecode.swift; path = "Image+Style.swift"; sourceTree = "<group>"; };
		B7A2190865DB26F04791A993 /* Info.plist */ = {isa = PBXFileReference; lastKnownFileType = text.plist; path = Info.plist; sourceTree = "<group>"; };
		BC286CE0F1F4486E4E170167 /* en */ = {isa = PBXFileReference; lastKnownFileType = text.plist.strings; name = en; path = en.lproj/Localizable.strings; sourceTree = "<group>"; };
		BC8863B05D992ABB5FE47A1B /* Roboto-Bold.ttf */ = {isa = PBXFileReference; lastKnownFileType = file; path = "Roboto-Bold.ttf"; sourceTree = "<group>"; };
		BEE5BFE36037BA056191B200 /* ViewController.xib */ = {isa = PBXFileReference; lastKnownFileType = file.xib; path = ViewController.xib; sourceTree = "<group>"; };
		BFA1411EE0EDF5AC2328E754 /* ViaggioTrenoTests.xctest */ = {isa = PBXFileReference; includeInIndex = 0; lastKnownFileType = wrapper.cfbundle; path = ViaggioTrenoTests.xctest; sourceTree = BUILT_PRODUCTS_DIR; };
		C111CE7EDEFD274C5A790C84 /* Counter.swift */ = {isa = PBXFileReference; lastKnownFileType = sourcecode.swift; path = Counter.swift; sourceTree = "<group>"; };
		C1DC0D051232A7DCEB9F83DF /* View+Style.swift */ = {isa = PBXFileReference; lastKnownFileType = sourcecode.swift; path = "View+Style.swift"; sourceTree = "<group>"; };
		C36508E1C66523B666498C6F /* Pods-Networking.release.xcconfig */ = {isa = PBXFileReference; includeInIndex = 1; lastKnownFileType = text.xcconfig; name = "Pods-Networking.release.xcconfig"; path = "Target Support Files/Pods-Networking/Pods-Networking.release.xcconfig"; sourceTree = "<group>"; };
		C3806BACB5A9B6D16275B013 /* Assets.xcassets */ = {isa = PBXFileReference; lastKnownFileType = folder.assetcatalog; path = Assets.xcassets; sourceTree = "<group>"; };
		C8A3125D4B64CA6FD7BB03F9 /* RxComposableArchitectureDemoTests.swift */ = {isa = PBXFileReference; lastKnownFileType = sourcecode.swift; path = RxComposableArchitectureDemoTests.swift; sourceTree = "<group>"; };
		C8F311B72610533AEA735AD9 /* Pods-Features.debug.xcconfig */ = {isa = PBXFileReference; includeInIndex = 1; lastKnownFileType = text.xcconfig; name = "Pods-Features.debug.xcconfig"; path = "Target Support Files/Pods-Features/Pods-Features.debug.xcconfig"; sourceTree = "<group>"; };
		D060E7AD0085D7E59097495C /* StationsRequest.swift */ = {isa = PBXFileReference; lastKnownFileType = sourcecode.swift; path = StationsRequest.swift; sourceTree = "<group>"; };
		D477DF9A4C2721A9EFC5E97D /* AppStore.swift */ = {isa = PBXFileReference; lastKnownFileType = sourcecode.swift; path = AppStore.swift; sourceTree = "<group>"; };
		DA880ADD771B128E05AB9894 /* Info.plist */ = {isa = PBXFileReference; lastKnownFileType = text.plist; path = Info.plist; sourceTree = "<group>"; };
		DA8991712A33DA4ECB9F9BC4 /* ViewController.swift */ = {isa = PBXFileReference; lastKnownFileType = sourcecode.swift; path = ViewController.swift; sourceTree = "<group>"; };
		DBDEB0D1896E19D19A03E98D /* MockUrlProtocol.swift */ = {isa = PBXFileReference; lastKnownFileType = sourcecode.swift; path = MockUrlProtocol.swift; sourceTree = "<group>"; };
		EA4B01E786EA0FF0B5145C4A /* Localizable.swift */ = {isa = PBXFileReference; lastKnownFileType = sourcecode.swift; path = Localizable.swift; sourceTree = "<group>"; };
		EBC1FDACDA1F055D0CB40D13 /* Color+Styles.swift */ = {isa = PBXFileReference; lastKnownFileType = sourcecode.swift; path = "Color+Styles.swift"; sourceTree = "<group>"; };
		F1A0F1D61F0C66F6B04337AB /* Info.plist */ = {isa = PBXFileReference; lastKnownFileType = text.plist; path = Info.plist; sourceTree = "<group>"; };
		F297E0A6DBEB9B39E9D89E61 /* Pods-ViaggioTreno.debug.xcconfig */ = {isa = PBXFileReference; includeInIndex = 1; lastKnownFileType = text.xcconfig; name = "Pods-ViaggioTreno.debug.xcconfig"; path = "Target Support Files/Pods-ViaggioTreno/Pods-ViaggioTreno.debug.xcconfig"; sourceTree = "<group>"; };
		F43EAC77C72E5047D489179B /* Features.framework */ = {isa = PBXFileReference; explicitFileType = wrapper.framework; includeInIndex = 0; path = Features.framework; sourceTree = BUILT_PRODUCTS_DIR; };
		F86439F3C61B379D392CB409 /* APIRequest.swift */ = {isa = PBXFileReference; lastKnownFileType = sourcecode.swift; path = APIRequest.swift; sourceTree = "<group>"; };
		F8D8D69025814F2C0070DFDC /* TravelsRequest.swift */ = {isa = PBXFileReference; lastKnownFileType = sourcecode.swift; path = TravelsRequest.swift; sourceTree = "<group>"; };
		F8ECD865B0CD3EC91C4D74D2 /* Colors.swift */ = {isa = PBXFileReference; lastKnownFileType = sourcecode.swift; path = Colors.swift; sourceTree = "<group>"; };
		FCA9EA6614503E208567B732 /* Roboto-Light.ttf */ = {isa = PBXFileReference; lastKnownFileType = file; path = "Roboto-Light.ttf"; sourceTree = "<group>"; };
		FF8CC5C78C58A757FA756519 /* Roboto-Black.ttf */ = {isa = PBXFileReference; lastKnownFileType = file; path = "Roboto-Black.ttf"; sourceTree = "<group>"; };
/* End PBXFileReference section */

/* Begin PBXFrameworksBuildPhase section */
		0D086710E1398D697B0AFF3E /* Frameworks */ = {
			isa = PBXFrameworksBuildPhase;
			buildActionMask = 2147483647;
			files = (
				3116EE094FAE9E3B8B50FF41 /* Styling.framework in Frameworks */,
				0573E657BBF5AD686A5AC46E /* Pods_Features.framework in Frameworks */,
			);
			runOnlyForDeploymentPostprocessing = 0;
		};
		5BAE975677E92854F1FA9EA8 /* Frameworks */ = {
			isa = PBXFrameworksBuildPhase;
			buildActionMask = 2147483647;
			files = (
				C03A0AF529D150935F5C3896 /* Pods_ViaggioTrenoTests.framework in Frameworks */,
			);
			runOnlyForDeploymentPostprocessing = 0;
		};
		5D98643D12908114F5172B88 /* Frameworks */ = {
			isa = PBXFrameworksBuildPhase;
			buildActionMask = 2147483647;
			files = (
				04E3C5E1149D1F2040D965BD /* Features.framework in Frameworks */,
				27C9F45C65304D5455BC2578 /* Styling.framework in Frameworks */,
				1532CFDE9D5F2FF2DD75FE29 /* Networking.framework in Frameworks */,
				E6370FADC3354A035E287163 /* Pods_ViaggioTreno.framework in Frameworks */,
			);
			runOnlyForDeploymentPostprocessing = 0;
		};
		62E0BC99C100F92D1D5A7F9F /* Frameworks */ = {
			isa = PBXFrameworksBuildPhase;
			buildActionMask = 2147483647;
			files = (
				5EE00514F08757B5078F3A52 /* Pods_Styling.framework in Frameworks */,
			);
			runOnlyForDeploymentPostprocessing = 0;
		};
		B745E31B9450826B9959FCBB /* Frameworks */ = {
			isa = PBXFrameworksBuildPhase;
			buildActionMask = 2147483647;
			files = (
				0980CDDD6758064C55E584BC /* Pods_Networking.framework in Frameworks */,
			);
			runOnlyForDeploymentPostprocessing = 0;
		};
/* End PBXFrameworksBuildPhase section */

/* Begin PBXGroup section */
		16B9E9B2F7E4997C10B4E285 /* ViaggioTreno */ = {
			isa = PBXGroup;
			children = (
				4B6277006C226E5B28C47994 /* AppAction.swift */,
				9DC3C2D4FDA38F20A5C9A707 /* AppDelegate.swift */,
				0E48659D4F2221079A6283F3 /* AppReducer.swift */,
				1885A07A2C5C344D38CCD462 /* AppState.swift */,
				D477DF9A4C2721A9EFC5E97D /* AppStore.swift */,
				173739E84B3B5BBEB3DE88A4 /* Environment.swift */,
				311C76BEFFE9BCB448C60395 /* Supporting Files */,
				1BFCC6C5CC1739A77999D417 /* ViewController */,
			);
			path = ViaggioTreno;
			sourceTree = "<group>";
		};
		16F0531BA9BE9F2E365554E3 /* AppTheme */ = {
			isa = PBXGroup;
			children = (
				249BB0881EAEC050E8D6DCAB /* Styling */,
			);
			path = AppTheme;
			sourceTree = "<group>";
		};
		1BFCC6C5CC1739A77999D417 /* ViewController */ = {
			isa = PBXGroup;
			children = (
				DA8991712A33DA4ECB9F9BC4 /* ViewController.swift */,
				BEE5BFE36037BA056191B200 /* ViewController.xib */,
			);
			path = ViewController;
			sourceTree = "<group>";
		};
		1EF682B83E552010338D5987 /* Networking */ = {
			isa = PBXGroup;
			children = (
				F86439F3C61B379D392CB409 /* APIRequest.swift */,
				83FD67AD886DC8AB599CDBE9 /* HTTPStatusCodes.swift */,
				DA880ADD771B128E05AB9894 /* Info.plist */,
				0ABA60574F6C0B313B45FA3D /* Networking.swift */,
				034C4C9E0162E5793211AC82 /* URLRequests+.swift */,
				95F40FD0286129D12DA963FC /* Requests */,
			);
			path = Networking;
			sourceTree = "<group>";
		};
		20C66CFF3B6B960D1857F1FD /* Styles */ = {
			isa = PBXGroup;
			children = (
				3DAB1B414764A989D2A94C13 /* Button+Style.swift */,
				EBC1FDACDA1F055D0CB40D13 /* Color+Styles.swift */,
				B45D51113ADDD53C89DD1AC0 /* Image+Style.swift */,
				AAB43F563A0CB529B7EBC2F1 /* Label+Styles.swift */,
				8D0B8BD435C3F0DAB9681C7A /* TextField+Styles.swift */,
				C1DC0D051232A7DCEB9F83DF /* View+Style.swift */,
			);
			path = Styles;
			sourceTree = "<group>";
		};
		23239C3622C034A87A1B8766 = {
			isa = PBXGroup;
			children = (
				16F0531BA9BE9F2E365554E3 /* AppTheme */,
				EE0DF479F88527BFD708E88C /* Features */,
				1EF682B83E552010338D5987 /* Networking */,
				16B9E9B2F7E4997C10B4E285 /* ViaggioTreno */,
				F328D411822F60ED3BDA5471 /* ViaggioTrenoTests */,
				9C1CDB66B4F684D2EEA4B0AE /* Products */,
				41343A9B24BAA74AB2F55AC1 /* Pods */,
				7F2482587ED2775D7FD0B2A5 /* Frameworks */,
			);
			indentWidth = 2;
			sourceTree = "<group>";
			tabWidth = 2;
		};
		249BB0881EAEC050E8D6DCAB /* Styling */ = {
			isa = PBXGroup;
			children = (
				4BA26A7FABFD394F3786D495 /* AppTheme+Basic.swift */,
				1B4F48FD0BFD27BE407FF629 /* AppThemeMaterial.swift */,
				4E92143A7ECE604E1E351EC9 /* CustomColor.swift */,
				F1A0F1D61F0C66F6B04337AB /* Info.plist */,
				3562EE6B07425D6713EAE198 /* Resources */,
				20C66CFF3B6B960D1857F1FD /* Styles */,
			);
			path = Styling;
			sourceTree = "<group>";
		};
		311C76BEFFE9BCB448C60395 /* Supporting Files */ = {
			isa = PBXGroup;
			children = (
				C3806BACB5A9B6D16275B013 /* Assets.xcassets */,
				AF5A6A7E3EC335A7B21D55C7 /* Info.plist */,
				8A7E1C93E9AF42B697B359FD /* Mock */,
			);
			path = "Supporting Files";
			sourceTree = "<group>";
		};
		3562EE6B07425D6713EAE198 /* Resources */ = {
			isa = PBXGroup;
			children = (
				92B2A7E6547088F632AD67E6 /* Colors.json */,
				F8ECD865B0CD3EC91C4D74D2 /* Colors.swift */,
				4BD4F926E4F167E5DC35BA38 /* Fonts.swift */,
				F8B19A3E6404FEA5D08323A5 /* Localizable.strings */,
				EA4B01E786EA0FF0B5145C4A /* Localizable.swift */,
				B6A2B35D2CA59E14967BE8F4 /* Roboto */,
			);
			path = Resources;
			sourceTree = "<group>";
		};
		41343A9B24BAA74AB2F55AC1 /* Pods */ = {
			isa = PBXGroup;
			children = (
				C8F311B72610533AEA735AD9 /* Pods-Features.debug.xcconfig */,
				559619176D6F4D7508C96613 /* Pods-Features.release.xcconfig */,
				99E9491BA6D8484D3B83ACEC /* Pods-Networking.debug.xcconfig */,
				C36508E1C66523B666498C6F /* Pods-Networking.release.xcconfig */,
				202963CF83D27C170C007AEF /* Pods-Styling.debug.xcconfig */,
				77969DA5BE550C2FBD39AAD8 /* Pods-Styling.release.xcconfig */,
				F297E0A6DBEB9B39E9D89E61 /* Pods-ViaggioTreno.debug.xcconfig */,
				354017621DDA0170FF69DCE1 /* Pods-ViaggioTreno.release.xcconfig */,
				22EEF71E4287FAA8032840A3 /* Pods-ViaggioTrenoTests.debug.xcconfig */,
				646C526774AEC51D94CE42BE /* Pods-ViaggioTrenoTests.release.xcconfig */,
			);
			path = Pods;
			sourceTree = "<group>";
		};
		7F2482587ED2775D7FD0B2A5 /* Frameworks */ = {
			isa = PBXGroup;
			children = (
				356A92A54FA89C981A4F8143 /* Pods_Features.framework */,
				38638D2B2E672F097FB31A23 /* Pods_Networking.framework */,
				3E03744929384467B81A86BD /* Pods_Styling.framework */,
				279964715A0B4C177893E6D9 /* Pods_ViaggioTreno.framework */,
				5B8D8D36D2B88E24869604B6 /* Pods_ViaggioTrenoTests.framework */,
			);
			name = Frameworks;
			sourceTree = "<group>";
		};
		8A7E1C93E9AF42B697B359FD /* Mock */ = {
			isa = PBXGroup;
			children = (
				69162551783B1D1282CD0435 /* mock_stations_broken.txt */,
				A11CEA81F605B1952E6F34BE /* mock_stations.txt */,
			);
			path = Mock;
			sourceTree = "<group>";
		};
		95F40FD0286129D12DA963FC /* Requests */ = {
			isa = PBXGroup;
			children = (
				D060E7AD0085D7E59097495C /* StationsRequest.swift */,
				F8D8D69025814F2C0070DFDC /* TravelsRequest.swift */,
			);
			path = Requests;
			sourceTree = "<group>";
		};
		9C1CDB66B4F684D2EEA4B0AE /* Products */ = {
			isa = PBXGroup;
			children = (
				F43EAC77C72E5047D489179B /* Features.framework */,
				18D9DFE700A49CA2ED928D1F /* Networking.framework */,
				83F9E5D5B40E4D2E6CB2DFBA /* Styling.framework */,
				4028CB338F8EEB0389BDC675 /* ViaggioTreno.app */,
				BFA1411EE0EDF5AC2328E754 /* ViaggioTrenoTests.xctest */,
			);
			name = Products;
			sourceTree = "<group>";
		};
		B6A2B35D2CA59E14967BE8F4 /* Roboto */ = {
			isa = PBXGroup;
			children = (
				73E89DA2A8612DA4C85BCC31 /* LICENSE.txt */,
				FF8CC5C78C58A757FA756519 /* Roboto-Black.ttf */,
				21AF2D8D54888A7763914651 /* Roboto-BlackItalic.ttf */,
				BC8863B05D992ABB5FE47A1B /* Roboto-Bold.ttf */,
				1A1F5D3B9279B1C707C24CDC /* Roboto-BoldItalic.ttf */,
				19928D22A78D32EFC4B611A3 /* Roboto-Italic.ttf */,
				FCA9EA6614503E208567B732 /* Roboto-Light.ttf */,
				7BF02743C77A6447841A6399 /* Roboto-LightItalic.ttf */,
				729B8BB8FAA727ECAD1D9492 /* Roboto-Medium.ttf */,
				A5A3B650FCAAC965D4310938 /* Roboto-MediumItalic.ttf */,
				57D37FC3BDC6254EBBC24D82 /* Roboto-Regular.ttf */,
				5AB5F2A3B76B7E742F055D7F /* Roboto-Thin.ttf */,
				5135CCD960214E97837E8040 /* Roboto-ThinItalic.ttf */,
			);
			path = Roboto;
			sourceTree = "<group>";
		};
		C5569130BE92EE996575E9CC /* NetworkingTests */ = {
			isa = PBXGroup;
			children = (
				DBDEB0D1896E19D19A03E98D /* MockUrlProtocol.swift */,
				2AFDE7BC669853ED378919B5 /* StationsTests.swift */,
			);
			path = NetworkingTests;
			sourceTree = "<group>";
		};
		EE0DF479F88527BFD708E88C /* Features */ = {
			isa = PBXGroup;
			children = (
				C111CE7EDEFD274C5A790C84 /* Counter.swift */,
				B7A2190865DB26F04791A993 /* Info.plist */,
				A6F45B8F6BE53E18D5EBD817 /* Login.swift */,
				8FB36E2F0C03131112DF0DA7 /* Login+View.swift */,
			);
			path = Features;
			sourceTree = "<group>";
		};
		F328D411822F60ED3BDA5471 /* ViaggioTrenoTests */ = {
			isa = PBXGroup;
			children = (
				2F5A98EA3987D48324D20C48 /* Info.plist */,
				C8A3125D4B64CA6FD7BB03F9 /* RxComposableArchitectureDemoTests.swift */,
				80D96C29BC90B7DF3DA5AF84 /* ViaggioTrenoTests.swift */,
				C5569130BE92EE996575E9CC /* NetworkingTests */,
			);
			path = ViaggioTrenoTests;
			sourceTree = "<group>";
		};
/* End PBXGroup section */

/* Begin PBXNativeTarget section */
		01B30C36CDD646207ECAB7F3 /* Networking */ = {
			isa = PBXNativeTarget;
			buildConfigurationList = C63D97D9C57C0467786C632B /* Build configuration list for PBXNativeTarget "Networking" */;
			buildPhases = (
				0414FA9BEE5C50D1F750D443 /* [CP] Check Pods Manifest.lock */,
				36E8C80D04CF9A26344D9E7D /* Sources */,
				B745E31B9450826B9959FCBB /* Frameworks */,
			);
			buildRules = (
			);
			dependencies = (
			);
			name = Networking;
			productName = Networking;
			productReference = 18D9DFE700A49CA2ED928D1F /* Networking.framework */;
			productType = "com.apple.product-type.framework";
		};
		4E2573C6EF332B80F017E7EB /* ViaggioTrenoTests */ = {
			isa = PBXNativeTarget;
			buildConfigurationList = 29A4F016A601B756CBA054F1 /* Build configuration list for PBXNativeTarget "ViaggioTrenoTests" */;
			buildPhases = (
				974E1F0F4C0DDE19C9328A58 /* [CP] Check Pods Manifest.lock */,
				336E1A46A0FEEA369B6A6613 /* Sources */,
				5BAE975677E92854F1FA9EA8 /* Frameworks */,
				43610E8EA9FBE266889389B3 /* [CP] Embed Pods Frameworks */,
			);
			buildRules = (
			);
			dependencies = (
				F25FEC94A2BA35AC9A5E80F0 /* PBXTargetDependency */,
			);
			name = ViaggioTrenoTests;
			productName = ViaggioTrenoTests;
			productReference = BFA1411EE0EDF5AC2328E754 /* ViaggioTrenoTests.xctest */;
			productType = "com.apple.product-type.bundle.unit-test";
		};
		62E1CB155C6FFB751C7EF184 /* ViaggioTreno */ = {
			isa = PBXNativeTarget;
			buildConfigurationList = BFE105A9F18BBAC0B63B74A3 /* Build configuration list for PBXNativeTarget "ViaggioTreno" */;
			buildPhases = (
				951CBFC0F7BCA209593B6904 /* [CP] Check Pods Manifest.lock */,
				71C1C0BD9B08E1E04AA2E9DB /* Sources */,
				2674F49FB7430E810F650CE4 /* Resources */,
				5D98643D12908114F5172B88 /* Frameworks */,
				6D314FD45AD2E2E3BB1C1A84 /* Embed Frameworks */,
				F61A3761659AA274764F0A6E /* [CP] Embed Pods Frameworks */,
			);
			buildRules = (
			);
			dependencies = (
				10BD59D856F62C008B543367 /* PBXTargetDependency */,
				DDABDA344A022D9CDB4CA18E /* PBXTargetDependency */,
				1960F9FB29C8C01C4BFC3790 /* PBXTargetDependency */,
			);
			name = ViaggioTreno;
			productName = ViaggioTreno;
			productReference = 4028CB338F8EEB0389BDC675 /* ViaggioTreno.app */;
			productType = "com.apple.product-type.application";
		};
		6B0F06BC7A9BDAB737301463 /* Styling */ = {
			isa = PBXNativeTarget;
			buildConfigurationList = 4FD4A3B0CA4A7EBEFF48CE2F /* Build configuration list for PBXNativeTarget "Styling" */;
			buildPhases = (
				9C35C6962CD1A75CDCF3A594 /* [CP] Check Pods Manifest.lock */,
				FDF088C8894077BDA492EDCC /* Sources */,
				EF1070E60EFCF4D032F4A287 /* Resources */,
				62E0BC99C100F92D1D5A7F9F /* Frameworks */,
			);
			buildRules = (
			);
			dependencies = (
			);
			name = Styling;
			productName = Styling;
			productReference = 83F9E5D5B40E4D2E6CB2DFBA /* Styling.framework */;
			productType = "com.apple.product-type.framework";
		};
		708CA2D5095AD1DA003EAFBC /* Features */ = {
			isa = PBXNativeTarget;
			buildConfigurationList = 125410B875737B0820B07B8F /* Build configuration list for PBXNativeTarget "Features" */;
			buildPhases = (
				9412203F132207F39E5A57B5 /* [CP] Check Pods Manifest.lock */,
				FAA581AD9ADC73DEAD17C00F /* Sources */,
				0D086710E1398D697B0AFF3E /* Frameworks */,
			);
			buildRules = (
			);
			dependencies = (
				C1F6B0A17738D147968E6121 /* PBXTargetDependency */,
			);
			name = Features;
			productName = Features;
			productReference = F43EAC77C72E5047D489179B /* Features.framework */;
			productType = "com.apple.product-type.framework";
		};
/* End PBXNativeTarget section */

/* Begin PBXProject section */
		2969355FE5D7686A5B4926CA /* Project object */ = {
			isa = PBXProject;
			attributes = {
				LastUpgradeCheck = 1020;
				TargetAttributes = {
					01B30C36CDD646207ECAB7F3 = {
						DevelopmentTeam = None;
					};
					4E2573C6EF332B80F017E7EB = {
						DevelopmentTeam = None;
					};
					62E1CB155C6FFB751C7EF184 = {
						DevelopmentTeam = None;
					};
					6B0F06BC7A9BDAB737301463 = {
						DevelopmentTeam = None;
					};
					708CA2D5095AD1DA003EAFBC = {
						DevelopmentTeam = None;
					};
				};
			};
			buildConfigurationList = 87ED69163BFE5FABA5968BC5 /* Build configuration list for PBXProject "ViaggioTreno" */;
			compatibilityVersion = "Xcode 10.0";
			developmentRegion = en;
			hasScannedForEncodings = 0;
			knownRegions = (
				en,
				it,
			);
			mainGroup = 23239C3622C034A87A1B8766;
			productRefGroup = 9C1CDB66B4F684D2EEA4B0AE /* Products */;
			projectDirPath = "";
			projectRoot = "";
			targets = (
				708CA2D5095AD1DA003EAFBC /* Features */,
				01B30C36CDD646207ECAB7F3 /* Networking */,
				6B0F06BC7A9BDAB737301463 /* Styling */,
				62E1CB155C6FFB751C7EF184 /* ViaggioTreno */,
				4E2573C6EF332B80F017E7EB /* ViaggioTrenoTests */,
			);
		};
/* End PBXProject section */

/* Begin PBXResourcesBuildPhase section */
		2674F49FB7430E810F650CE4 /* Resources */ = {
			isa = PBXResourcesBuildPhase;
			buildActionMask = 2147483647;
			files = (
				86AA50A89221A2F80F1417F4 /* Assets.xcassets in Resources */,
				B36B59E75597C8B1EE4F0F67 /* ViewController.xib in Resources */,
				38E0CDE29FB7611909D0C3E2 /* mock_stations.txt in Resources */,
				CDD2D77EC323FCD849E0CC27 /* mock_stations_broken.txt in Resources */,
			);
			runOnlyForDeploymentPostprocessing = 0;
		};
		EF1070E60EFCF4D032F4A287 /* Resources */ = {
			isa = PBXResourcesBuildPhase;
			buildActionMask = 2147483647;
			files = (
				E55EE88DF0C9AAF1DF5B23AC /* Colors.json in Resources */,
				425C108D91A1EFE5D3CD8BF4 /* LICENSE.txt in Resources */,
				BED48CA6F9393C877744F1BB /* Localizable.strings in Resources */,
				46BBAD399109D852C78A6495 /* Roboto-Black.ttf in Resources */,
				41585FB45F8B56B051DD3E92 /* Roboto-BlackItalic.ttf in Resources */,
				03746FEDF402EC0572800DD9 /* Roboto-Bold.ttf in Resources */,
				AE2C14471D41669C835B91C3 /* Roboto-BoldItalic.ttf in Resources */,
				EE031476B3A91A663855DDB7 /* Roboto-Italic.ttf in Resources */,
				E1673879194EAFE60C0FC6CA /* Roboto-Light.ttf in Resources */,
				FAE68B41CD056D77DBC41AE2 /* Roboto-LightItalic.ttf in Resources */,
				196E343E847F04115978F393 /* Roboto-Medium.ttf in Resources */,
				87D3237F0B1092173AE294ED /* Roboto-MediumItalic.ttf in Resources */,
				C69DEA0108C99A4F8C7C59E1 /* Roboto-Regular.ttf in Resources */,
				FF171A4F92788552887E5C5E /* Roboto-Thin.ttf in Resources */,
				BA1F072E7BB830974D36A059 /* Roboto-ThinItalic.ttf in Resources */,
			);
			runOnlyForDeploymentPostprocessing = 0;
		};
/* End PBXResourcesBuildPhase section */

/* Begin PBXShellScriptBuildPhase section */
		0414FA9BEE5C50D1F750D443 /* [CP] Check Pods Manifest.lock */ = {
			isa = PBXShellScriptBuildPhase;
			buildActionMask = 2147483647;
			files = (
			);
			inputFileListPaths = (
			);
			inputPaths = (
				"${PODS_PODFILE_DIR_PATH}/Podfile.lock",
				"${PODS_ROOT}/Manifest.lock",
			);
			name = "[CP] Check Pods Manifest.lock";
			outputFileListPaths = (
			);
			outputPaths = (
				"$(DERIVED_FILE_DIR)/Pods-Networking-checkManifestLockResult.txt",
			);
			runOnlyForDeploymentPostprocessing = 0;
			shellPath = /bin/sh;
			shellScript = "diff \"${PODS_PODFILE_DIR_PATH}/Podfile.lock\" \"${PODS_ROOT}/Manifest.lock\" > /dev/null\nif [ $? != 0 ] ; then\n    # print error to STDERR\n    echo \"error: The sandbox is not in sync with the Podfile.lock. Run 'pod install' or update your CocoaPods installation.\" >&2\n    exit 1\nfi\n# This output is used by Xcode 'outputs' to avoid re-running this script phase.\necho \"SUCCESS\" > \"${SCRIPT_OUTPUT_FILE_0}\"\n";
			showEnvVarsInLog = 0;
		};
		43610E8EA9FBE266889389B3 /* [CP] Embed Pods Frameworks */ = {
			isa = PBXShellScriptBuildPhase;
			buildActionMask = 2147483647;
			files = (
			);
			inputFileListPaths = (
				"${PODS_ROOT}/Target Support Files/Pods-ViaggioTrenoTests/Pods-ViaggioTrenoTests-frameworks-${CONFIGURATION}-input-files.xcfilelist",
			);
			name = "[CP] Embed Pods Frameworks";
			outputFileListPaths = (
				"${PODS_ROOT}/Target Support Files/Pods-ViaggioTrenoTests/Pods-ViaggioTrenoTests-frameworks-${CONFIGURATION}-output-files.xcfilelist",
			);
			runOnlyForDeploymentPostprocessing = 0;
			shellPath = /bin/sh;
			shellScript = "\"${PODS_ROOT}/Target Support Files/Pods-ViaggioTrenoTests/Pods-ViaggioTrenoTests-frameworks.sh\"\n";
			showEnvVarsInLog = 0;
		};
		9412203F132207F39E5A57B5 /* [CP] Check Pods Manifest.lock */ = {
			isa = PBXShellScriptBuildPhase;
			buildActionMask = 2147483647;
			files = (
			);
			inputFileListPaths = (
			);
			inputPaths = (
				"${PODS_PODFILE_DIR_PATH}/Podfile.lock",
				"${PODS_ROOT}/Manifest.lock",
			);
			name = "[CP] Check Pods Manifest.lock";
			outputFileListPaths = (
			);
			outputPaths = (
				"$(DERIVED_FILE_DIR)/Pods-Features-checkManifestLockResult.txt",
			);
			runOnlyForDeploymentPostprocessing = 0;
			shellPath = /bin/sh;
			shellScript = "diff \"${PODS_PODFILE_DIR_PATH}/Podfile.lock\" \"${PODS_ROOT}/Manifest.lock\" > /dev/null\nif [ $? != 0 ] ; then\n    # print error to STDERR\n    echo \"error: The sandbox is not in sync with the Podfile.lock. Run 'pod install' or update your CocoaPods installation.\" >&2\n    exit 1\nfi\n# This output is used by Xcode 'outputs' to avoid re-running this script phase.\necho \"SUCCESS\" > \"${SCRIPT_OUTPUT_FILE_0}\"\n";
			showEnvVarsInLog = 0;
		};
		951CBFC0F7BCA209593B6904 /* [CP] Check Pods Manifest.lock */ = {
			isa = PBXShellScriptBuildPhase;
			buildActionMask = 2147483647;
			files = (
			);
			inputFileListPaths = (
			);
			inputPaths = (
				"${PODS_PODFILE_DIR_PATH}/Podfile.lock",
				"${PODS_ROOT}/Manifest.lock",
			);
			name = "[CP] Check Pods Manifest.lock";
			outputFileListPaths = (
			);
			outputPaths = (
				"$(DERIVED_FILE_DIR)/Pods-ViaggioTreno-checkManifestLockResult.txt",
			);
			runOnlyForDeploymentPostprocessing = 0;
			shellPath = /bin/sh;
			shellScript = "diff \"${PODS_PODFILE_DIR_PATH}/Podfile.lock\" \"${PODS_ROOT}/Manifest.lock\" > /dev/null\nif [ $? != 0 ] ; then\n    # print error to STDERR\n    echo \"error: The sandbox is not in sync with the Podfile.lock. Run 'pod install' or update your CocoaPods installation.\" >&2\n    exit 1\nfi\n# This output is used by Xcode 'outputs' to avoid re-running this script phase.\necho \"SUCCESS\" > \"${SCRIPT_OUTPUT_FILE_0}\"\n";
			showEnvVarsInLog = 0;
		};
		974E1F0F4C0DDE19C9328A58 /* [CP] Check Pods Manifest.lock */ = {
			isa = PBXShellScriptBuildPhase;
			buildActionMask = 2147483647;
			files = (
			);
			inputFileListPaths = (
			);
			inputPaths = (
				"${PODS_PODFILE_DIR_PATH}/Podfile.lock",
				"${PODS_ROOT}/Manifest.lock",
			);
			name = "[CP] Check Pods Manifest.lock";
			outputFileListPaths = (
			);
			outputPaths = (
				"$(DERIVED_FILE_DIR)/Pods-ViaggioTrenoTests-checkManifestLockResult.txt",
			);
			runOnlyForDeploymentPostprocessing = 0;
			shellPath = /bin/sh;
			shellScript = "diff \"${PODS_PODFILE_DIR_PATH}/Podfile.lock\" \"${PODS_ROOT}/Manifest.lock\" > /dev/null\nif [ $? != 0 ] ; then\n    # print error to STDERR\n    echo \"error: The sandbox is not in sync with the Podfile.lock. Run 'pod install' or update your CocoaPods installation.\" >&2\n    exit 1\nfi\n# This output is used by Xcode 'outputs' to avoid re-running this script phase.\necho \"SUCCESS\" > \"${SCRIPT_OUTPUT_FILE_0}\"\n";
			showEnvVarsInLog = 0;
		};
		9C35C6962CD1A75CDCF3A594 /* [CP] Check Pods Manifest.lock */ = {
			isa = PBXShellScriptBuildPhase;
			buildActionMask = 2147483647;
			files = (
			);
			inputFileListPaths = (
			);
			inputPaths = (
				"${PODS_PODFILE_DIR_PATH}/Podfile.lock",
				"${PODS_ROOT}/Manifest.lock",
			);
			name = "[CP] Check Pods Manifest.lock";
			outputFileListPaths = (
			);
			outputPaths = (
				"$(DERIVED_FILE_DIR)/Pods-Styling-checkManifestLockResult.txt",
			);
			runOnlyForDeploymentPostprocessing = 0;
			shellPath = /bin/sh;
			shellScript = "diff \"${PODS_PODFILE_DIR_PATH}/Podfile.lock\" \"${PODS_ROOT}/Manifest.lock\" > /dev/null\nif [ $? != 0 ] ; then\n    # print error to STDERR\n    echo \"error: The sandbox is not in sync with the Podfile.lock. Run 'pod install' or update your CocoaPods installation.\" >&2\n    exit 1\nfi\n# This output is used by Xcode 'outputs' to avoid re-running this script phase.\necho \"SUCCESS\" > \"${SCRIPT_OUTPUT_FILE_0}\"\n";
			showEnvVarsInLog = 0;
		};
		F61A3761659AA274764F0A6E /* [CP] Embed Pods Frameworks */ = {
			isa = PBXShellScriptBuildPhase;
			buildActionMask = 2147483647;
			files = (
			);
			inputFileListPaths = (
				"${PODS_ROOT}/Target Support Files/Pods-ViaggioTreno/Pods-ViaggioTreno-frameworks-${CONFIGURATION}-input-files.xcfilelist",
			);
			name = "[CP] Embed Pods Frameworks";
			outputFileListPaths = (
				"${PODS_ROOT}/Target Support Files/Pods-ViaggioTreno/Pods-ViaggioTreno-frameworks-${CONFIGURATION}-output-files.xcfilelist",
			);
			runOnlyForDeploymentPostprocessing = 0;
			shellPath = /bin/sh;
			shellScript = "\"${PODS_ROOT}/Target Support Files/Pods-ViaggioTreno/Pods-ViaggioTreno-frameworks.sh\"\n";
			showEnvVarsInLog = 0;
		};
/* End PBXShellScriptBuildPhase section */

/* Begin PBXSourcesBuildPhase section */
		336E1A46A0FEEA369B6A6613 /* Sources */ = {
			isa = PBXSourcesBuildPhase;
			buildActionMask = 2147483647;
			files = (
				A19DCC75B9FAD544B42A0741 /* MockUrlProtocol.swift in Sources */,
				9A9A84AB61F1555F4C0BB800 /* StationsTests.swift in Sources */,
				493CDDC0941B03D708BBB26C /* RxComposableArchitectureDemoTests.swift in Sources */,
				D576715E34B543C6A65E9024 /* ViaggioTrenoTests.swift in Sources */,
			);
			runOnlyForDeploymentPostprocessing = 0;
		};
		36E8C80D04CF9A26344D9E7D /* Sources */ = {
			isa = PBXSourcesBuildPhase;
			buildActionMask = 2147483647;
			files = (
				73231880B7986F0E581EE52E /* APIRequest.swift in Sources */,
				F78E4174D8ED105A9D6CCD69 /* HTTPStatusCodes.swift in Sources */,
				BAD5A3C65BC90E8424B7FBF8 /* Networking.swift in Sources */,
				F836DB0F77288026D55F9D68 /* StationsRequest.swift in Sources */,
				A9235934E6DEC9C8703E1880 /* URLRequests+.swift in Sources */,
				F8D8D69125814F2C0070DFDC /* TravelsRequest.swift in Sources */,
			);
			runOnlyForDeploymentPostprocessing = 0;
		};
		71C1C0BD9B08E1E04AA2E9DB /* Sources */ = {
			isa = PBXSourcesBuildPhase;
			buildActionMask = 2147483647;
			files = (
				0409491B210D5E6464CACC7F /* AppAction.swift in Sources */,
				0851710126B482E777FE118A /* AppDelegate.swift in Sources */,
				7B1E9FDC5802C7BED7A8FD32 /* AppReducer.swift in Sources */,
				9A3408FCD3CC761B5B737E52 /* AppState.swift in Sources */,
				585238B3639C6F188F8177F8 /* AppStore.swift in Sources */,
				649CFB07468CEC4E6316ECA5 /* Environment.swift in Sources */,
				61A59109D2AE2D2992F565E3 /* ViewController.swift in Sources */,
			);
			runOnlyForDeploymentPostprocessing = 0;
		};
		FAA581AD9ADC73DEAD17C00F /* Sources */ = {
			isa = PBXSourcesBuildPhase;
			buildActionMask = 2147483647;
			files = (
				BE561DB2C2E709B7FB655761 /* Counter.swift in Sources */,
				6D903FAB6894D579BE301944 /* Login+View.swift in Sources */,
				9B200FA16866371ABF6A1D05 /* Login.swift in Sources */,
			);
			runOnlyForDeploymentPostprocessing = 0;
		};
		FDF088C8894077BDA492EDCC /* Sources */ = {
			isa = PBXSourcesBuildPhase;
			buildActionMask = 2147483647;
			files = (
				4470D29D6570126C93756543 /* AppTheme+Basic.swift in Sources */,
				4FFAE1C65CD9C815C04C46B6 /* AppThemeMaterial.swift in Sources */,
				19D38B76465589F5B76900BA /* Button+Style.swift in Sources */,
				1FCFE5EE73AC4D98BC6BC8CB /* Color+Styles.swift in Sources */,
				C7A02AF73CDF50CAF371B287 /* Colors.swift in Sources */,
				57DABBD1DC705E5F36A99267 /* CustomColor.swift in Sources */,
				74C3104C3B5772C682C0C7F8 /* Fonts.swift in Sources */,
				1EA316485EF30DA2D4958A52 /* Image+Style.swift in Sources */,
				D44F33CC7564894694F30CD4 /* Label+Styles.swift in Sources */,
				FDD6896D34798BFDEA02E7D9 /* Localizable.swift in Sources */,
				ADA5DDE072E4090198BC22A7 /* TextField+Styles.swift in Sources */,
				B8002DEA8FDB47781908C5FC /* View+Style.swift in Sources */,
			);
			runOnlyForDeploymentPostprocessing = 0;
		};
/* End PBXSourcesBuildPhase section */

/* Begin PBXTargetDependency section */
		10BD59D856F62C008B543367 /* PBXTargetDependency */ = {
			isa = PBXTargetDependency;
			target = 708CA2D5095AD1DA003EAFBC /* Features */;
			targetProxy = 544444329B5472F191E60746 /* PBXContainerItemProxy */;
		};
		1960F9FB29C8C01C4BFC3790 /* PBXTargetDependency */ = {
			isa = PBXTargetDependency;
			target = 01B30C36CDD646207ECAB7F3 /* Networking */;
			targetProxy = CCD195B211ACB7C0ADDA6BA7 /* PBXContainerItemProxy */;
		};
		C1F6B0A17738D147968E6121 /* PBXTargetDependency */ = {
			isa = PBXTargetDependency;
			target = 6B0F06BC7A9BDAB737301463 /* Styling */;
			targetProxy = 01AE5F8BCA7DA4496348B9E2 /* PBXContainerItemProxy */;
		};
		DDABDA344A022D9CDB4CA18E /* PBXTargetDependency */ = {
			isa = PBXTargetDependency;
			target = 6B0F06BC7A9BDAB737301463 /* Styling */;
			targetProxy = 3BBA98D461F81120FBDD3C20 /* PBXContainerItemProxy */;
		};
		F25FEC94A2BA35AC9A5E80F0 /* PBXTargetDependency */ = {
			isa = PBXTargetDependency;
			target = 62E1CB155C6FFB751C7EF184 /* ViaggioTreno */;
			targetProxy = FDFF1B87AD2F2225F8E3C586 /* PBXContainerItemProxy */;
		};
/* End PBXTargetDependency section */

/* Begin PBXVariantGroup section */
		F8B19A3E6404FEA5D08323A5 /* Localizable.strings */ = {
			isa = PBXVariantGroup;
			children = (
				BC286CE0F1F4486E4E170167 /* en */,
				7106436481C2B1CAA9329A21 /* it */,
			);
			name = Localizable.strings;
			sourceTree = "<group>";
		};
/* End PBXVariantGroup section */

/* Begin XCBuildConfiguration section */
		26DC860C0B94886CC86AFB34 /* Release */ = {
			isa = XCBuildConfiguration;
			baseConfigurationReference = 559619176D6F4D7508C96613 /* Pods-Features.release.xcconfig */;
			buildSettings = {
				CODE_SIGN_IDENTITY = "";
				CURRENT_PROJECT_VERSION = 1;
				DEFINES_MODULE = YES;
				DYLIB_COMPATIBILITY_VERSION = 1;
				DYLIB_CURRENT_VERSION = 1;
				DYLIB_INSTALL_NAME_BASE = "@rpath";
				INFOPLIST_FILE = Features/Info.plist;
				INSTALL_PATH = "$(LOCAL_LIBRARY_DIR)/Frameworks";
				IPHONEOS_DEPLOYMENT_TARGET = 10.0;
				LD_RUNPATH_SEARCH_PATHS = (
					"$(inherited)",
					"@executable_path/Frameworks",
				);
				PRODUCT_BUNDLE_IDENTIFIER = com.viaggiotreno.Features;
				SDKROOT = iphoneos;
				SKIP_INSTALL = YES;
				TARGETED_DEVICE_FAMILY = "1,2";
				VERSIONING_SYSTEM = "apple-generic";
			};
			name = Release;
		};
		49AE216C2813C762C56AE9E3 /* Debug */ = {
			isa = XCBuildConfiguration;
			baseConfigurationReference = 202963CF83D27C170C007AEF /* Pods-Styling.debug.xcconfig */;
			buildSettings = {
				CODE_SIGN_IDENTITY = "";
				CURRENT_PROJECT_VERSION = 1;
				DEFINES_MODULE = YES;
				DYLIB_COMPATIBILITY_VERSION = 1;
				DYLIB_CURRENT_VERSION = 1;
				DYLIB_INSTALL_NAME_BASE = "@rpath";
				INFOPLIST_FILE = AppTheme/Styling/Info.plist;
				INSTALL_PATH = "$(LOCAL_LIBRARY_DIR)/Frameworks";
				IPHONEOS_DEPLOYMENT_TARGET = 10.0;
				LD_RUNPATH_SEARCH_PATHS = (
					"$(inherited)",
					"@executable_path/Frameworks",
				);
				PRODUCT_BUNDLE_IDENTIFIER = com.viaggiotreno.Styling;
				SDKROOT = iphoneos;
				SKIP_INSTALL = YES;
				TARGETED_DEVICE_FAMILY = "1,2";
				VERSIONING_SYSTEM = "apple-generic";
			};
			name = Debug;
		};
		6797B7BB7F79FB8D46415FB3 /* Release */ = {
			isa = XCBuildConfiguration;
			buildSettings = {
				ALWAYS_SEARCH_USER_PATHS = NO;
				CLANG_ANALYZER_NONNULL = YES;
				CLANG_ANALYZER_NUMBER_OBJECT_CONVERSION = YES_AGGRESSIVE;
				CLANG_CXX_LANGUAGE_STANDARD = "gnu++14";
				CLANG_CXX_LIBRARY = "libc++";
				CLANG_ENABLE_MODULES = YES;
				CLANG_ENABLE_OBJC_ARC = YES;
				CLANG_WARN_BLOCK_CAPTURE_AUTORELEASING = YES;
				CLANG_WARN_BOOL_CONVERSION = YES;
				CLANG_WARN_COMMA = YES;
				CLANG_WARN_CONSTANT_CONVERSION = YES;
				CLANG_WARN_DEPRECATED_OBJC_IMPLEMENTATIONS = YES;
				CLANG_WARN_DIRECT_OBJC_ISA_USAGE = YES_ERROR;
				CLANG_WARN_DOCUMENTATION_COMMENTS = YES;
				CLANG_WARN_EMPTY_BODY = YES;
				CLANG_WARN_ENUM_CONVERSION = YES;
				CLANG_WARN_INFINITE_RECURSION = YES;
				CLANG_WARN_INT_CONVERSION = YES;
				CLANG_WARN_NON_LITERAL_NULL_CONVERSION = YES;
				CLANG_WARN_OBJC_IMPLICIT_RETAIN_SELF = YES;
				CLANG_WARN_OBJC_LITERAL_CONVERSION = YES;
				CLANG_WARN_OBJC_ROOT_CLASS = YES_ERROR;
				CLANG_WARN_RANGE_LOOP_ANALYSIS = YES;
				CLANG_WARN_STRICT_PROTOTYPES = YES;
				CLANG_WARN_SUSPICIOUS_MOVE = YES;
				CLANG_WARN_UNGUARDED_AVAILABILITY = YES_AGGRESSIVE;
				CLANG_WARN_UNREACHABLE_CODE = YES;
				CLANG_WARN__DUPLICATE_METHOD_MATCH = YES;
				COPY_PHASE_STRIP = NO;
				DEBUG_INFORMATION_FORMAT = "dwarf-with-dsym";
				DEVELOPMENT_TEAM = None;
				ENABLE_NS_ASSERTIONS = NO;
				ENABLE_STRICT_OBJC_MSGSEND = YES;
				GCC_C_LANGUAGE_STANDARD = gnu11;
				GCC_NO_COMMON_BLOCKS = YES;
				GCC_WARN_64_TO_32_BIT_CONVERSION = YES;
				GCC_WARN_ABOUT_RETURN_TYPE = YES_ERROR;
				GCC_WARN_UNDECLARED_SELECTOR = YES;
				GCC_WARN_UNINITIALIZED_AUTOS = YES_AGGRESSIVE;
				GCC_WARN_UNUSED_FUNCTION = YES;
				GCC_WARN_UNUSED_VARIABLE = YES;
				PRODUCT_NAME = "$(TARGET_NAME)";
				SDKROOT = iphoneos;
				SWIFT_COMPILATION_MODE = wholemodule;
				SWIFT_VERSION = 5.0;
				VALIDATE_PRODUCT = YES;
			};
			name = Release;
		};
		71CAFE98A9C943E22FFDAD84 /* Debug */ = {
			isa = XCBuildConfiguration;
			baseConfigurationReference = C8F311B72610533AEA735AD9 /* Pods-Features.debug.xcconfig */;
			buildSettings = {
				CODE_SIGN_IDENTITY = "";
				CURRENT_PROJECT_VERSION = 1;
				DEFINES_MODULE = YES;
				DYLIB_COMPATIBILITY_VERSION = 1;
				DYLIB_CURRENT_VERSION = 1;
				DYLIB_INSTALL_NAME_BASE = "@rpath";
				INFOPLIST_FILE = Features/Info.plist;
				INSTALL_PATH = "$(LOCAL_LIBRARY_DIR)/Frameworks";
				IPHONEOS_DEPLOYMENT_TARGET = 10.0;
				LD_RUNPATH_SEARCH_PATHS = (
					"$(inherited)",
					"@executable_path/Frameworks",
				);
				PRODUCT_BUNDLE_IDENTIFIER = com.viaggiotreno.Features;
				SDKROOT = iphoneos;
				SKIP_INSTALL = YES;
				TARGETED_DEVICE_FAMILY = "1,2";
				VERSIONING_SYSTEM = "apple-generic";
			};
			name = Debug;
		};
		87F89443CE04CC33A5319C06 /* Debug */ = {
			isa = XCBuildConfiguration;
			baseConfigurationReference = 22EEF71E4287FAA8032840A3 /* Pods-ViaggioTrenoTests.debug.xcconfig */;
			buildSettings = {
				BUNDLE_LOADER = "$(TEST_HOST)";
				INFOPLIST_FILE = ViaggioTrenoTests/Info.plist;
				IPHONEOS_DEPLOYMENT_TARGET = 10.0;
				LD_RUNPATH_SEARCH_PATHS = (
					"$(inherited)",
					"@executable_path/Frameworks",
					"@loader_path/Frameworks",
				);
				PRODUCT_BUNDLE_IDENTIFIER = com.viaggiotreno.ViaggioTrenoTests;
				SDKROOT = iphoneos;
				TARGETED_DEVICE_FAMILY = "1,2";
				TEST_HOST = "$(BUILT_PRODUCTS_DIR)/ViaggioTreno.app/ViaggioTreno";
			};
			name = Debug;
		};
		967E635F03964A21686933CE /* Debug */ = {
			isa = XCBuildConfiguration;
			buildSettings = {
				ALWAYS_SEARCH_USER_PATHS = NO;
				CLANG_ANALYZER_NONNULL = YES;
				CLANG_ANALYZER_NUMBER_OBJECT_CONVERSION = YES_AGGRESSIVE;
				CLANG_CXX_LANGUAGE_STANDARD = "gnu++14";
				CLANG_CXX_LIBRARY = "libc++";
				CLANG_ENABLE_MODULES = YES;
				CLANG_ENABLE_OBJC_ARC = YES;
				CLANG_WARN_BLOCK_CAPTURE_AUTORELEASING = YES;
				CLANG_WARN_BOOL_CONVERSION = YES;
				CLANG_WARN_COMMA = YES;
				CLANG_WARN_CONSTANT_CONVERSION = YES;
				CLANG_WARN_DEPRECATED_OBJC_IMPLEMENTATIONS = YES;
				CLANG_WARN_DIRECT_OBJC_ISA_USAGE = YES_ERROR;
				CLANG_WARN_DOCUMENTATION_COMMENTS = YES;
				CLANG_WARN_EMPTY_BODY = YES;
				CLANG_WARN_ENUM_CONVERSION = YES;
				CLANG_WARN_INFINITE_RECURSION = YES;
				CLANG_WARN_INT_CONVERSION = YES;
				CLANG_WARN_NON_LITERAL_NULL_CONVERSION = YES;
				CLANG_WARN_OBJC_IMPLICIT_RETAIN_SELF = YES;
				CLANG_WARN_OBJC_LITERAL_CONVERSION = YES;
				CLANG_WARN_OBJC_ROOT_CLASS = YES_ERROR;
				CLANG_WARN_RANGE_LOOP_ANALYSIS = YES;
				CLANG_WARN_STRICT_PROTOTYPES = YES;
				CLANG_WARN_SUSPICIOUS_MOVE = YES;
				CLANG_WARN_UNGUARDED_AVAILABILITY = YES_AGGRESSIVE;
				CLANG_WARN_UNREACHABLE_CODE = YES;
				CLANG_WARN__DUPLICATE_METHOD_MATCH = YES;
				COPY_PHASE_STRIP = NO;
				DEBUG_INFORMATION_FORMAT = dwarf;
				DEVELOPMENT_TEAM = None;
				ENABLE_STRICT_OBJC_MSGSEND = YES;
				ENABLE_TESTABILITY = YES;
				GCC_C_LANGUAGE_STANDARD = gnu11;
				GCC_DYNAMIC_NO_PIC = NO;
				GCC_NO_COMMON_BLOCKS = YES;
				GCC_OPTIMIZATION_LEVEL = 0;
				GCC_PREPROCESSOR_DEFINITIONS = (
					"$(inherited)",
					"DEBUG=1",
				);
				GCC_WARN_64_TO_32_BIT_CONVERSION = YES;
				GCC_WARN_ABOUT_RETURN_TYPE = YES_ERROR;
				GCC_WARN_UNDECLARED_SELECTOR = YES;
				GCC_WARN_UNINITIALIZED_AUTOS = YES_AGGRESSIVE;
				GCC_WARN_UNUSED_FUNCTION = YES;
				GCC_WARN_UNUSED_VARIABLE = YES;
				MTL_ENABLE_DEBUG_INFO = YES;
				ONLY_ACTIVE_ARCH = YES;
				PRODUCT_NAME = "$(TARGET_NAME)";
				SDKROOT = iphoneos;
				SWIFT_ACTIVE_COMPILATION_CONDITIONS = DEBUG;
				SWIFT_OPTIMIZATION_LEVEL = "-Onone";
				SWIFT_VERSION = 5.0;
			};
			name = Debug;
		};
		B8AE6BD7A736D44AF2F27E49 /* Debug */ = {
			isa = XCBuildConfiguration;
			baseConfigurationReference = 99E9491BA6D8484D3B83ACEC /* Pods-Networking.debug.xcconfig */;
			buildSettings = {
				CODE_SIGN_IDENTITY = "";
				CURRENT_PROJECT_VERSION = 1;
				DEFINES_MODULE = YES;
				DYLIB_COMPATIBILITY_VERSION = 1;
				DYLIB_CURRENT_VERSION = 1;
				DYLIB_INSTALL_NAME_BASE = "@rpath";
				INFOPLIST_FILE = Networking/Info.plist;
				INSTALL_PATH = "$(LOCAL_LIBRARY_DIR)/Frameworks";
				IPHONEOS_DEPLOYMENT_TARGET = 10.0;
				LD_RUNPATH_SEARCH_PATHS = (
					"$(inherited)",
					"@executable_path/Frameworks",
				);
				PRODUCT_BUNDLE_IDENTIFIER = com.viaggiotreno.Networking;
				SDKROOT = iphoneos;
				SKIP_INSTALL = YES;
				TARGETED_DEVICE_FAMILY = "1,2";
				VERSIONING_SYSTEM = "apple-generic";
			};
			name = Debug;
		};
		C1A2548C8547639DDE0073E6 /* Release */ = {
			isa = XCBuildConfiguration;
			baseConfigurationReference = C36508E1C66523B666498C6F /* Pods-Networking.release.xcconfig */;
			buildSettings = {
				CODE_SIGN_IDENTITY = "";
				CURRENT_PROJECT_VERSION = 1;
				DEFINES_MODULE = YES;
				DYLIB_COMPATIBILITY_VERSION = 1;
				DYLIB_CURRENT_VERSION = 1;
				DYLIB_INSTALL_NAME_BASE = "@rpath";
				INFOPLIST_FILE = Networking/Info.plist;
				INSTALL_PATH = "$(LOCAL_LIBRARY_DIR)/Frameworks";
				IPHONEOS_DEPLOYMENT_TARGET = 10.0;
				LD_RUNPATH_SEARCH_PATHS = (
					"$(inherited)",
					"@executable_path/Frameworks",
				);
				PRODUCT_BUNDLE_IDENTIFIER = com.viaggiotreno.Networking;
				SDKROOT = iphoneos;
				SKIP_INSTALL = YES;
				TARGETED_DEVICE_FAMILY = "1,2";
				VERSIONING_SYSTEM = "apple-generic";
			};
			name = Release;
		};
		CD47B59FE29CFD76FBEC5C5B /* Debug */ = {
			isa = XCBuildConfiguration;
			baseConfigurationReference = F297E0A6DBEB9B39E9D89E61 /* Pods-ViaggioTreno.debug.xcconfig */;
			buildSettings = {
				ASSETCATALOG_COMPILER_APPICON_NAME = AppIcon;
				CODE_SIGN_IDENTITY = "iPhone Developer";
				INFOPLIST_FILE = "ViaggioTreno/Supporting Files/Info.plist";
				IPHONEOS_DEPLOYMENT_TARGET = 10.0;
				LD_RUNPATH_SEARCH_PATHS = (
					"$(inherited)",
					"@executable_path/Frameworks",
				);
				PRODUCT_BUNDLE_IDENTIFIER = com.viaggiotreno.ViaggioTreno;
				SDKROOT = iphoneos;
				TARGETED_DEVICE_FAMILY = "1,2";
			};
			name = Debug;
		};
		CDBE561AD56EB5782038B095 /* Release */ = {
			isa = XCBuildConfiguration;
			baseConfigurationReference = 354017621DDA0170FF69DCE1 /* Pods-ViaggioTreno.release.xcconfig */;
			buildSettings = {
				ASSETCATALOG_COMPILER_APPICON_NAME = AppIcon;
				CODE_SIGN_IDENTITY = "iPhone Developer";
				INFOPLIST_FILE = "ViaggioTreno/Supporting Files/Info.plist";
				IPHONEOS_DEPLOYMENT_TARGET = 10.0;
				LD_RUNPATH_SEARCH_PATHS = (
					"$(inherited)",
					"@executable_path/Frameworks",
				);
				PRODUCT_BUNDLE_IDENTIFIER = com.viaggiotreno.ViaggioTreno;
				SDKROOT = iphoneos;
				TARGETED_DEVICE_FAMILY = "1,2";
			};
			name = Release;
		};
		D0BFBC625A631AFAD5BEEB35 /* Release */ = {
			isa = XCBuildConfiguration;
			baseConfigurationReference = 77969DA5BE550C2FBD39AAD8 /* Pods-Styling.release.xcconfig */;
			buildSettings = {
				CODE_SIGN_IDENTITY = "";
				CURRENT_PROJECT_VERSION = 1;
				DEFINES_MODULE = YES;
				DYLIB_COMPATIBILITY_VERSION = 1;
				DYLIB_CURRENT_VERSION = 1;
				DYLIB_INSTALL_NAME_BASE = "@rpath";
				INFOPLIST_FILE = AppTheme/Styling/Info.plist;
				INSTALL_PATH = "$(LOCAL_LIBRARY_DIR)/Frameworks";
				IPHONEOS_DEPLOYMENT_TARGET = 10.0;
				LD_RUNPATH_SEARCH_PATHS = (
					"$(inherited)",
					"@executable_path/Frameworks",
				);
				PRODUCT_BUNDLE_IDENTIFIER = com.viaggiotreno.Styling;
				SDKROOT = iphoneos;
				SKIP_INSTALL = YES;
				TARGETED_DEVICE_FAMILY = "1,2";
				VERSIONING_SYSTEM = "apple-generic";
			};
			name = Release;
		};
		DAD9062B781C507632A51B9F /* Release */ = {
			isa = XCBuildConfiguration;
			baseConfigurationReference = 646C526774AEC51D94CE42BE /* Pods-ViaggioTrenoTests.release.xcconfig */;
			buildSettings = {
				BUNDLE_LOADER = "$(TEST_HOST)";
				INFOPLIST_FILE = ViaggioTrenoTests/Info.plist;
				IPHONEOS_DEPLOYMENT_TARGET = 10.0;
				LD_RUNPATH_SEARCH_PATHS = (
					"$(inherited)",
					"@executable_path/Frameworks",
					"@loader_path/Frameworks",
				);
				PRODUCT_BUNDLE_IDENTIFIER = com.viaggiotreno.ViaggioTrenoTests;
				SDKROOT = iphoneos;
				TARGETED_DEVICE_FAMILY = "1,2";
				TEST_HOST = "$(BUILT_PRODUCTS_DIR)/ViaggioTreno.app/ViaggioTreno";
			};
			name = Release;
		};
/* End XCBuildConfiguration section */

/* Begin XCConfigurationList section */
		125410B875737B0820B07B8F /* Build configuration list for PBXNativeTarget "Features" */ = {
			isa = XCConfigurationList;
			buildConfigurations = (
				71CAFE98A9C943E22FFDAD84 /* Debug */,
				26DC860C0B94886CC86AFB34 /* Release */,
			);
			defaultConfigurationIsVisible = 0;
			defaultConfigurationName = Debug;
		};
		29A4F016A601B756CBA054F1 /* Build configuration list for PBXNativeTarget "ViaggioTrenoTests" */ = {
			isa = XCConfigurationList;
			buildConfigurations = (
				87F89443CE04CC33A5319C06 /* Debug */,
				DAD9062B781C507632A51B9F /* Release */,
			);
			defaultConfigurationIsVisible = 0;
			defaultConfigurationName = Debug;
		};
		4FD4A3B0CA4A7EBEFF48CE2F /* Build configuration list for PBXNativeTarget "Styling" */ = {
			isa = XCConfigurationList;
			buildConfigurations = (
				49AE216C2813C762C56AE9E3 /* Debug */,
				D0BFBC625A631AFAD5BEEB35 /* Release */,
			);
			defaultConfigurationIsVisible = 0;
			defaultConfigurationName = Debug;
		};
		87ED69163BFE5FABA5968BC5 /* Build configuration list for PBXProject "ViaggioTreno" */ = {
			isa = XCConfigurationList;
			buildConfigurations = (
				967E635F03964A21686933CE /* Debug */,
				6797B7BB7F79FB8D46415FB3 /* Release */,
			);
			defaultConfigurationIsVisible = 0;
			defaultConfigurationName = Debug;
		};
		BFE105A9F18BBAC0B63B74A3 /* Build configuration list for PBXNativeTarget "ViaggioTreno" */ = {
			isa = XCConfigurationList;
			buildConfigurations = (
				CD47B59FE29CFD76FBEC5C5B /* Debug */,
				CDBE561AD56EB5782038B095 /* Release */,
			);
			defaultConfigurationIsVisible = 0;
			defaultConfigurationName = Debug;
		};
		C63D97D9C57C0467786C632B /* Build configuration list for PBXNativeTarget "Networking" */ = {
			isa = XCConfigurationList;
			buildConfigurations = (
				B8AE6BD7A736D44AF2F27E49 /* Debug */,
				C1A2548C8547639DDE0073E6 /* Release */,
			);
			defaultConfigurationIsVisible = 0;
			defaultConfigurationName = Debug;
		};
/* End XCConfigurationList section */
	};
	rootObject = 2969355FE5D7686A5B4926CA /* Project object */;
}
