PODS:
  - Caprice (0.0.5)
  - SceneBuilder (1.0.0)
  - SnapshotTesting (1.7.2)
  - SwiftGen (6.1.0)

DEPENDENCIES:
  - Caprice (= 0.0.5)
  - SceneBuilder (= 1.0.0)
  - SnapshotTesting (~> 1.7.2)
  - SwiftGen (~> 6.0)

SPEC REPOS:
  https://github.com/jrBordet/Sources.git:
    - Caprice
    - SceneBuilder
  trunk:
    - SnapshotTesting
    - SwiftGen

SPEC CHECKSUMS:
  Caprice: 6fc9fc49fcd8a510497a86b005a5aac9415f1df0
  SceneBuilder: e8beec60660be16524eb651df022f310e7a200aa
  SnapshotTesting: 8caa6661fea7c8019d5b46de77c16bab99c36c5c
  SwiftGen: f872ca75cbd17bf7103c17f13dcfa0d9a15667b0

PODFILE CHECKSUM: e2d593050bd3e9bc36ccf560a9e2e4b982cf8cfa

COCOAPODS: 1.9.3
